{
  "version": 4,
  "terraform_version": "1.2.9",
  "serial": 10,
  "lineage": "a32b522d-958f-e93d-acdd-bb5264d052b3",
  "outputs": {},
  "resources": [
    {
      "mode": "data",
      "type": "vsphere_compute_cluster",
      "name": "cluster",
      "provider": "provider[\"registry.terraform.io/hashicorp/vsphere\"]",
      "instances": [
        {
          "schema_version": 0,
          "attributes": {
            "datacenter_id": "datacenter-3",
            "id": "domain-c8",
            "name": "cluster-a",
            "resource_pool_id": "resgroup-9"
          },
          "sensitive_attributes": []
        }
      ]
    },
    {
      "mode": "data",
      "type": "vsphere_datacenter",
      "name": "dc",
      "provider": "provider[\"registry.terraform.io/hashicorp/vsphere\"]",
      "instances": [
        {
          "schema_version": 0,
          "attributes": {
            "id": "datacenter-3",
            "name": "DatacenterProjet"
          },
          "sensitive_attributes": []
        }
      ]
    },
    {
      "mode": "data",
      "type": "vsphere_datastore",
      "name": "datastore",
      "provider": "provider[\"registry.terraform.io/hashicorp/vsphere\"]",
      "instances": [
        {
          "schema_version": 0,
          "attributes": {
            "datacenter_id": "datacenter-3",
            "id": "datastore-17",
            "name": "datastorehost"
          },
          "sensitive_attributes": []
        }
      ]
    },
    {
      "mode": "data",
      "type": "vsphere_network",
      "name": "network",
      "provider": "provider[\"registry.terraform.io/hashicorp/vsphere\"]",
      "instances": [
        {
          "schema_version": 0,
          "attributes": {
            "datacenter_id": "datacenter-3",
            "distributed_virtual_switch_uuid": null,
            "id": "network-18",
            "name": "VM Network",
            "type": "Network"
          },
          "sensitive_attributes": []
        }
      ]
    },
    {
      "mode": "data",
      "type": "vsphere_virtual_machine",
      "name": "template",
      "provider": "provider[\"registry.terraform.io/hashicorp/vsphere\"]",
      "instances": [
        {
          "schema_version": 0,
          "attributes": {
            "alternate_guest_name": "",
            "annotation": "",
            "boot_delay": 0,
            "boot_retry_delay": 10000,
            "boot_retry_enabled": false,
            "change_version": "2024-07-20T17:14:35.985745Z",
            "cpu_hot_add_enabled": false,
            "cpu_hot_remove_enabled": false,
            "cpu_limit": -1,
            "cpu_performance_counters_enabled": false,
            "cpu_reservation": 0,
            "cpu_share_count": 1000,
            "cpu_share_level": "normal",
            "datacenter_id": "datacenter-3",
            "default_ip_address": null,
            "disks": [
              {
                "eagerly_scrub": false,
                "label": "Hard disk 1",
                "size": 16,
                "thin_provisioned": false,
                "unit_number": 0
              }
            ],
            "efi_secure_boot_enabled": false,
            "enable_disk_uuid": false,
            "enable_logging": true,
            "ept_rvi_mode": "",
            "extra_config": {},
            "firmware": "bios",
            "guest_id": "debian12_64Guest",
            "guest_ip_addresses": [],
            "hardware_version": 20,
            "hv_mode": "",
            "id": "423f7d97-c872-cf84-38fe-cd61d5d9e4fe",
            "ide_controller_scan_count": 2,
            "latency_sensitivity": "normal",
            "memory": 2048,
            "memory_hot_add_enabled": false,
            "memory_limit": -1,
            "memory_reservation": 0,
            "memory_share_count": 20480,
            "memory_share_level": "normal",
            "name": "debian-template",
            "nested_hv_enabled": false,
            "network_interface_types": [
              "vmxnet3"
            ],
            "network_interfaces": [
              {
                "adapter_type": "vmxnet3",
                "bandwidth_limit": -1,
                "bandwidth_reservation": 0,
                "bandwidth_share_count": 50,
                "bandwidth_share_level": "normal",
                "mac_address": "00:50:56:bf:76:b0",
                "network_id": "network-18"
              }
            ],
            "num_cores_per_socket": 1,
            "num_cpus": 1,
            "replace_trigger": null,
            "run_tools_scripts_after_power_on": true,
            "run_tools_scripts_after_resume": true,
            "run_tools_scripts_before_guest_reboot": false,
            "run_tools_scripts_before_guest_shutdown": true,
            "run_tools_scripts_before_guest_standby": true,
            "sata_controller_scan_count": 0,
            "scsi_bus_sharing": "noSharing",
            "scsi_controller_scan_count": 1,
            "scsi_type": "pvscsi",
            "storage_policy_id": null,
            "swap_placement_policy": "inherit",
            "sync_time_with_host": true,
            "sync_time_with_host_periodically": false,
            "tools_upgrade_policy": "manual",
            "uuid": "423f7d97-c872-cf84-38fe-cd61d5d9e4fe",
            "vapp": null,
            "vapp_transport": [],
            "vbs_enabled": false,
            "vvtd_enabled": false
          },
          "sensitive_attributes": []
        }
      ]
    },
    {
      "mode": "managed",
      "type": "vsphere_virtual_machine",
      "name": "vm",
      "provider": "provider[\"registry.terraform.io/hashicorp/vsphere\"]",
      "instances": [
        {
          "index_key": 0,
          "schema_version": 3,
          "attributes": {
            "alternate_guest_name": "",
            "annotation": "",
            "boot_delay": 0,
            "boot_retry_delay": 10000,
            "boot_retry_enabled": false,
            "cdrom": [],
            "change_version": "2024-07-20T22:54:42.92654Z",
            "clone": [
              {
                "customize": [
                  {
                    "dns_server_list": null,
                    "dns_suffix_list": null,
                    "ipv4_gateway": "172.28.112.1",
                    "ipv6_gateway": "",
                    "linux_options": [
                      {
                        "domain": "vsphere.local",
                        "host_name": "VM1",
                        "hw_clock_utc": true,
                        "time_zone": ""
                      }
                    ],
                    "network_interface": [
                      {
                        "dns_domain": "",
                        "dns_server_list": null,
                        "ipv4_address": "172.28.126.14",
                        "ipv4_netmask": 20,
                        "ipv6_address": "",
                        "ipv6_netmask": 0
                      }
                    ],
                    "timeout": 10,
                    "windows_options": [],
                    "windows_sysprep_text": ""
                  }
                ],
                "linked_clone": false,
                "ovf_network_map": null,
                "ovf_storage_map": null,
                "template_uuid": "423f7d97-c872-cf84-38fe-cd61d5d9e4fe",
                "timeout": 30
              }
            ],
            "cpu_hot_add_enabled": false,
            "cpu_hot_remove_enabled": false,
            "cpu_limit": -1,
            "cpu_performance_counters_enabled": false,
            "cpu_reservation": 0,
            "cpu_share_count": 2000,
            "cpu_share_level": "normal",
            "custom_attributes": null,
            "datacenter_id": null,
            "datastore_cluster_id": null,
            "datastore_id": "datastore-17",
            "default_ip_address": "172.28.126.14",
            "disk": [
              {
                "attach": false,
                "controller_type": "scsi",
                "datastore_id": "datastore-17",
                "device_address": "scsi:0:0",
                "disk_mode": "persistent",
                "disk_sharing": "sharingNone",
                "eagerly_scrub": false,
                "io_limit": -1,
                "io_reservation": 0,
                "io_share_count": 1000,
                "io_share_level": "normal",
                "keep_on_remove": false,
                "key": 2000,
                "label": "disk0",
                "path": "VM1.vsphere.local/VM1.vsphere.local.vmdk",
                "size": 20,
                "storage_policy_id": "",
                "thin_provisioned": false,
                "unit_number": 0,
                "uuid": "6000C299-6a7d-c1c6-dbc2-f3251bb70d1c",
                "write_through": false
              }
            ],
            "efi_secure_boot_enabled": false,
            "enable_disk_uuid": false,
            "enable_logging": false,
            "ept_rvi_mode": "",
            "extra_config": {
              "guestinfo.userdata": "I2Nsb3VkLWNvbmZpZwpob3N0bmFtZTogVk0xCmxvY2FsLWhvc3RuYW1lOiBWTTEKZnFkbjogVk0xLnZzcGhlcmUubG9jYWwKbWFuYWdlX2V0Y19ob3N0czogdHJ1ZQpwYWNrYWdlX3VwZ3JhZGU6IHRydWUKdXNlcnM6CiAgLSBkZWZhdWx0CiAgLSBuYW1lOiBlc2dpCiAgICBzdWRvOiBBTEw9KEFMTCkgTk9QQVNTV0Q6QUxMCiAgICBzc2hfYXV0aG9yaXplZF9rZXlzOgogICAgICAtIHNzaC1yc2EgQUFBQUIzTnphQzF5YzJFQUFBQURBUUFCQUFBQmdRRGlSR3lxczU5WGpPNk14Z080MFhrNmkvY2F0Q3k2ZmFCdlNzblBQMTRWdmJUNWhXM01MTVRpYktieXN5anVKWjV2Wk5teklKeG02Wm5LNExjamwxSmZteXh1M0kyYm03NlFnV3ExRVkyNElLa1JGb0lQZllmL0NjakJsQWNTcXVKVjNPUFBEUDZTZjZabG1HYlBGVlRHdzFxWWQ2VmhYeFBjVXRYZ2o5Vi95Nk5JaXg0NXlIMFNlbDlHMS9qTSt6OUI0QzQwdDZ3UGIxM20xcFhDWE5tNnlRcXRheE1FREFWdm9jY2g0RlNHK3lEVWtZOFRId3VtVkNWWE5hWW9wakxRUytlZ1lyQ1ZyaE1qTGVhUEIxWUFvcFNjcUFHZEdHRlBZdEdHTlJoZFozRDljcjlsZDFrUVB6enRlZEhMZDl6aG8wRU5xWTZUNHNUQWdleFBiWU5iRmJTYTdLeWs4S1pNK2JlUzBaTnBNQ2JRNDZHRjlnRnR4ay9BcjZtYUJtRjVuYW43STBhaVlUSTNsNldaYkFCN3hwUDF2eU1MUEJFcGJiS0d0b2tET1Y1bXo4amYwMTk2VmRKZkJhbGh0OTA1aVpEUUgydzJwOUpDU05VdFR5QzIzUzc1MTkrNTV2UllWRWpGMXNrTUg3T0hrN3REN0RHVGNOZ2pkTHpENFEwPSB0YWVrQERFU0tUT1AtNThHTUtGUAogICAgcGFzc3dkOiBSb290MTIzKgpzc2hfcHdhdXRoOiBUcnVlCg==",
              "guestinfo.userdata.encoding": "base64"
            },
            "firmware": "bios",
            "folder": "",
            "force_power_off": true,
            "guest_id": "debian12_64Guest",
            "guest_ip_addresses": [
              "172.28.126.14",
              "fe80::250:56ff:febf:bdd3"
            ],
            "hardware_version": 20,
            "host_system_id": "host-14",
            "hv_mode": "",
            "id": "423fc120-5d11-5d08-469c-00306a3ce7be",
            "ide_controller_count": 2,
            "ignored_guest_ips": null,
            "imported": null,
            "latency_sensitivity": "normal",
            "memory": 2048,
            "memory_hot_add_enabled": false,
            "memory_limit": -1,
            "memory_reservation": 0,
            "memory_share_count": 20480,
            "memory_share_level": "normal",
            "migrate_wait_timeout": 30,
            "moid": "vm-1009",
            "name": "VM1.vsphere.local",
            "nested_hv_enabled": false,
            "network_interface": [
              {
                "adapter_type": "vmxnet3",
                "bandwidth_limit": -1,
                "bandwidth_reservation": 0,
                "bandwidth_share_count": 50,
                "bandwidth_share_level": "normal",
                "device_address": "pci:0:7",
                "key": 4000,
                "mac_address": "00:50:56:bf:bd:d3",
                "network_id": "network-18",
                "ovf_mapping": "",
                "use_static_mac": false
              }
            ],
            "num_cores_per_socket": 1,
            "num_cpus": 2,
            "ovf_deploy": [],
            "pci_device_id": null,
            "power_state": "on",
            "poweron_timeout": 300,
            "reboot_required": false,
            "replace_trigger": null,
            "resource_pool_id": "resgroup-9",
            "run_tools_scripts_after_power_on": true,
            "run_tools_scripts_after_resume": true,
            "run_tools_scripts_before_guest_reboot": false,
            "run_tools_scripts_before_guest_shutdown": true,
            "run_tools_scripts_before_guest_standby": true,
            "sata_controller_count": 0,
            "scsi_bus_sharing": "noSharing",
            "scsi_controller_count": 1,
            "scsi_type": "pvscsi",
            "shutdown_wait_timeout": 3,
            "storage_policy_id": "",
            "swap_placement_policy": "inherit",
            "sync_time_with_host": false,
            "sync_time_with_host_periodically": false,
            "tags": null,
            "tools_upgrade_policy": "manual",
            "uuid": "423fc120-5d11-5d08-469c-00306a3ce7be",
            "vapp": [],
            "vapp_transport": [],
            "vbs_enabled": false,
            "vmware_tools_status": "guestToolsRunning",
            "vmx_path": "VM1.vsphere.local/VM1.vsphere.local.vmx",
            "vvtd_enabled": false,
            "wait_for_guest_ip_timeout": 0,
            "wait_for_guest_net_routable": true,
            "wait_for_guest_net_timeout": 5
          },
          "sensitive_attributes": [],
          "private": "eyJzY2hlbWFfdmVyc2lvbiI6IjMifQ==",
          "dependencies": [
            "data.vsphere_compute_cluster.cluster",
            "data.vsphere_datastore.datastore",
            "data.vsphere_network.network",
            "data.vsphere_virtual_machine.template"
          ]
        },
        {
          "index_key": 1,
          "schema_version": 3,
          "attributes": {
            "alternate_guest_name": "",
            "annotation": "",
            "boot_delay": 0,
            "boot_retry_delay": 10000,
            "boot_retry_enabled": false,
            "cdrom": [],
            "change_version": "2024-07-20T22:54:43.706662Z",
            "clone": [
              {
                "customize": [
                  {
                    "dns_server_list": null,
                    "dns_suffix_list": null,
                    "ipv4_gateway": "172.28.112.1",
                    "ipv6_gateway": "",
                    "linux_options": [
                      {
                        "domain": "vsphere.local",
                        "host_name": "VM2",
                        "hw_clock_utc": true,
                        "time_zone": ""
                      }
                    ],
                    "network_interface": [
                      {
                        "dns_domain": "",
                        "dns_server_list": null,
                        "ipv4_address": "172.28.126.15",
                        "ipv4_netmask": 20,
                        "ipv6_address": "",
                        "ipv6_netmask": 0
                      }
                    ],
                    "timeout": 10,
                    "windows_options": [],
                    "windows_sysprep_text": ""
                  }
                ],
                "linked_clone": false,
                "ovf_network_map": null,
                "ovf_storage_map": null,
                "template_uuid": "423f7d97-c872-cf84-38fe-cd61d5d9e4fe",
                "timeout": 30
              }
            ],
            "cpu_hot_add_enabled": false,
            "cpu_hot_remove_enabled": false,
            "cpu_limit": -1,
            "cpu_performance_counters_enabled": false,
            "cpu_reservation": 0,
            "cpu_share_count": 2000,
            "cpu_share_level": "normal",
            "custom_attributes": null,
            "datacenter_id": null,
            "datastore_cluster_id": null,
            "datastore_id": "datastore-17",
            "default_ip_address": "172.28.116.160",
            "disk": [
              {
                "attach": false,
                "controller_type": "scsi",
                "datastore_id": "datastore-17",
                "device_address": "scsi:0:0",
                "disk_mode": "persistent",
                "disk_sharing": "sharingNone",
                "eagerly_scrub": false,
                "io_limit": -1,
                "io_reservation": 0,
                "io_share_count": 1000,
                "io_share_level": "normal",
                "keep_on_remove": false,
                "key": 2000,
                "label": "disk0",
                "path": "VM2.vsphere.local/VM2.vsphere.local.vmdk",
                "size": 20,
                "storage_policy_id": "",
                "thin_provisioned": false,
                "unit_number": 0,
                "uuid": "6000C297-e53e-7e89-33d9-a4d6b49913e9",
                "write_through": false
              }
            ],
            "efi_secure_boot_enabled": false,
            "enable_disk_uuid": false,
            "enable_logging": false,
            "ept_rvi_mode": "",
            "extra_config": {
              "guestinfo.userdata": "I2Nsb3VkLWNvbmZpZwpob3N0bmFtZTogVk0yCmxvY2FsLWhvc3RuYW1lOiBWTTIKZnFkbjogVk0yLnZzcGhlcmUubG9jYWwKbWFuYWdlX2V0Y19ob3N0czogdHJ1ZQpwYWNrYWdlX3VwZ3JhZGU6IHRydWUKdXNlcnM6CiAgLSBkZWZhdWx0CiAgLSBuYW1lOiBlc2dpCiAgICBzdWRvOiBBTEw9KEFMTCkgTk9QQVNTV0Q6QUxMCiAgICBzc2hfYXV0aG9yaXplZF9rZXlzOgogICAgICAtIHNzaC1yc2EgQUFBQUIzTnphQzF5YzJFQUFBQURBUUFCQUFBQmdRRGlSR3lxczU5WGpPNk14Z080MFhrNmkvY2F0Q3k2ZmFCdlNzblBQMTRWdmJUNWhXM01MTVRpYktieXN5anVKWjV2Wk5teklKeG02Wm5LNExjamwxSmZteXh1M0kyYm03NlFnV3ExRVkyNElLa1JGb0lQZllmL0NjakJsQWNTcXVKVjNPUFBEUDZTZjZabG1HYlBGVlRHdzFxWWQ2VmhYeFBjVXRYZ2o5Vi95Nk5JaXg0NXlIMFNlbDlHMS9qTSt6OUI0QzQwdDZ3UGIxM20xcFhDWE5tNnlRcXRheE1FREFWdm9jY2g0RlNHK3lEVWtZOFRId3VtVkNWWE5hWW9wakxRUytlZ1lyQ1ZyaE1qTGVhUEIxWUFvcFNjcUFHZEdHRlBZdEdHTlJoZFozRDljcjlsZDFrUVB6enRlZEhMZDl6aG8wRU5xWTZUNHNUQWdleFBiWU5iRmJTYTdLeWs4S1pNK2JlUzBaTnBNQ2JRNDZHRjlnRnR4ay9BcjZtYUJtRjVuYW43STBhaVlUSTNsNldaYkFCN3hwUDF2eU1MUEJFcGJiS0d0b2tET1Y1bXo4amYwMTk2VmRKZkJhbGh0OTA1aVpEUUgydzJwOUpDU05VdFR5QzIzUzc1MTkrNTV2UllWRWpGMXNrTUg3T0hrN3REN0RHVGNOZ2pkTHpENFEwPSB0YWVrQERFU0tUT1AtNThHTUtGUAogICAgcGFzc3dkOiBSb290MTIzKgpzc2hfcHdhdXRoOiBUcnVlCg==",
              "guestinfo.userdata.encoding": "base64"
            },
            "firmware": "bios",
            "folder": "",
            "force_power_off": true,
            "guest_id": "debian12_64Guest",
            "guest_ip_addresses": [
              "172.28.116.160",
              "172.28.126.13",
              "fe80::250:56ff:febf:b802"
            ],
            "hardware_version": 20,
            "host_system_id": "host-14",
            "hv_mode": "",
            "id": "423f552f-a1e4-0d7b-427f-c7c36e39ace9",
            "ide_controller_count": 2,
            "ignored_guest_ips": null,
            "imported": null,
            "latency_sensitivity": "normal",
            "memory": 2048,
            "memory_hot_add_enabled": false,
            "memory_limit": -1,
            "memory_reservation": 0,
            "memory_share_count": 20480,
            "memory_share_level": "normal",
            "migrate_wait_timeout": 30,
            "moid": "vm-1006",
            "name": "VM2.vsphere.local",
            "nested_hv_enabled": false,
            "network_interface": [
              {
                "adapter_type": "vmxnet3",
                "bandwidth_limit": -1,
                "bandwidth_reservation": 0,
                "bandwidth_share_count": 50,
                "bandwidth_share_level": "normal",
                "device_address": "pci:0:7",
                "key": 4000,
                "mac_address": "00:50:56:bf:b8:02",
                "network_id": "network-18",
                "ovf_mapping": "",
                "use_static_mac": false
              }
            ],
            "num_cores_per_socket": 1,
            "num_cpus": 2,
            "ovf_deploy": [],
            "pci_device_id": null,
            "power_state": "on",
            "poweron_timeout": 300,
            "reboot_required": false,
            "replace_trigger": null,
            "resource_pool_id": "resgroup-9",
            "run_tools_scripts_after_power_on": true,
            "run_tools_scripts_after_resume": true,
            "run_tools_scripts_before_guest_reboot": false,
            "run_tools_scripts_before_guest_shutdown": true,
            "run_tools_scripts_before_guest_standby": true,
            "sata_controller_count": 0,
            "scsi_bus_sharing": "noSharing",
            "scsi_controller_count": 1,
            "scsi_type": "pvscsi",
            "shutdown_wait_timeout": 3,
            "storage_policy_id": "",
            "swap_placement_policy": "inherit",
            "sync_time_with_host": false,
            "sync_time_with_host_periodically": false,
            "tags": null,
            "tools_upgrade_policy": "manual",
            "uuid": "423f552f-a1e4-0d7b-427f-c7c36e39ace9",
            "vapp": [],
            "vapp_transport": [],
            "vbs_enabled": false,
            "vmware_tools_status": "guestToolsRunning",
            "vmx_path": "VM2.vsphere.local/VM2.vsphere.local.vmx",
            "vvtd_enabled": false,
            "wait_for_guest_ip_timeout": 0,
            "wait_for_guest_net_routable": true,
            "wait_for_guest_net_timeout": 5
          },
          "sensitive_attributes": [],
          "private": "eyJzY2hlbWFfdmVyc2lvbiI6IjMifQ==",
          "dependencies": [
            "data.vsphere_compute_cluster.cluster",
            "data.vsphere_datastore.datastore",
            "data.vsphere_network.network",
            "data.vsphere_virtual_machine.template"
          ]
        },
        {
          "index_key": 2,
          "schema_version": 3,
          "attributes": {
            "alternate_guest_name": "",
            "annotation": "",
            "boot_delay": 0,
            "boot_retry_delay": 10000,
            "boot_retry_enabled": false,
            "cdrom": [],
            "change_version": "2024-07-20T22:54:41.199803Z",
            "clone": [
              {
                "customize": [
                  {
                    "dns_server_list": null,
                    "dns_suffix_list": null,
                    "ipv4_gateway": "172.28.112.1",
                    "ipv6_gateway": "",
                    "linux_options": [
                      {
                        "domain": "vsphere.local",
                        "host_name": "VM3",
                        "hw_clock_utc": true,
                        "time_zone": ""
                      }
                    ],
                    "network_interface": [
                      {
                        "dns_domain": "",
                        "dns_server_list": null,
                        "ipv4_address": "172.28.126.16",
                        "ipv4_netmask": 20,
                        "ipv6_address": "",
                        "ipv6_netmask": 0
                      }
                    ],
                    "timeout": 10,
                    "windows_options": [],
                    "windows_sysprep_text": ""
                  }
                ],
                "linked_clone": false,
                "ovf_network_map": null,
                "ovf_storage_map": null,
                "template_uuid": "423f7d97-c872-cf84-38fe-cd61d5d9e4fe",
                "timeout": 30
              }
            ],
            "cpu_hot_add_enabled": false,
            "cpu_hot_remove_enabled": false,
            "cpu_limit": -1,
            "cpu_performance_counters_enabled": false,
            "cpu_reservation": 0,
            "cpu_share_count": 2000,
            "cpu_share_level": "normal",
            "custom_attributes": null,
            "datacenter_id": null,
            "datastore_cluster_id": null,
            "datastore_id": "datastore-17",
            "default_ip_address": "172.28.117.46",
            "disk": [
              {
                "attach": false,
                "controller_type": "scsi",
                "datastore_id": "datastore-17",
                "device_address": "scsi:0:0",
                "disk_mode": "persistent",
                "disk_sharing": "sharingNone",
                "eagerly_scrub": false,
                "io_limit": -1,
                "io_reservation": 0,
                "io_share_count": 1000,
                "io_share_level": "normal",
                "keep_on_remove": false,
                "key": 2000,
                "label": "disk0",
                "path": "VM3.vsphere.local/VM3.vsphere.local.vmdk",
                "size": 20,
                "storage_policy_id": "",
                "thin_provisioned": false,
                "unit_number": 0,
                "uuid": "6000C29e-a0e5-f357-cf13-892009d1abbb",
                "write_through": false
              }
            ],
            "efi_secure_boot_enabled": false,
            "enable_disk_uuid": false,
            "enable_logging": false,
            "ept_rvi_mode": "",
            "extra_config": {
              "guestinfo.userdata": "I2Nsb3VkLWNvbmZpZwpob3N0bmFtZTogVk0zCmxvY2FsLWhvc3RuYW1lOiBWTTMKZnFkbjogVk0zLnZzcGhlcmUubG9jYWwKbWFuYWdlX2V0Y19ob3N0czogdHJ1ZQpwYWNrYWdlX3VwZ3JhZGU6IHRydWUKdXNlcnM6CiAgLSBkZWZhdWx0CiAgLSBuYW1lOiBlc2dpCiAgICBzdWRvOiBBTEw9KEFMTCkgTk9QQVNTV0Q6QUxMCiAgICBzc2hfYXV0aG9yaXplZF9rZXlzOgogICAgICAtIHNzaC1yc2EgQUFBQUIzTnphQzF5YzJFQUFBQURBUUFCQUFBQmdRRGlSR3lxczU5WGpPNk14Z080MFhrNmkvY2F0Q3k2ZmFCdlNzblBQMTRWdmJUNWhXM01MTVRpYktieXN5anVKWjV2Wk5teklKeG02Wm5LNExjamwxSmZteXh1M0kyYm03NlFnV3ExRVkyNElLa1JGb0lQZllmL0NjakJsQWNTcXVKVjNPUFBEUDZTZjZabG1HYlBGVlRHdzFxWWQ2VmhYeFBjVXRYZ2o5Vi95Nk5JaXg0NXlIMFNlbDlHMS9qTSt6OUI0QzQwdDZ3UGIxM20xcFhDWE5tNnlRcXRheE1FREFWdm9jY2g0RlNHK3lEVWtZOFRId3VtVkNWWE5hWW9wakxRUytlZ1lyQ1ZyaE1qTGVhUEIxWUFvcFNjcUFHZEdHRlBZdEdHTlJoZFozRDljcjlsZDFrUVB6enRlZEhMZDl6aG8wRU5xWTZUNHNUQWdleFBiWU5iRmJTYTdLeWs4S1pNK2JlUzBaTnBNQ2JRNDZHRjlnRnR4ay9BcjZtYUJtRjVuYW43STBhaVlUSTNsNldaYkFCN3hwUDF2eU1MUEJFcGJiS0d0b2tET1Y1bXo4amYwMTk2VmRKZkJhbGh0OTA1aVpEUUgydzJwOUpDU05VdFR5QzIzUzc1MTkrNTV2UllWRWpGMXNrTUg3T0hrN3REN0RHVGNOZ2pkTHpENFEwPSB0YWVrQERFU0tUT1AtNThHTUtGUAogICAgcGFzc3dkOiBSb290MTIzKgpzc2hfcHdhdXRoOiBUcnVlCg==",
              "guestinfo.userdata.encoding": "base64"
            },
            "firmware": "bios",
            "folder": "",
            "force_power_off": true,
            "guest_id": "debian12_64Guest",
            "guest_ip_addresses": [
              "172.28.117.46",
              "172.28.126.13",
              "fe80::250:56ff:febf:244b"
            ],
            "hardware_version": 20,
            "host_system_id": "host-14",
            "hv_mode": "",
            "id": "423fe6ad-f109-2eac-69c5-d5eecca477f1",
            "ide_controller_count": 2,
            "ignored_guest_ips": null,
            "imported": null,
            "latency_sensitivity": "normal",
            "memory": 2048,
            "memory_hot_add_enabled": false,
            "memory_limit": -1,
            "memory_reservation": 0,
            "memory_share_count": 20480,
            "memory_share_level": "normal",
            "migrate_wait_timeout": 30,
            "moid": "vm-1012",
            "name": "VM3.vsphere.local",
            "nested_hv_enabled": false,
            "network_interface": [
              {
                "adapter_type": "vmxnet3",
                "bandwidth_limit": -1,
                "bandwidth_reservation": 0,
                "bandwidth_share_count": 50,
                "bandwidth_share_level": "normal",
                "device_address": "pci:0:7",
                "key": 4000,
                "mac_address": "00:50:56:bf:24:4b",
                "network_id": "network-18",
                "ovf_mapping": "",
                "use_static_mac": false
              }
            ],
            "num_cores_per_socket": 1,
            "num_cpus": 2,
            "ovf_deploy": [],
            "pci_device_id": null,
            "power_state": "on",
            "poweron_timeout": 300,
            "reboot_required": false,
            "replace_trigger": null,
            "resource_pool_id": "resgroup-9",
            "run_tools_scripts_after_power_on": true,
            "run_tools_scripts_after_resume": true,
            "run_tools_scripts_before_guest_reboot": false,
            "run_tools_scripts_before_guest_shutdown": true,
            "run_tools_scripts_before_guest_standby": true,
            "sata_controller_count": 0,
            "scsi_bus_sharing": "noSharing",
            "scsi_controller_count": 1,
            "scsi_type": "pvscsi",
            "shutdown_wait_timeout": 3,
            "storage_policy_id": "",
            "swap_placement_policy": "inherit",
            "sync_time_with_host": false,
            "sync_time_with_host_periodically": false,
            "tags": null,
            "tools_upgrade_policy": "manual",
            "uuid": "423fe6ad-f109-2eac-69c5-d5eecca477f1",
            "vapp": [],
            "vapp_transport": [],
            "vbs_enabled": false,
            "vmware_tools_status": "guestToolsRunning",
            "vmx_path": "VM3.vsphere.local/VM3.vsphere.local.vmx",
            "vvtd_enabled": false,
            "wait_for_guest_ip_timeout": 0,
            "wait_for_guest_net_routable": true,
            "wait_for_guest_net_timeout": 5
          },
          "sensitive_attributes": [],
          "private": "eyJzY2hlbWFfdmVyc2lvbiI6IjMifQ==",
          "dependencies": [
            "data.vsphere_compute_cluster.cluster",
            "data.vsphere_datastore.datastore",
            "data.vsphere_network.network",
            "data.vsphere_virtual_machine.template"
          ]
        },
        {
          "index_key": 3,
          "schema_version": 3,
          "attributes": {
            "alternate_guest_name": "",
            "annotation": "",
            "boot_delay": 0,
            "boot_retry_delay": 10000,
            "boot_retry_enabled": false,
            "cdrom": [],
            "change_version": "2024-07-20T22:54:30.403648Z",
            "clone": [
              {
                "customize": [
                  {
                    "dns_server_list": null,
                    "dns_suffix_list": null,
                    "ipv4_gateway": "172.28.112.1",
                    "ipv6_gateway": "",
                    "linux_options": [
                      {
                        "domain": "vsphere.local",
                        "host_name": "VM4",
                        "hw_clock_utc": true,
                        "time_zone": ""
                      }
                    ],
                    "network_interface": [
                      {
                        "dns_domain": "",
                        "dns_server_list": null,
                        "ipv4_address": "172.28.126.17",
                        "ipv4_netmask": 20,
                        "ipv6_address": "",
                        "ipv6_netmask": 0
                      }
                    ],
                    "timeout": 10,
                    "windows_options": [],
                    "windows_sysprep_text": ""
                  }
                ],
                "linked_clone": false,
                "ovf_network_map": null,
                "ovf_storage_map": null,
                "template_uuid": "423f7d97-c872-cf84-38fe-cd61d5d9e4fe",
                "timeout": 30
              }
            ],
            "cpu_hot_add_enabled": false,
            "cpu_hot_remove_enabled": false,
            "cpu_limit": -1,
            "cpu_performance_counters_enabled": false,
            "cpu_reservation": 0,
            "cpu_share_count": 2000,
            "cpu_share_level": "normal",
            "custom_attributes": null,
            "datacenter_id": null,
            "datastore_cluster_id": null,
            "datastore_id": "datastore-17",
            "default_ip_address": "172.28.126.17",
            "disk": [
              {
                "attach": false,
                "controller_type": "scsi",
                "datastore_id": "datastore-17",
                "device_address": "scsi:0:0",
                "disk_mode": "persistent",
                "disk_sharing": "sharingNone",
                "eagerly_scrub": false,
                "io_limit": -1,
                "io_reservation": 0,
                "io_share_count": 1000,
                "io_share_level": "normal",
                "keep_on_remove": false,
                "key": 2000,
                "label": "disk0",
                "path": "VM4.vsphere.local/VM4.vsphere.local.vmdk",
                "size": 20,
                "storage_policy_id": "",
                "thin_provisioned": false,
                "unit_number": 0,
                "uuid": "6000C293-0202-92d3-b3c9-369756098c1b",
                "write_through": false
              }
            ],
            "efi_secure_boot_enabled": false,
            "enable_disk_uuid": false,
            "enable_logging": false,
            "ept_rvi_mode": "",
            "extra_config": {
              "guestinfo.userdata": "I2Nsb3VkLWNvbmZpZwpob3N0bmFtZTogVk00CmxvY2FsLWhvc3RuYW1lOiBWTTQKZnFkbjogVk00LnZzcGhlcmUubG9jYWwKbWFuYWdlX2V0Y19ob3N0czogdHJ1ZQpwYWNrYWdlX3VwZ3JhZGU6IHRydWUKdXNlcnM6CiAgLSBkZWZhdWx0CiAgLSBuYW1lOiBlc2dpCiAgICBzdWRvOiBBTEw9KEFMTCkgTk9QQVNTV0Q6QUxMCiAgICBzc2hfYXV0aG9yaXplZF9rZXlzOgogICAgICAtIHNzaC1yc2EgQUFBQUIzTnphQzF5YzJFQUFBQURBUUFCQUFBQmdRRGlSR3lxczU5WGpPNk14Z080MFhrNmkvY2F0Q3k2ZmFCdlNzblBQMTRWdmJUNWhXM01MTVRpYktieXN5anVKWjV2Wk5teklKeG02Wm5LNExjamwxSmZteXh1M0kyYm03NlFnV3ExRVkyNElLa1JGb0lQZllmL0NjakJsQWNTcXVKVjNPUFBEUDZTZjZabG1HYlBGVlRHdzFxWWQ2VmhYeFBjVXRYZ2o5Vi95Nk5JaXg0NXlIMFNlbDlHMS9qTSt6OUI0QzQwdDZ3UGIxM20xcFhDWE5tNnlRcXRheE1FREFWdm9jY2g0RlNHK3lEVWtZOFRId3VtVkNWWE5hWW9wakxRUytlZ1lyQ1ZyaE1qTGVhUEIxWUFvcFNjcUFHZEdHRlBZdEdHTlJoZFozRDljcjlsZDFrUVB6enRlZEhMZDl6aG8wRU5xWTZUNHNUQWdleFBiWU5iRmJTYTdLeWs4S1pNK2JlUzBaTnBNQ2JRNDZHRjlnRnR4ay9BcjZtYUJtRjVuYW43STBhaVlUSTNsNldaYkFCN3hwUDF2eU1MUEJFcGJiS0d0b2tET1Y1bXo4amYwMTk2VmRKZkJhbGh0OTA1aVpEUUgydzJwOUpDU05VdFR5QzIzUzc1MTkrNTV2UllWRWpGMXNrTUg3T0hrN3REN0RHVGNOZ2pkTHpENFEwPSB0YWVrQERFU0tUT1AtNThHTUtGUAogICAgcGFzc3dkOiBSb290MTIzKgpzc2hfcHdhdXRoOiBUcnVlCg==",
              "guestinfo.userdata.encoding": "base64"
            },
            "firmware": "bios",
            "folder": "",
            "force_power_off": true,
            "guest_id": "debian12_64Guest",
            "guest_ip_addresses": [
              "172.28.126.17",
              "fe80::250:56ff:febf:44fc"
            ],
            "hardware_version": 20,
            "host_system_id": "host-14",
            "hv_mode": "",
            "id": "423fe77e-f15d-c4c7-b067-73e159d254da",
            "ide_controller_count": 2,
            "ignored_guest_ips": null,
            "imported": null,
            "latency_sensitivity": "normal",
            "memory": 2048,
            "memory_hot_add_enabled": false,
            "memory_limit": -1,
            "memory_reservation": 0,
            "memory_share_count": 20480,
            "memory_share_level": "normal",
            "migrate_wait_timeout": 30,
            "moid": "vm-1004",
            "name": "VM4.vsphere.local",
            "nested_hv_enabled": false,
            "network_interface": [
              {
                "adapter_type": "vmxnet3",
                "bandwidth_limit": -1,
                "bandwidth_reservation": 0,
                "bandwidth_share_count": 50,
                "bandwidth_share_level": "normal",
                "device_address": "pci:0:7",
                "key": 4000,
                "mac_address": "00:50:56:bf:44:fc",
                "network_id": "network-18",
                "ovf_mapping": "",
                "use_static_mac": false
              }
            ],
            "num_cores_per_socket": 1,
            "num_cpus": 2,
            "ovf_deploy": [],
            "pci_device_id": null,
            "power_state": "on",
            "poweron_timeout": 300,
            "reboot_required": false,
            "replace_trigger": null,
            "resource_pool_id": "resgroup-9",
            "run_tools_scripts_after_power_on": true,
            "run_tools_scripts_after_resume": true,
            "run_tools_scripts_before_guest_reboot": false,
            "run_tools_scripts_before_guest_shutdown": true,
            "run_tools_scripts_before_guest_standby": true,
            "sata_controller_count": 0,
            "scsi_bus_sharing": "noSharing",
            "scsi_controller_count": 1,
            "scsi_type": "pvscsi",
            "shutdown_wait_timeout": 3,
            "storage_policy_id": "",
            "swap_placement_policy": "inherit",
            "sync_time_with_host": false,
            "sync_time_with_host_periodically": false,
            "tags": null,
            "tools_upgrade_policy": "manual",
            "uuid": "423fe77e-f15d-c4c7-b067-73e159d254da",
            "vapp": [],
            "vapp_transport": [],
            "vbs_enabled": false,
            "vmware_tools_status": "guestToolsRunning",
            "vmx_path": "VM4.vsphere.local/VM4.vsphere.local.vmx",
            "vvtd_enabled": false,
            "wait_for_guest_ip_timeout": 0,
            "wait_for_guest_net_routable": true,
            "wait_for_guest_net_timeout": 5
          },
          "sensitive_attributes": [],
          "private": "eyJzY2hlbWFfdmVyc2lvbiI6IjMifQ==",
          "dependencies": [
            "data.vsphere_compute_cluster.cluster",
            "data.vsphere_datastore.datastore",
            "data.vsphere_network.network",
            "data.vsphere_virtual_machine.template"
          ]
        },
        {
          "index_key": 4,
          "schema_version": 3,
          "attributes": {
            "alternate_guest_name": "",
            "annotation": "",
            "boot_delay": 0,
            "boot_retry_delay": 10000,
            "boot_retry_enabled": false,
            "cdrom": [],
            "change_version": "2024-07-20T22:54:18.084012Z",
            "clone": [
              {
                "customize": [
                  {
                    "dns_server_list": null,
                    "dns_suffix_list": null,
                    "ipv4_gateway": "172.28.112.1",
                    "ipv6_gateway": "",
                    "linux_options": [
                      {
                        "domain": "vsphere.local",
                        "host_name": "VM5",
                        "hw_clock_utc": true,
                        "time_zone": ""
                      }
                    ],
                    "network_interface": [
                      {
                        "dns_domain": "",
                        "dns_server_list": null,
                        "ipv4_address": "172.28.126.18",
                        "ipv4_netmask": 20,
                        "ipv6_address": "",
                        "ipv6_netmask": 0
                      }
                    ],
                    "timeout": 10,
                    "windows_options": [],
                    "windows_sysprep_text": ""
                  }
                ],
                "linked_clone": false,
                "ovf_network_map": null,
                "ovf_storage_map": null,
                "template_uuid": "423f7d97-c872-cf84-38fe-cd61d5d9e4fe",
                "timeout": 30
              }
            ],
            "cpu_hot_add_enabled": false,
            "cpu_hot_remove_enabled": false,
            "cpu_limit": -1,
            "cpu_performance_counters_enabled": false,
            "cpu_reservation": 0,
            "cpu_share_count": 2000,
            "cpu_share_level": "normal",
            "custom_attributes": null,
            "datacenter_id": null,
            "datastore_cluster_id": null,
            "datastore_id": "datastore-17",
            "default_ip_address": "172.28.126.18",
            "disk": [
              {
                "attach": false,
                "controller_type": "scsi",
                "datastore_id": "datastore-17",
                "device_address": "scsi:0:0",
                "disk_mode": "persistent",
                "disk_sharing": "sharingNone",
                "eagerly_scrub": false,
                "io_limit": -1,
                "io_reservation": 0,
                "io_share_count": 1000,
                "io_share_level": "normal",
                "keep_on_remove": false,
                "key": 2000,
                "label": "disk0",
                "path": "VM5.vsphere.local/VM5.vsphere.local.vmdk",
                "size": 20,
                "storage_policy_id": "",
                "thin_provisioned": false,
                "unit_number": 0,
                "uuid": "6000C29d-de33-47b2-e6ac-f54520827212",
                "write_through": false
              }
            ],
            "efi_secure_boot_enabled": false,
            "enable_disk_uuid": false,
            "enable_logging": false,
            "ept_rvi_mode": "",
            "extra_config": {
              "guestinfo.userdata": "I2Nsb3VkLWNvbmZpZwpob3N0bmFtZTogVk01CmxvY2FsLWhvc3RuYW1lOiBWTTUKZnFkbjogVk01LnZzcGhlcmUubG9jYWwKbWFuYWdlX2V0Y19ob3N0czogdHJ1ZQpwYWNrYWdlX3VwZ3JhZGU6IHRydWUKdXNlcnM6CiAgLSBkZWZhdWx0CiAgLSBuYW1lOiBlc2dpCiAgICBzdWRvOiBBTEw9KEFMTCkgTk9QQVNTV0Q6QUxMCiAgICBzc2hfYXV0aG9yaXplZF9rZXlzOgogICAgICAtIHNzaC1yc2EgQUFBQUIzTnphQzF5YzJFQUFBQURBUUFCQUFBQmdRRGlSR3lxczU5WGpPNk14Z080MFhrNmkvY2F0Q3k2ZmFCdlNzblBQMTRWdmJUNWhXM01MTVRpYktieXN5anVKWjV2Wk5teklKeG02Wm5LNExjamwxSmZteXh1M0kyYm03NlFnV3ExRVkyNElLa1JGb0lQZllmL0NjakJsQWNTcXVKVjNPUFBEUDZTZjZabG1HYlBGVlRHdzFxWWQ2VmhYeFBjVXRYZ2o5Vi95Nk5JaXg0NXlIMFNlbDlHMS9qTSt6OUI0QzQwdDZ3UGIxM20xcFhDWE5tNnlRcXRheE1FREFWdm9jY2g0RlNHK3lEVWtZOFRId3VtVkNWWE5hWW9wakxRUytlZ1lyQ1ZyaE1qTGVhUEIxWUFvcFNjcUFHZEdHRlBZdEdHTlJoZFozRDljcjlsZDFrUVB6enRlZEhMZDl6aG8wRU5xWTZUNHNUQWdleFBiWU5iRmJTYTdLeWs4S1pNK2JlUzBaTnBNQ2JRNDZHRjlnRnR4ay9BcjZtYUJtRjVuYW43STBhaVlUSTNsNldaYkFCN3hwUDF2eU1MUEJFcGJiS0d0b2tET1Y1bXo4amYwMTk2VmRKZkJhbGh0OTA1aVpEUUgydzJwOUpDU05VdFR5QzIzUzc1MTkrNTV2UllWRWpGMXNrTUg3T0hrN3REN0RHVGNOZ2pkTHpENFEwPSB0YWVrQERFU0tUT1AtNThHTUtGUAogICAgcGFzc3dkOiBSb290MTIzKgpzc2hfcHdhdXRoOiBUcnVlCg==",
              "guestinfo.userdata.encoding": "base64"
            },
            "firmware": "bios",
            "folder": "",
            "force_power_off": true,
            "guest_id": "debian12_64Guest",
            "guest_ip_addresses": [
              "172.28.126.18",
              "fe80::250:56ff:febf:e75"
            ],
            "hardware_version": 20,
            "host_system_id": "host-14",
            "hv_mode": "",
            "id": "423fae85-1605-7e7b-2784-5fd8ad8b7a48",
            "ide_controller_count": 2,
            "ignored_guest_ips": null,
            "imported": null,
            "latency_sensitivity": "normal",
            "memory": 2048,
            "memory_hot_add_enabled": false,
            "memory_limit": -1,
            "memory_reservation": 0,
            "memory_share_count": 20480,
            "memory_share_level": "normal",
            "migrate_wait_timeout": 30,
            "moid": "vm-1010",
            "name": "VM5.vsphere.local",
            "nested_hv_enabled": false,
            "network_interface": [
              {
                "adapter_type": "vmxnet3",
                "bandwidth_limit": -1,
                "bandwidth_reservation": 0,
                "bandwidth_share_count": 50,
                "bandwidth_share_level": "normal",
                "device_address": "pci:0:7",
                "key": 4000,
                "mac_address": "00:50:56:bf:0e:75",
                "network_id": "network-18",
                "ovf_mapping": "",
                "use_static_mac": false
              }
            ],
            "num_cores_per_socket": 1,
            "num_cpus": 2,
            "ovf_deploy": [],
            "pci_device_id": null,
            "power_state": "on",
            "poweron_timeout": 300,
            "reboot_required": false,
            "replace_trigger": null,
            "resource_pool_id": "resgroup-9",
            "run_tools_scripts_after_power_on": true,
            "run_tools_scripts_after_resume": true,
            "run_tools_scripts_before_guest_reboot": false,
            "run_tools_scripts_before_guest_shutdown": true,
            "run_tools_scripts_before_guest_standby": true,
            "sata_controller_count": 0,
            "scsi_bus_sharing": "noSharing",
            "scsi_controller_count": 1,
            "scsi_type": "pvscsi",
            "shutdown_wait_timeout": 3,
            "storage_policy_id": "",
            "swap_placement_policy": "inherit",
            "sync_time_with_host": false,
            "sync_time_with_host_periodically": false,
            "tags": null,
            "tools_upgrade_policy": "manual",
            "uuid": "423fae85-1605-7e7b-2784-5fd8ad8b7a48",
            "vapp": [],
            "vapp_transport": [],
            "vbs_enabled": false,
            "vmware_tools_status": "guestToolsRunning",
            "vmx_path": "VM5.vsphere.local/VM5.vsphere.local.vmx",
            "vvtd_enabled": false,
            "wait_for_guest_ip_timeout": 0,
            "wait_for_guest_net_routable": true,
            "wait_for_guest_net_timeout": 5
          },
          "sensitive_attributes": [],
          "private": "eyJzY2hlbWFfdmVyc2lvbiI6IjMifQ==",
          "dependencies": [
            "data.vsphere_compute_cluster.cluster",
            "data.vsphere_datastore.datastore",
            "data.vsphere_network.network",
            "data.vsphere_virtual_machine.template"
          ]
        },
        {
          "index_key": 5,
          "schema_version": 3,
          "attributes": {
            "alternate_guest_name": "",
            "annotation": "",
            "boot_delay": 0,
            "boot_retry_delay": 10000,
            "boot_retry_enabled": false,
            "cdrom": [],
            "change_version": "2024-07-20T22:54:49.566793Z",
            "clone": [
              {
                "customize": [
                  {
                    "dns_server_list": null,
                    "dns_suffix_list": null,
                    "ipv4_gateway": "172.28.112.1",
                    "ipv6_gateway": "",
                    "linux_options": [
                      {
                        "domain": "vsphere.local",
                        "host_name": "VM6",
                        "hw_clock_utc": true,
                        "time_zone": ""
                      }
                    ],
                    "network_interface": [
                      {
                        "dns_domain": "",
                        "dns_server_list": null,
                        "ipv4_address": "172.28.126.19",
                        "ipv4_netmask": 20,
                        "ipv6_address": "",
                        "ipv6_netmask": 0
                      }
                    ],
                    "timeout": 10,
                    "windows_options": [],
                    "windows_sysprep_text": ""
                  }
                ],
                "linked_clone": false,
                "ovf_network_map": null,
                "ovf_storage_map": null,
                "template_uuid": "423f7d97-c872-cf84-38fe-cd61d5d9e4fe",
                "timeout": 30
              }
            ],
            "cpu_hot_add_enabled": false,
            "cpu_hot_remove_enabled": false,
            "cpu_limit": -1,
            "cpu_performance_counters_enabled": false,
            "cpu_reservation": 0,
            "cpu_share_count": 2000,
            "cpu_share_level": "normal",
            "custom_attributes": null,
            "datacenter_id": null,
            "datastore_cluster_id": null,
            "datastore_id": "datastore-17",
            "default_ip_address": "172.28.126.19",
            "disk": [
              {
                "attach": false,
                "controller_type": "scsi",
                "datastore_id": "datastore-17",
                "device_address": "scsi:0:0",
                "disk_mode": "persistent",
                "disk_sharing": "sharingNone",
                "eagerly_scrub": false,
                "io_limit": -1,
                "io_reservation": 0,
                "io_share_count": 1000,
                "io_share_level": "normal",
                "keep_on_remove": false,
                "key": 2000,
                "label": "disk0",
                "path": "VM6.vsphere.local/VM6.vsphere.local.vmdk",
                "size": 20,
                "storage_policy_id": "",
                "thin_provisioned": false,
                "unit_number": 0,
                "uuid": "6000C298-eb5b-3899-e589-e3bf66584597",
                "write_through": false
              }
            ],
            "efi_secure_boot_enabled": false,
            "enable_disk_uuid": false,
            "enable_logging": false,
            "ept_rvi_mode": "",
            "extra_config": {
              "guestinfo.userdata": "I2Nsb3VkLWNvbmZpZwpob3N0bmFtZTogVk02CmxvY2FsLWhvc3RuYW1lOiBWTTYKZnFkbjogVk02LnZzcGhlcmUubG9jYWwKbWFuYWdlX2V0Y19ob3N0czogdHJ1ZQpwYWNrYWdlX3VwZ3JhZGU6IHRydWUKdXNlcnM6CiAgLSBkZWZhdWx0CiAgLSBuYW1lOiBlc2dpCiAgICBzdWRvOiBBTEw9KEFMTCkgTk9QQVNTV0Q6QUxMCiAgICBzc2hfYXV0aG9yaXplZF9rZXlzOgogICAgICAtIHNzaC1yc2EgQUFBQUIzTnphQzF5YzJFQUFBQURBUUFCQUFBQmdRRGlSR3lxczU5WGpPNk14Z080MFhrNmkvY2F0Q3k2ZmFCdlNzblBQMTRWdmJUNWhXM01MTVRpYktieXN5anVKWjV2Wk5teklKeG02Wm5LNExjamwxSmZteXh1M0kyYm03NlFnV3ExRVkyNElLa1JGb0lQZllmL0NjakJsQWNTcXVKVjNPUFBEUDZTZjZabG1HYlBGVlRHdzFxWWQ2VmhYeFBjVXRYZ2o5Vi95Nk5JaXg0NXlIMFNlbDlHMS9qTSt6OUI0QzQwdDZ3UGIxM20xcFhDWE5tNnlRcXRheE1FREFWdm9jY2g0RlNHK3lEVWtZOFRId3VtVkNWWE5hWW9wakxRUytlZ1lyQ1ZyaE1qTGVhUEIxWUFvcFNjcUFHZEdHRlBZdEdHTlJoZFozRDljcjlsZDFrUVB6enRlZEhMZDl6aG8wRU5xWTZUNHNUQWdleFBiWU5iRmJTYTdLeWs4S1pNK2JlUzBaTnBNQ2JRNDZHRjlnRnR4ay9BcjZtYUJtRjVuYW43STBhaVlUSTNsNldaYkFCN3hwUDF2eU1MUEJFcGJiS0d0b2tET1Y1bXo4amYwMTk2VmRKZkJhbGh0OTA1aVpEUUgydzJwOUpDU05VdFR5QzIzUzc1MTkrNTV2UllWRWpGMXNrTUg3T0hrN3REN0RHVGNOZ2pkTHpENFEwPSB0YWVrQERFU0tUT1AtNThHTUtGUAogICAgcGFzc3dkOiBSb290MTIzKgpzc2hfcHdhdXRoOiBUcnVlCg==",
              "guestinfo.userdata.encoding": "base64"
            },
            "firmware": "bios",
            "folder": "",
            "force_power_off": true,
            "guest_id": "debian12_64Guest",
            "guest_ip_addresses": [
              "172.28.126.19",
              "fe80::250:56ff:febf:9041"
            ],
            "hardware_version": 20,
            "host_system_id": "host-14",
            "hv_mode": "",
            "id": "423f69fc-e457-4d18-0c84-746835563900",
            "ide_controller_count": 2,
            "ignored_guest_ips": null,
            "imported": null,
            "latency_sensitivity": "normal",
            "memory": 2048,
            "memory_hot_add_enabled": false,
            "memory_limit": -1,
            "memory_reservation": 0,
            "memory_share_count": 20480,
            "memory_share_level": "normal",
            "migrate_wait_timeout": 30,
            "moid": "vm-1008",
            "name": "VM6.vsphere.local",
            "nested_hv_enabled": false,
            "network_interface": [
              {
                "adapter_type": "vmxnet3",
                "bandwidth_limit": -1,
                "bandwidth_reservation": 0,
                "bandwidth_share_count": 50,
                "bandwidth_share_level": "normal",
                "device_address": "pci:0:7",
                "key": 4000,
                "mac_address": "00:50:56:bf:90:41",
                "network_id": "network-18",
                "ovf_mapping": "",
                "use_static_mac": false
              }
            ],
            "num_cores_per_socket": 1,
            "num_cpus": 2,
            "ovf_deploy": [],
            "pci_device_id": null,
            "power_state": "on",
            "poweron_timeout": 300,
            "reboot_required": false,
            "replace_trigger": null,
            "resource_pool_id": "resgroup-9",
            "run_tools_scripts_after_power_on": true,
            "run_tools_scripts_after_resume": true,
            "run_tools_scripts_before_guest_reboot": false,
            "run_tools_scripts_before_guest_shutdown": true,
            "run_tools_scripts_before_guest_standby": true,
            "sata_controller_count": 0,
            "scsi_bus_sharing": "noSharing",
            "scsi_controller_count": 1,
            "scsi_type": "pvscsi",
            "shutdown_wait_timeout": 3,
            "storage_policy_id": "",
            "swap_placement_policy": "inherit",
            "sync_time_with_host": false,
            "sync_time_with_host_periodically": false,
            "tags": null,
            "tools_upgrade_policy": "manual",
            "uuid": "423f69fc-e457-4d18-0c84-746835563900",
            "vapp": [],
            "vapp_transport": [],
            "vbs_enabled": false,
            "vmware_tools_status": "guestToolsRunning",
            "vmx_path": "VM6.vsphere.local/VM6.vsphere.local.vmx",
            "vvtd_enabled": false,
            "wait_for_guest_ip_timeout": 0,
            "wait_for_guest_net_routable": true,
            "wait_for_guest_net_timeout": 5
          },
          "sensitive_attributes": [],
          "private": "eyJzY2hlbWFfdmVyc2lvbiI6IjMifQ==",
          "dependencies": [
            "data.vsphere_compute_cluster.cluster",
            "data.vsphere_datastore.datastore",
            "data.vsphere_network.network",
            "data.vsphere_virtual_machine.template"
          ]
        },
        {
          "index_key": 6,
          "schema_version": 3,
          "attributes": {
            "alternate_guest_name": "",
            "annotation": "",
            "boot_delay": 0,
            "boot_retry_delay": 10000,
            "boot_retry_enabled": false,
            "cdrom": [],
            "change_version": "2024-07-20T22:54:41.88601Z",
            "clone": [
              {
                "customize": [
                  {
                    "dns_server_list": null,
                    "dns_suffix_list": null,
                    "ipv4_gateway": "172.28.112.1",
                    "ipv6_gateway": "",
                    "linux_options": [
                      {
                        "domain": "vsphere.local",
                        "host_name": "VM7",
                        "hw_clock_utc": true,
                        "time_zone": ""
                      }
                    ],
                    "network_interface": [
                      {
                        "dns_domain": "",
                        "dns_server_list": null,
                        "ipv4_address": "172.28.126.20",
                        "ipv4_netmask": 20,
                        "ipv6_address": "",
                        "ipv6_netmask": 0
                      }
                    ],
                    "timeout": 10,
                    "windows_options": [],
                    "windows_sysprep_text": ""
                  }
                ],
                "linked_clone": false,
                "ovf_network_map": null,
                "ovf_storage_map": null,
                "template_uuid": "423f7d97-c872-cf84-38fe-cd61d5d9e4fe",
                "timeout": 30
              }
            ],
            "cpu_hot_add_enabled": false,
            "cpu_hot_remove_enabled": false,
            "cpu_limit": -1,
            "cpu_performance_counters_enabled": false,
            "cpu_reservation": 0,
            "cpu_share_count": 2000,
            "cpu_share_level": "normal",
            "custom_attributes": null,
            "datacenter_id": null,
            "datastore_cluster_id": null,
            "datastore_id": "datastore-17",
            "default_ip_address": "172.28.126.20",
            "disk": [
              {
                "attach": false,
                "controller_type": "scsi",
                "datastore_id": "datastore-17",
                "device_address": "scsi:0:0",
                "disk_mode": "persistent",
                "disk_sharing": "sharingNone",
                "eagerly_scrub": false,
                "io_limit": -1,
                "io_reservation": 0,
                "io_share_count": 1000,
                "io_share_level": "normal",
                "keep_on_remove": false,
                "key": 2000,
                "label": "disk0",
                "path": "VM7.vsphere.local/VM7.vsphere.local.vmdk",
                "size": 20,
                "storage_policy_id": "",
                "thin_provisioned": false,
                "unit_number": 0,
                "uuid": "6000C296-0d28-4200-f32d-2cc707b5d7e6",
                "write_through": false
              }
            ],
            "efi_secure_boot_enabled": false,
            "enable_disk_uuid": false,
            "enable_logging": false,
            "ept_rvi_mode": "",
            "extra_config": {
              "guestinfo.userdata": "I2Nsb3VkLWNvbmZpZwpob3N0bmFtZTogVk03CmxvY2FsLWhvc3RuYW1lOiBWTTcKZnFkbjogVk03LnZzcGhlcmUubG9jYWwKbWFuYWdlX2V0Y19ob3N0czogdHJ1ZQpwYWNrYWdlX3VwZ3JhZGU6IHRydWUKdXNlcnM6CiAgLSBkZWZhdWx0CiAgLSBuYW1lOiBlc2dpCiAgICBzdWRvOiBBTEw9KEFMTCkgTk9QQVNTV0Q6QUxMCiAgICBzc2hfYXV0aG9yaXplZF9rZXlzOgogICAgICAtIHNzaC1yc2EgQUFBQUIzTnphQzF5YzJFQUFBQURBUUFCQUFBQmdRRGlSR3lxczU5WGpPNk14Z080MFhrNmkvY2F0Q3k2ZmFCdlNzblBQMTRWdmJUNWhXM01MTVRpYktieXN5anVKWjV2Wk5teklKeG02Wm5LNExjamwxSmZteXh1M0kyYm03NlFnV3ExRVkyNElLa1JGb0lQZllmL0NjakJsQWNTcXVKVjNPUFBEUDZTZjZabG1HYlBGVlRHdzFxWWQ2VmhYeFBjVXRYZ2o5Vi95Nk5JaXg0NXlIMFNlbDlHMS9qTSt6OUI0QzQwdDZ3UGIxM20xcFhDWE5tNnlRcXRheE1FREFWdm9jY2g0RlNHK3lEVWtZOFRId3VtVkNWWE5hWW9wakxRUytlZ1lyQ1ZyaE1qTGVhUEIxWUFvcFNjcUFHZEdHRlBZdEdHTlJoZFozRDljcjlsZDFrUVB6enRlZEhMZDl6aG8wRU5xWTZUNHNUQWdleFBiWU5iRmJTYTdLeWs4S1pNK2JlUzBaTnBNQ2JRNDZHRjlnRnR4ay9BcjZtYUJtRjVuYW43STBhaVlUSTNsNldaYkFCN3hwUDF2eU1MUEJFcGJiS0d0b2tET1Y1bXo4amYwMTk2VmRKZkJhbGh0OTA1aVpEUUgydzJwOUpDU05VdFR5QzIzUzc1MTkrNTV2UllWRWpGMXNrTUg3T0hrN3REN0RHVGNOZ2pkTHpENFEwPSB0YWVrQERFU0tUT1AtNThHTUtGUAogICAgcGFzc3dkOiBSb290MTIzKgpzc2hfcHdhdXRoOiBUcnVlCg==",
              "guestinfo.userdata.encoding": "base64"
            },
            "firmware": "bios",
            "folder": "",
            "force_power_off": true,
            "guest_id": "debian12_64Guest",
            "guest_ip_addresses": [
              "172.28.126.20",
              "fe80::250:56ff:febf:ca8d"
            ],
            "hardware_version": 20,
            "host_system_id": "host-14",
            "hv_mode": "",
            "id": "423f2194-8f07-493b-a296-26f39eaa3e36",
            "ide_controller_count": 2,
            "ignored_guest_ips": null,
            "imported": null,
            "latency_sensitivity": "normal",
            "memory": 2048,
            "memory_hot_add_enabled": false,
            "memory_limit": -1,
            "memory_reservation": 0,
            "memory_share_count": 20480,
            "memory_share_level": "normal",
            "migrate_wait_timeout": 30,
            "moid": "vm-1007",
            "name": "VM7.vsphere.local",
            "nested_hv_enabled": false,
            "network_interface": [
              {
                "adapter_type": "vmxnet3",
                "bandwidth_limit": -1,
                "bandwidth_reservation": 0,
                "bandwidth_share_count": 50,
                "bandwidth_share_level": "normal",
                "device_address": "pci:0:7",
                "key": 4000,
                "mac_address": "00:50:56:bf:ca:8d",
                "network_id": "network-18",
                "ovf_mapping": "",
                "use_static_mac": false
              }
            ],
            "num_cores_per_socket": 1,
            "num_cpus": 2,
            "ovf_deploy": [],
            "pci_device_id": null,
            "power_state": "on",
            "poweron_timeout": 300,
            "reboot_required": false,
            "replace_trigger": null,
            "resource_pool_id": "resgroup-9",
            "run_tools_scripts_after_power_on": true,
            "run_tools_scripts_after_resume": true,
            "run_tools_scripts_before_guest_reboot": false,
            "run_tools_scripts_before_guest_shutdown": true,
            "run_tools_scripts_before_guest_standby": true,
            "sata_controller_count": 0,
            "scsi_bus_sharing": "noSharing",
            "scsi_controller_count": 1,
            "scsi_type": "pvscsi",
            "shutdown_wait_timeout": 3,
            "storage_policy_id": "",
            "swap_placement_policy": "inherit",
            "sync_time_with_host": false,
            "sync_time_with_host_periodically": false,
            "tags": null,
            "tools_upgrade_policy": "manual",
            "uuid": "423f2194-8f07-493b-a296-26f39eaa3e36",
            "vapp": [],
            "vapp_transport": [],
            "vbs_enabled": false,
            "vmware_tools_status": "guestToolsRunning",
            "vmx_path": "VM7.vsphere.local/VM7.vsphere.local.vmx",
            "vvtd_enabled": false,
            "wait_for_guest_ip_timeout": 0,
            "wait_for_guest_net_routable": true,
            "wait_for_guest_net_timeout": 5
          },
          "sensitive_attributes": [],
          "private": "eyJzY2hlbWFfdmVyc2lvbiI6IjMifQ==",
          "dependencies": [
            "data.vsphere_compute_cluster.cluster",
            "data.vsphere_datastore.datastore",
            "data.vsphere_network.network",
            "data.vsphere_virtual_machine.template"
          ]
        },
        {
          "index_key": 7,
          "schema_version": 3,
          "attributes": {
            "alternate_guest_name": "",
            "annotation": "",
            "boot_delay": 0,
            "boot_retry_delay": 10000,
            "boot_retry_enabled": false,
            "cdrom": [],
            "change_version": "2024-07-20T22:54:41.173491Z",
            "clone": [
              {
                "customize": [
                  {
                    "dns_server_list": null,
                    "dns_suffix_list": null,
                    "ipv4_gateway": "172.28.112.1",
                    "ipv6_gateway": "",
                    "linux_options": [
                      {
                        "domain": "vsphere.local",
                        "host_name": "VM8",
                        "hw_clock_utc": true,
                        "time_zone": ""
                      }
                    ],
                    "network_interface": [
                      {
                        "dns_domain": "",
                        "dns_server_list": null,
                        "ipv4_address": "172.28.126.21",
                        "ipv4_netmask": 20,
                        "ipv6_address": "",
                        "ipv6_netmask": 0
                      }
                    ],
                    "timeout": 10,
                    "windows_options": [],
                    "windows_sysprep_text": ""
                  }
                ],
                "linked_clone": false,
                "ovf_network_map": null,
                "ovf_storage_map": null,
                "template_uuid": "423f7d97-c872-cf84-38fe-cd61d5d9e4fe",
                "timeout": 30
              }
            ],
            "cpu_hot_add_enabled": false,
            "cpu_hot_remove_enabled": false,
            "cpu_limit": -1,
            "cpu_performance_counters_enabled": false,
            "cpu_reservation": 0,
            "cpu_share_count": 2000,
            "cpu_share_level": "normal",
            "custom_attributes": null,
            "datacenter_id": null,
            "datastore_cluster_id": null,
            "datastore_id": "datastore-17",
            "default_ip_address": "172.28.126.164",
            "disk": [
              {
                "attach": false,
                "controller_type": "scsi",
                "datastore_id": "datastore-17",
                "device_address": "scsi:0:0",
                "disk_mode": "persistent",
                "disk_sharing": "sharingNone",
                "eagerly_scrub": false,
                "io_limit": -1,
                "io_reservation": 0,
                "io_share_count": 1000,
                "io_share_level": "normal",
                "keep_on_remove": false,
                "key": 2000,
                "label": "disk0",
                "path": "VM8.vsphere.local/VM8.vsphere.local.vmdk",
                "size": 20,
                "storage_policy_id": "",
                "thin_provisioned": false,
                "unit_number": 0,
                "uuid": "6000C29f-dcce-a9d9-0a9a-87a54b031900",
                "write_through": false
              }
            ],
            "efi_secure_boot_enabled": false,
            "enable_disk_uuid": false,
            "enable_logging": false,
            "ept_rvi_mode": "",
            "extra_config": {
              "guestinfo.userdata": "I2Nsb3VkLWNvbmZpZwpob3N0bmFtZTogVk04CmxvY2FsLWhvc3RuYW1lOiBWTTgKZnFkbjogVk04LnZzcGhlcmUubG9jYWwKbWFuYWdlX2V0Y19ob3N0czogdHJ1ZQpwYWNrYWdlX3VwZ3JhZGU6IHRydWUKdXNlcnM6CiAgLSBkZWZhdWx0CiAgLSBuYW1lOiBlc2dpCiAgICBzdWRvOiBBTEw9KEFMTCkgTk9QQVNTV0Q6QUxMCiAgICBzc2hfYXV0aG9yaXplZF9rZXlzOgogICAgICAtIHNzaC1yc2EgQUFBQUIzTnphQzF5YzJFQUFBQURBUUFCQUFBQmdRRGlSR3lxczU5WGpPNk14Z080MFhrNmkvY2F0Q3k2ZmFCdlNzblBQMTRWdmJUNWhXM01MTVRpYktieXN5anVKWjV2Wk5teklKeG02Wm5LNExjamwxSmZteXh1M0kyYm03NlFnV3ExRVkyNElLa1JGb0lQZllmL0NjakJsQWNTcXVKVjNPUFBEUDZTZjZabG1HYlBGVlRHdzFxWWQ2VmhYeFBjVXRYZ2o5Vi95Nk5JaXg0NXlIMFNlbDlHMS9qTSt6OUI0QzQwdDZ3UGIxM20xcFhDWE5tNnlRcXRheE1FREFWdm9jY2g0RlNHK3lEVWtZOFRId3VtVkNWWE5hWW9wakxRUytlZ1lyQ1ZyaE1qTGVhUEIxWUFvcFNjcUFHZEdHRlBZdEdHTlJoZFozRDljcjlsZDFrUVB6enRlZEhMZDl6aG8wRU5xWTZUNHNUQWdleFBiWU5iRmJTYTdLeWs4S1pNK2JlUzBaTnBNQ2JRNDZHRjlnRnR4ay9BcjZtYUJtRjVuYW43STBhaVlUSTNsNldaYkFCN3hwUDF2eU1MUEJFcGJiS0d0b2tET1Y1bXo4amYwMTk2VmRKZkJhbGh0OTA1aVpEUUgydzJwOUpDU05VdFR5QzIzUzc1MTkrNTV2UllWRWpGMXNrTUg3T0hrN3REN0RHVGNOZ2pkTHpENFEwPSB0YWVrQERFU0tUT1AtNThHTUtGUAogICAgcGFzc3dkOiBSb290MTIzKgpzc2hfcHdhdXRoOiBUcnVlCg==",
              "guestinfo.userdata.encoding": "base64"
            },
            "firmware": "bios",
            "folder": "",
            "force_power_off": true,
            "guest_id": "debian12_64Guest",
            "guest_ip_addresses": [
              "172.28.126.164",
              "172.28.126.13",
              "fe80::250:56ff:febf:67a0"
            ],
            "hardware_version": 20,
            "host_system_id": "host-14",
            "hv_mode": "",
            "id": "423fc7f3-c280-6147-e420-58e9ef161f8d",
            "ide_controller_count": 2,
            "ignored_guest_ips": null,
            "imported": null,
            "latency_sensitivity": "normal",
            "memory": 2048,
            "memory_hot_add_enabled": false,
            "memory_limit": -1,
            "memory_reservation": 0,
            "memory_share_count": 20480,
            "memory_share_level": "normal",
            "migrate_wait_timeout": 30,
            "moid": "vm-1005",
            "name": "VM8.vsphere.local",
            "nested_hv_enabled": false,
            "network_interface": [
              {
                "adapter_type": "vmxnet3",
                "bandwidth_limit": -1,
                "bandwidth_reservation": 0,
                "bandwidth_share_count": 50,
                "bandwidth_share_level": "normal",
                "device_address": "pci:0:7",
                "key": 4000,
                "mac_address": "00:50:56:bf:67:a0",
                "network_id": "network-18",
                "ovf_mapping": "",
                "use_static_mac": false
              }
            ],
            "num_cores_per_socket": 1,
            "num_cpus": 2,
            "ovf_deploy": [],
            "pci_device_id": null,
            "power_state": "on",
            "poweron_timeout": 300,
            "reboot_required": false,
            "replace_trigger": null,
            "resource_pool_id": "resgroup-9",
            "run_tools_scripts_after_power_on": true,
            "run_tools_scripts_after_resume": true,
            "run_tools_scripts_before_guest_reboot": false,
            "run_tools_scripts_before_guest_shutdown": true,
            "run_tools_scripts_before_guest_standby": true,
            "sata_controller_count": 0,
            "scsi_bus_sharing": "noSharing",
            "scsi_controller_count": 1,
            "scsi_type": "pvscsi",
            "shutdown_wait_timeout": 3,
            "storage_policy_id": "",
            "swap_placement_policy": "inherit",
            "sync_time_with_host": false,
            "sync_time_with_host_periodically": false,
            "tags": null,
            "tools_upgrade_policy": "manual",
            "uuid": "423fc7f3-c280-6147-e420-58e9ef161f8d",
            "vapp": [],
            "vapp_transport": [],
            "vbs_enabled": false,
            "vmware_tools_status": "guestToolsRunning",
            "vmx_path": "VM8.vsphere.local/VM8.vsphere.local.vmx",
            "vvtd_enabled": false,
            "wait_for_guest_ip_timeout": 0,
            "wait_for_guest_net_routable": true,
            "wait_for_guest_net_timeout": 5
          },
          "sensitive_attributes": [],
          "private": "eyJzY2hlbWFfdmVyc2lvbiI6IjMifQ==",
          "dependencies": [
            "data.vsphere_compute_cluster.cluster",
            "data.vsphere_datastore.datastore",
            "data.vsphere_network.network",
            "data.vsphere_virtual_machine.template"
          ]
        },
        {
          "index_key": 8,
          "schema_version": 3,
          "attributes": {
            "alternate_guest_name": "",
            "annotation": "",
            "boot_delay": 0,
            "boot_retry_delay": 10000,
            "boot_retry_enabled": false,
            "cdrom": [],
            "change_version": "2024-07-20T22:54:45.416785Z",
            "clone": [
              {
                "customize": [
                  {
                    "dns_server_list": null,
                    "dns_suffix_list": null,
                    "ipv4_gateway": "172.28.112.1",
                    "ipv6_gateway": "",
                    "linux_options": [
                      {
                        "domain": "vsphere.local",
                        "host_name": "VM9",
                        "hw_clock_utc": true,
                        "time_zone": ""
                      }
                    ],
                    "network_interface": [
                      {
                        "dns_domain": "",
                        "dns_server_list": null,
                        "ipv4_address": "172.28.126.22",
                        "ipv4_netmask": 20,
                        "ipv6_address": "",
                        "ipv6_netmask": 0
                      }
                    ],
                    "timeout": 10,
                    "windows_options": [],
                    "windows_sysprep_text": ""
                  }
                ],
                "linked_clone": false,
                "ovf_network_map": null,
                "ovf_storage_map": null,
                "template_uuid": "423f7d97-c872-cf84-38fe-cd61d5d9e4fe",
                "timeout": 30
              }
            ],
            "cpu_hot_add_enabled": false,
            "cpu_hot_remove_enabled": false,
            "cpu_limit": -1,
            "cpu_performance_counters_enabled": false,
            "cpu_reservation": 0,
            "cpu_share_count": 2000,
            "cpu_share_level": "normal",
            "custom_attributes": null,
            "datacenter_id": null,
            "datastore_cluster_id": null,
            "datastore_id": "datastore-17",
            "default_ip_address": "172.28.126.22",
            "disk": [
              {
                "attach": false,
                "controller_type": "scsi",
                "datastore_id": "datastore-17",
                "device_address": "scsi:0:0",
                "disk_mode": "persistent",
                "disk_sharing": "sharingNone",
                "eagerly_scrub": false,
                "io_limit": -1,
                "io_reservation": 0,
                "io_share_count": 1000,
                "io_share_level": "normal",
                "keep_on_remove": false,
                "key": 2000,
                "label": "disk0",
                "path": "VM9.vsphere.local/VM9.vsphere.local.vmdk",
                "size": 20,
                "storage_policy_id": "",
                "thin_provisioned": false,
                "unit_number": 0,
                "uuid": "6000C297-882e-fa3c-9e7c-33e263522ee6",
                "write_through": false
              }
            ],
            "efi_secure_boot_enabled": false,
            "enable_disk_uuid": false,
            "enable_logging": false,
            "ept_rvi_mode": "",
            "extra_config": {
              "guestinfo.userdata": "I2Nsb3VkLWNvbmZpZwpob3N0bmFtZTogVk05CmxvY2FsLWhvc3RuYW1lOiBWTTkKZnFkbjogVk05LnZzcGhlcmUubG9jYWwKbWFuYWdlX2V0Y19ob3N0czogdHJ1ZQpwYWNrYWdlX3VwZ3JhZGU6IHRydWUKdXNlcnM6CiAgLSBkZWZhdWx0CiAgLSBuYW1lOiBlc2dpCiAgICBzdWRvOiBBTEw9KEFMTCkgTk9QQVNTV0Q6QUxMCiAgICBzc2hfYXV0aG9yaXplZF9rZXlzOgogICAgICAtIHNzaC1yc2EgQUFBQUIzTnphQzF5YzJFQUFBQURBUUFCQUFBQmdRRGlSR3lxczU5WGpPNk14Z080MFhrNmkvY2F0Q3k2ZmFCdlNzblBQMTRWdmJUNWhXM01MTVRpYktieXN5anVKWjV2Wk5teklKeG02Wm5LNExjamwxSmZteXh1M0kyYm03NlFnV3ExRVkyNElLa1JGb0lQZllmL0NjakJsQWNTcXVKVjNPUFBEUDZTZjZabG1HYlBGVlRHdzFxWWQ2VmhYeFBjVXRYZ2o5Vi95Nk5JaXg0NXlIMFNlbDlHMS9qTSt6OUI0QzQwdDZ3UGIxM20xcFhDWE5tNnlRcXRheE1FREFWdm9jY2g0RlNHK3lEVWtZOFRId3VtVkNWWE5hWW9wakxRUytlZ1lyQ1ZyaE1qTGVhUEIxWUFvcFNjcUFHZEdHRlBZdEdHTlJoZFozRDljcjlsZDFrUVB6enRlZEhMZDl6aG8wRU5xWTZUNHNUQWdleFBiWU5iRmJTYTdLeWs4S1pNK2JlUzBaTnBNQ2JRNDZHRjlnRnR4ay9BcjZtYUJtRjVuYW43STBhaVlUSTNsNldaYkFCN3hwUDF2eU1MUEJFcGJiS0d0b2tET1Y1bXo4amYwMTk2VmRKZkJhbGh0OTA1aVpEUUgydzJwOUpDU05VdFR5QzIzUzc1MTkrNTV2UllWRWpGMXNrTUg3T0hrN3REN0RHVGNOZ2pkTHpENFEwPSB0YWVrQERFU0tUT1AtNThHTUtGUAogICAgcGFzc3dkOiBSb290MTIzKgpzc2hfcHdhdXRoOiBUcnVlCg==",
              "guestinfo.userdata.encoding": "base64"
            },
            "firmware": "bios",
            "folder": "",
            "force_power_off": true,
            "guest_id": "debian12_64Guest",
            "guest_ip_addresses": [
              "172.28.126.22",
              "fe80::250:56ff:febf:34dd"
            ],
            "hardware_version": 20,
            "host_system_id": "host-14",
            "hv_mode": "",
            "id": "423fee8e-8263-04b2-c1a8-a55c5fbfb5a1",
            "ide_controller_count": 2,
            "ignored_guest_ips": null,
            "imported": null,
            "latency_sensitivity": "normal",
            "memory": 2048,
            "memory_hot_add_enabled": false,
            "memory_limit": -1,
            "memory_reservation": 0,
            "memory_share_count": 20480,
            "memory_share_level": "normal",
            "migrate_wait_timeout": 30,
            "moid": "vm-1011",
            "name": "VM9.vsphere.local",
            "nested_hv_enabled": false,
            "network_interface": [
              {
                "adapter_type": "vmxnet3",
                "bandwidth_limit": -1,
                "bandwidth_reservation": 0,
                "bandwidth_share_count": 50,
                "bandwidth_share_level": "normal",
                "device_address": "pci:0:7",
                "key": 4000,
                "mac_address": "00:50:56:bf:34:dd",
                "network_id": "network-18",
                "ovf_mapping": "",
                "use_static_mac": false
              }
            ],
            "num_cores_per_socket": 1,
            "num_cpus": 2,
            "ovf_deploy": [],
            "pci_device_id": null,
            "power_state": "on",
            "poweron_timeout": 300,
            "reboot_required": false,
            "replace_trigger": null,
            "resource_pool_id": "resgroup-9",
            "run_tools_scripts_after_power_on": true,
            "run_tools_scripts_after_resume": true,
            "run_tools_scripts_before_guest_reboot": false,
            "run_tools_scripts_before_guest_shutdown": true,
            "run_tools_scripts_before_guest_standby": true,
            "sata_controller_count": 0,
            "scsi_bus_sharing": "noSharing",
            "scsi_controller_count": 1,
            "scsi_type": "pvscsi",
            "shutdown_wait_timeout": 3,
            "storage_policy_id": "",
            "swap_placement_policy": "inherit",
            "sync_time_with_host": false,
            "sync_time_with_host_periodically": false,
            "tags": null,
            "tools_upgrade_policy": "manual",
            "uuid": "423fee8e-8263-04b2-c1a8-a55c5fbfb5a1",
            "vapp": [],
            "vapp_transport": [],
            "vbs_enabled": false,
            "vmware_tools_status": "guestToolsRunning",
            "vmx_path": "VM9.vsphere.local/VM9.vsphere.local.vmx",
            "vvtd_enabled": false,
            "wait_for_guest_ip_timeout": 0,
            "wait_for_guest_net_routable": true,
            "wait_for_guest_net_timeout": 5
          },
          "sensitive_attributes": [],
          "private": "eyJzY2hlbWFfdmVyc2lvbiI6IjMifQ==",
          "dependencies": [
            "data.vsphere_compute_cluster.cluster",
            "data.vsphere_datastore.datastore",
            "data.vsphere_network.network",
            "data.vsphere_virtual_machine.template"
          ]
        }
      ]
    }
  ]
}
