{
  "version": 4,
  "terraform_version": "1.2.9",
  "serial": 10,
  "lineage": "e996fdb9-0b73-cf9d-9db6-b7d5c841dcb4",
  "outputs": {},
  "resources": [
    {
      "mode": "data",
      "type": "vsphere_compute_cluster",
      "name": "cluster",
      "provider": "provider[\"registry.terraform.io/hashicorp/vsphere\"]",
      "instances": [
        {
          "schema_version": 0,
          "attributes": {
            "datacenter_id": "datacenter-3",
            "id": "domain-c8",
            "name": "cluster-a",
            "resource_pool_id": "resgroup-9"
          },
          "sensitive_attributes": []
        }
      ]
    },
    {
      "mode": "data",
      "type": "vsphere_datacenter",
      "name": "dc",
      "provider": "provider[\"registry.terraform.io/hashicorp/vsphere\"]",
      "instances": [
        {
          "schema_version": 0,
          "attributes": {
            "id": "datacenter-3",
            "name": "DatacenterProjet"
          },
          "sensitive_attributes": []
        }
      ]
    },
    {
      "mode": "data",
      "type": "vsphere_datastore",
      "name": "datastore",
      "provider": "provider[\"registry.terraform.io/hashicorp/vsphere\"]",
      "instances": [
        {
          "schema_version": 0,
          "attributes": {
            "datacenter_id": "datacenter-3",
            "id": "datastore-17",
            "name": "datastorehost"
          },
          "sensitive_attributes": []
        }
      ]
    },
    {
      "mode": "data",
      "type": "vsphere_network",
      "name": "network",
      "provider": "provider[\"registry.terraform.io/hashicorp/vsphere\"]",
      "instances": [
        {
          "schema_version": 0,
          "attributes": {
            "datacenter_id": "datacenter-3",
            "distributed_virtual_switch_uuid": null,
            "id": "network-18",
            "name": "VM Network",
            "type": "Network"
          },
          "sensitive_attributes": []
        }
      ]
    },
    {
      "mode": "data",
      "type": "vsphere_virtual_machine",
      "name": "template",
      "provider": "provider[\"registry.terraform.io/hashicorp/vsphere\"]",
      "instances": [
        {
          "schema_version": 0,
          "attributes": {
            "alternate_guest_name": "",
            "annotation": "",
            "boot_delay": 0,
            "boot_retry_delay": 10000,
            "boot_retry_enabled": false,
            "change_version": "2024-07-21T02:51:34.567204Z",
            "cpu_hot_add_enabled": false,
            "cpu_hot_remove_enabled": false,
            "cpu_limit": -1,
            "cpu_performance_counters_enabled": false,
            "cpu_reservation": 0,
            "cpu_share_count": 1000,
            "cpu_share_level": "normal",
            "datacenter_id": "datacenter-3",
            "default_ip_address": null,
            "disks": [
              {
                "eagerly_scrub": false,
                "label": "Hard disk 1",
                "size": 16,
                "thin_provisioned": false,
                "unit_number": 0
              }
            ],
            "efi_secure_boot_enabled": false,
            "enable_disk_uuid": false,
            "enable_logging": true,
            "ept_rvi_mode": "",
            "extra_config": {},
            "firmware": "bios",
            "guest_id": "debian12_64Guest",
            "guest_ip_addresses": [],
            "hardware_version": 20,
            "hv_mode": "",
            "id": "423f7d97-c872-cf84-38fe-cd61d5d9e4fe",
            "ide_controller_scan_count": 2,
            "latency_sensitivity": "normal",
            "memory": 2048,
            "memory_hot_add_enabled": false,
            "memory_limit": -1,
            "memory_reservation": 0,
            "memory_share_count": 20480,
            "memory_share_level": "normal",
            "name": "debian-template",
            "nested_hv_enabled": false,
            "network_interface_types": [
              "vmxnet3"
            ],
            "network_interfaces": [
              {
                "adapter_type": "vmxnet3",
                "bandwidth_limit": -1,
                "bandwidth_reservation": 0,
                "bandwidth_share_count": 50,
                "bandwidth_share_level": "normal",
                "mac_address": "00:50:56:bf:76:b0",
                "network_id": "network-18"
              }
            ],
            "num_cores_per_socket": 1,
            "num_cpus": 1,
            "replace_trigger": null,
            "run_tools_scripts_after_power_on": true,
            "run_tools_scripts_after_resume": true,
            "run_tools_scripts_before_guest_reboot": false,
            "run_tools_scripts_before_guest_shutdown": true,
            "run_tools_scripts_before_guest_standby": true,
            "sata_controller_scan_count": 0,
            "scsi_bus_sharing": "noSharing",
            "scsi_controller_scan_count": 1,
            "scsi_type": "pvscsi",
            "storage_policy_id": null,
            "swap_placement_policy": "inherit",
            "sync_time_with_host": true,
            "sync_time_with_host_periodically": false,
            "tools_upgrade_policy": "manual",
            "uuid": "423f7d97-c872-cf84-38fe-cd61d5d9e4fe",
            "vapp": null,
            "vapp_transport": [],
            "vbs_enabled": false,
            "vvtd_enabled": false
          },
          "sensitive_attributes": []
        }
      ]
    },
    {
      "mode": "managed",
      "type": "vsphere_virtual_machine",
      "name": "vm",
      "provider": "provider[\"registry.terraform.io/hashicorp/vsphere\"]",
      "instances": [
        {
          "index_key": 0,
          "schema_version": 3,
          "attributes": {
            "alternate_guest_name": "",
            "annotation": "",
            "boot_delay": 0,
            "boot_retry_delay": 10000,
            "boot_retry_enabled": false,
            "cdrom": [],
            "change_version": "2024-07-21T03:03:32.975297Z",
            "clone": [
              {
                "customize": [
                  {
                    "dns_server_list": null,
                    "dns_suffix_list": null,
                    "ipv4_gateway": "172.28.112.1",
                    "ipv6_gateway": "",
                    "linux_options": [
                      {
                        "domain": "vsphere.local",
                        "host_name": "VM1",
                        "hw_clock_utc": true,
                        "time_zone": ""
                      }
                    ],
                    "network_interface": [
                      {
                        "dns_domain": "",
                        "dns_server_list": null,
                        "ipv4_address": "172.28.126.14",
                        "ipv4_netmask": 20,
                        "ipv6_address": "",
                        "ipv6_netmask": 0
                      }
                    ],
                    "timeout": 10,
                    "windows_options": [],
                    "windows_sysprep_text": ""
                  }
                ],
                "linked_clone": false,
                "ovf_network_map": null,
                "ovf_storage_map": null,
                "template_uuid": "423f7d97-c872-cf84-38fe-cd61d5d9e4fe",
                "timeout": 30
              }
            ],
            "cpu_hot_add_enabled": false,
            "cpu_hot_remove_enabled": false,
            "cpu_limit": -1,
            "cpu_performance_counters_enabled": false,
            "cpu_reservation": 0,
            "cpu_share_count": 2000,
            "cpu_share_level": "normal",
            "custom_attributes": null,
            "datacenter_id": null,
            "datastore_cluster_id": null,
            "datastore_id": "datastore-17",
            "default_ip_address": "172.28.122.107",
            "disk": [
              {
                "attach": false,
                "controller_type": "scsi",
                "datastore_id": "datastore-17",
                "device_address": "scsi:0:0",
                "disk_mode": "persistent",
                "disk_sharing": "sharingNone",
                "eagerly_scrub": false,
                "io_limit": -1,
                "io_reservation": 0,
                "io_share_count": 1000,
                "io_share_level": "normal",
                "keep_on_remove": false,
                "key": 2000,
                "label": "disk0",
                "path": "VM1/VM1.vmdk",
                "size": 20,
                "storage_policy_id": "",
                "thin_provisioned": false,
                "unit_number": 0,
                "uuid": "6000C29c-4f3a-737c-056c-c072925dd38b",
                "write_through": false
              }
            ],
            "efi_secure_boot_enabled": false,
            "enable_disk_uuid": false,
            "enable_logging": false,
            "ept_rvi_mode": "",
            "extra_config": {
              "guestinfo.userdata": "I2Nsb3VkLWNvbmZpZwpob3N0bmFtZTogVk0xCmxvY2FsLWhvc3RuYW1lOiBWTTEKZnFkbjogVk0xLnZzcGhlcmUubG9jYWwKbWFuYWdlX2V0Y19ob3N0czogdHJ1ZQpwYWNrYWdlX3VwZ3JhZGU6IHRydWUKdXNlcnM6CiAgLSBkZWZhdWx0CiAgLSBuYW1lOiBlc2dpCiAgICBzdWRvOiBBTEw9KEFMTCkgTk9QQVNTV0Q6QUxMCiAgICBzc2hfYXV0aG9yaXplZF9rZXlzOgogICAgICAtIHNzaC1yc2EgQUFBQUIzTnphQzF5YzJFQUFBQURBUUFCQUFBQmdRRGlSR3lxczU5WGpPNk14Z080MFhrNmkvY2F0Q3k2ZmFCdlNzblBQMTRWdmJUNWhXM01MTVRpYktieXN5anVKWjV2Wk5teklKeG02Wm5LNExjamwxSmZteXh1M0kyYm03NlFnV3ExRVkyNElLa1JGb0lQZllmL0NjakJsQWNTcXVKVjNPUFBEUDZTZjZabG1HYlBGVlRHdzFxWWQ2VmhYeFBjVXRYZ2o5Vi95Nk5JaXg0NXlIMFNlbDlHMS9qTSt6OUI0QzQwdDZ3UGIxM20xcFhDWE5tNnlRcXRheE1FREFWdm9jY2g0RlNHK3lEVWtZOFRId3VtVkNWWE5hWW9wakxRUytlZ1lyQ1ZyaE1qTGVhUEIxWUFvcFNjcUFHZEdHRlBZdEdHTlJoZFozRDljcjlsZDFrUVB6enRlZEhMZDl6aG8wRU5xWTZUNHNUQWdleFBiWU5iRmJTYTdLeWs4S1pNK2JlUzBaTnBNQ2JRNDZHRjlnRnR4ay9BcjZtYUJtRjVuYW43STBhaVlUSTNsNldaYkFCN3hwUDF2eU1MUEJFcGJiS0d0b2tET1Y1bXo4amYwMTk2VmRKZkJhbGh0OTA1aVpEUUgydzJwOUpDU05VdFR5QzIzUzc1MTkrNTV2UllWRWpGMXNrTUg3T0hrN3REN0RHVGNOZ2pkTHpENFEwPSB0YWVrQERFU0tUT1AtNThHTUtGUAogICAgICAtIHNzaC1yc2EgQUFBQUIzTnphQzF5YzJFQUFBQURBUUFCQUFBQmdRQ3RqZWNkRTlHU1Jrd1c2M1NQT3ZZaW91dU84alZQY3ZGSDdlQ3ZxNDJsS2JaTk9ZUGw2ZVJoa3ZkWXhNNWZzd3h0VVg5STA3TkJLUU9KOFU1WXNES0t0OXBFTU9NZmRqRzhRNDNUNnVXRGxyTDBScEg5WFh0aUNpSU0vSzhiRHg2RTY3akJOekVZcVBOVGUzMTJPdjY0dHdHaXFicHJZYTZ6a0lESXpldnBjYzNUZ0dnNlU1ZDlLM1pKRzF4c1pCcjBHZFFLbkh0NjlZYkN1cjVyeGE2dmZ1c3Ruazdxa0VXdUpKZlNJU1FsK0drdlNVSlBuMjBuRFE4VWN5OVovMzJ6YWtFNHc5NVBlUWdON25SQm42Z3BsVGs0VWxBclZyMDFDYkpXRFhvZFJWVjRNU2VuOWtFVXRPUU5uRUYwOVNmV1FUY29SYVkrRExXQkdTSlhZdlhjbVUvSWV1TkkwOE9ESVVQWFRkUmZsNVdIUVplMGlUc2VZOUVYVTIzZ3pTdFBNVlFpRFlLRi9nVWlSZGdNT080a2pUOHNZd1YrZmJ2eHgvR2hqR29QNklwYWRzRnVITGMwZ1RWdnpjYTlsVEJWc3J4TmNoV1RKUmQ5YWk2alF3cDMrcFJLQXdsamhiWDZiL2ZvZHZKWU1FZ1dTeWhZdCtsTlordGZnMFVoNXVrPSB0YWVrQERFU0tUT1AtNThHTUtGUAogICAgcGFzc3dkOiBSb290MTIzKgpzc2hfcHdhdXRoOiBUcnVlCg==",
              "guestinfo.userdata.encoding": "base64"
            },
            "firmware": "bios",
            "folder": "",
            "force_power_off": true,
            "guest_id": "debian12_64Guest",
            "guest_ip_addresses": [
              "172.28.122.107",
              "172.28.126.13",
              "fe80::250:56ff:febf:a789"
            ],
            "hardware_version": 20,
            "host_system_id": "host-14",
            "hv_mode": "",
            "id": "423f2130-b4ab-e902-9093-c3154a7bd0fa",
            "ide_controller_count": 2,
            "ignored_guest_ips": null,
            "imported": null,
            "latency_sensitivity": "normal",
            "memory": 2048,
            "memory_hot_add_enabled": false,
            "memory_limit": -1,
            "memory_reservation": 0,
            "memory_share_count": 20480,
            "memory_share_level": "normal",
            "migrate_wait_timeout": 30,
            "moid": "vm-1020",
            "name": "VM1",
            "nested_hv_enabled": false,
            "network_interface": [
              {
                "adapter_type": "vmxnet3",
                "bandwidth_limit": -1,
                "bandwidth_reservation": 0,
                "bandwidth_share_count": 50,
                "bandwidth_share_level": "normal",
                "device_address": "pci:0:7",
                "key": 4000,
                "mac_address": "00:50:56:bf:a7:89",
                "network_id": "network-18",
                "ovf_mapping": "",
                "use_static_mac": false
              }
            ],
            "num_cores_per_socket": 1,
            "num_cpus": 2,
            "ovf_deploy": [],
            "pci_device_id": null,
            "power_state": "on",
            "poweron_timeout": 300,
            "reboot_required": false,
            "replace_trigger": null,
            "resource_pool_id": "resgroup-9",
            "run_tools_scripts_after_power_on": true,
            "run_tools_scripts_after_resume": true,
            "run_tools_scripts_before_guest_reboot": false,
            "run_tools_scripts_before_guest_shutdown": true,
            "run_tools_scripts_before_guest_standby": true,
            "sata_controller_count": 0,
            "scsi_bus_sharing": "noSharing",
            "scsi_controller_count": 1,
            "scsi_type": "pvscsi",
            "shutdown_wait_timeout": 3,
            "storage_policy_id": "",
            "swap_placement_policy": "inherit",
            "sync_time_with_host": false,
            "sync_time_with_host_periodically": false,
            "tags": null,
            "tools_upgrade_policy": "manual",
            "uuid": "423f2130-b4ab-e902-9093-c3154a7bd0fa",
            "vapp": [],
            "vapp_transport": [],
            "vbs_enabled": false,
            "vmware_tools_status": "guestToolsRunning",
            "vmx_path": "VM1/VM1.vmx",
            "vvtd_enabled": false,
            "wait_for_guest_ip_timeout": 0,
            "wait_for_guest_net_routable": true,
            "wait_for_guest_net_timeout": 5
          },
          "sensitive_attributes": [],
          "private": "eyJzY2hlbWFfdmVyc2lvbiI6IjMifQ==",
          "dependencies": [
            "data.vsphere_compute_cluster.cluster",
            "data.vsphere_datastore.datastore",
            "data.vsphere_network.network",
            "data.vsphere_virtual_machine.template"
          ]
        },
        {
          "index_key": 1,
          "schema_version": 3,
          "attributes": {
            "alternate_guest_name": "",
            "annotation": "",
            "boot_delay": 0,
            "boot_retry_delay": 10000,
            "boot_retry_enabled": false,
            "cdrom": [],
            "change_version": "2024-07-21T03:03:28.059319Z",
            "clone": [
              {
                "customize": [
                  {
                    "dns_server_list": null,
                    "dns_suffix_list": null,
                    "ipv4_gateway": "172.28.112.1",
                    "ipv6_gateway": "",
                    "linux_options": [
                      {
                        "domain": "vsphere.local",
                        "host_name": "VM2",
                        "hw_clock_utc": true,
                        "time_zone": ""
                      }
                    ],
                    "network_interface": [
                      {
                        "dns_domain": "",
                        "dns_server_list": null,
                        "ipv4_address": "172.28.126.15",
                        "ipv4_netmask": 20,
                        "ipv6_address": "",
                        "ipv6_netmask": 0
                      }
                    ],
                    "timeout": 10,
                    "windows_options": [],
                    "windows_sysprep_text": ""
                  }
                ],
                "linked_clone": false,
                "ovf_network_map": null,
                "ovf_storage_map": null,
                "template_uuid": "423f7d97-c872-cf84-38fe-cd61d5d9e4fe",
                "timeout": 30
              }
            ],
            "cpu_hot_add_enabled": false,
            "cpu_hot_remove_enabled": false,
            "cpu_limit": -1,
            "cpu_performance_counters_enabled": false,
            "cpu_reservation": 0,
            "cpu_share_count": 2000,
            "cpu_share_level": "normal",
            "custom_attributes": null,
            "datacenter_id": null,
            "datastore_cluster_id": null,
            "datastore_id": "datastore-17",
            "default_ip_address": "172.28.126.74",
            "disk": [
              {
                "attach": false,
                "controller_type": "scsi",
                "datastore_id": "datastore-17",
                "device_address": "scsi:0:0",
                "disk_mode": "persistent",
                "disk_sharing": "sharingNone",
                "eagerly_scrub": false,
                "io_limit": -1,
                "io_reservation": 0,
                "io_share_count": 1000,
                "io_share_level": "normal",
                "keep_on_remove": false,
                "key": 2000,
                "label": "disk0",
                "path": "VM2/VM2.vmdk",
                "size": 20,
                "storage_policy_id": "",
                "thin_provisioned": false,
                "unit_number": 0,
                "uuid": "6000C29d-3517-d2ff-b90a-3db6827c8f75",
                "write_through": false
              }
            ],
            "efi_secure_boot_enabled": false,
            "enable_disk_uuid": false,
            "enable_logging": false,
            "ept_rvi_mode": "",
            "extra_config": {
              "guestinfo.userdata": "I2Nsb3VkLWNvbmZpZwpob3N0bmFtZTogVk0yCmxvY2FsLWhvc3RuYW1lOiBWTTIKZnFkbjogVk0yLnZzcGhlcmUubG9jYWwKbWFuYWdlX2V0Y19ob3N0czogdHJ1ZQpwYWNrYWdlX3VwZ3JhZGU6IHRydWUKdXNlcnM6CiAgLSBkZWZhdWx0CiAgLSBuYW1lOiBlc2dpCiAgICBzdWRvOiBBTEw9KEFMTCkgTk9QQVNTV0Q6QUxMCiAgICBzc2hfYXV0aG9yaXplZF9rZXlzOgogICAgICAtIHNzaC1yc2EgQUFBQUIzTnphQzF5YzJFQUFBQURBUUFCQUFBQmdRRGlSR3lxczU5WGpPNk14Z080MFhrNmkvY2F0Q3k2ZmFCdlNzblBQMTRWdmJUNWhXM01MTVRpYktieXN5anVKWjV2Wk5teklKeG02Wm5LNExjamwxSmZteXh1M0kyYm03NlFnV3ExRVkyNElLa1JGb0lQZllmL0NjakJsQWNTcXVKVjNPUFBEUDZTZjZabG1HYlBGVlRHdzFxWWQ2VmhYeFBjVXRYZ2o5Vi95Nk5JaXg0NXlIMFNlbDlHMS9qTSt6OUI0QzQwdDZ3UGIxM20xcFhDWE5tNnlRcXRheE1FREFWdm9jY2g0RlNHK3lEVWtZOFRId3VtVkNWWE5hWW9wakxRUytlZ1lyQ1ZyaE1qTGVhUEIxWUFvcFNjcUFHZEdHRlBZdEdHTlJoZFozRDljcjlsZDFrUVB6enRlZEhMZDl6aG8wRU5xWTZUNHNUQWdleFBiWU5iRmJTYTdLeWs4S1pNK2JlUzBaTnBNQ2JRNDZHRjlnRnR4ay9BcjZtYUJtRjVuYW43STBhaVlUSTNsNldaYkFCN3hwUDF2eU1MUEJFcGJiS0d0b2tET1Y1bXo4amYwMTk2VmRKZkJhbGh0OTA1aVpEUUgydzJwOUpDU05VdFR5QzIzUzc1MTkrNTV2UllWRWpGMXNrTUg3T0hrN3REN0RHVGNOZ2pkTHpENFEwPSB0YWVrQERFU0tUT1AtNThHTUtGUAogICAgICAtIHNzaC1yc2EgQUFBQUIzTnphQzF5YzJFQUFBQURBUUFCQUFBQmdRQ3RqZWNkRTlHU1Jrd1c2M1NQT3ZZaW91dU84alZQY3ZGSDdlQ3ZxNDJsS2JaTk9ZUGw2ZVJoa3ZkWXhNNWZzd3h0VVg5STA3TkJLUU9KOFU1WXNES0t0OXBFTU9NZmRqRzhRNDNUNnVXRGxyTDBScEg5WFh0aUNpSU0vSzhiRHg2RTY3akJOekVZcVBOVGUzMTJPdjY0dHdHaXFicHJZYTZ6a0lESXpldnBjYzNUZ0dnNlU1ZDlLM1pKRzF4c1pCcjBHZFFLbkh0NjlZYkN1cjVyeGE2dmZ1c3Ruazdxa0VXdUpKZlNJU1FsK0drdlNVSlBuMjBuRFE4VWN5OVovMzJ6YWtFNHc5NVBlUWdON25SQm42Z3BsVGs0VWxBclZyMDFDYkpXRFhvZFJWVjRNU2VuOWtFVXRPUU5uRUYwOVNmV1FUY29SYVkrRExXQkdTSlhZdlhjbVUvSWV1TkkwOE9ESVVQWFRkUmZsNVdIUVplMGlUc2VZOUVYVTIzZ3pTdFBNVlFpRFlLRi9nVWlSZGdNT080a2pUOHNZd1YrZmJ2eHgvR2hqR29QNklwYWRzRnVITGMwZ1RWdnpjYTlsVEJWc3J4TmNoV1RKUmQ5YWk2alF3cDMrcFJLQXdsamhiWDZiL2ZvZHZKWU1FZ1dTeWhZdCtsTlordGZnMFVoNXVrPSB0YWVrQERFU0tUT1AtNThHTUtGUAogICAgcGFzc3dkOiBSb290MTIzKgpzc2hfcHdhdXRoOiBUcnVlCg==",
              "guestinfo.userdata.encoding": "base64"
            },
            "firmware": "bios",
            "folder": "",
            "force_power_off": true,
            "guest_id": "debian12_64Guest",
            "guest_ip_addresses": [
              "172.28.126.74",
              "172.28.126.13",
              "fe80::250:56ff:febf:70bb"
            ],
            "hardware_version": 20,
            "host_system_id": "host-14",
            "hv_mode": "",
            "id": "423f2a86-4217-8a5f-c79a-ee3fa6b8c5b6",
            "ide_controller_count": 2,
            "ignored_guest_ips": null,
            "imported": null,
            "latency_sensitivity": "normal",
            "memory": 2048,
            "memory_hot_add_enabled": false,
            "memory_limit": -1,
            "memory_reservation": 0,
            "memory_share_count": 20480,
            "memory_share_level": "normal",
            "migrate_wait_timeout": 30,
            "moid": "vm-1017",
            "name": "VM2",
            "nested_hv_enabled": false,
            "network_interface": [
              {
                "adapter_type": "vmxnet3",
                "bandwidth_limit": -1,
                "bandwidth_reservation": 0,
                "bandwidth_share_count": 50,
                "bandwidth_share_level": "normal",
                "device_address": "pci:0:7",
                "key": 4000,
                "mac_address": "00:50:56:bf:70:bb",
                "network_id": "network-18",
                "ovf_mapping": "",
                "use_static_mac": false
              }
            ],
            "num_cores_per_socket": 1,
            "num_cpus": 2,
            "ovf_deploy": [],
            "pci_device_id": null,
            "power_state": "on",
            "poweron_timeout": 300,
            "reboot_required": false,
            "replace_trigger": null,
            "resource_pool_id": "resgroup-9",
            "run_tools_scripts_after_power_on": true,
            "run_tools_scripts_after_resume": true,
            "run_tools_scripts_before_guest_reboot": false,
            "run_tools_scripts_before_guest_shutdown": true,
            "run_tools_scripts_before_guest_standby": true,
            "sata_controller_count": 0,
            "scsi_bus_sharing": "noSharing",
            "scsi_controller_count": 1,
            "scsi_type": "pvscsi",
            "shutdown_wait_timeout": 3,
            "storage_policy_id": "",
            "swap_placement_policy": "inherit",
            "sync_time_with_host": false,
            "sync_time_with_host_periodically": false,
            "tags": null,
            "tools_upgrade_policy": "manual",
            "uuid": "423f2a86-4217-8a5f-c79a-ee3fa6b8c5b6",
            "vapp": [],
            "vapp_transport": [],
            "vbs_enabled": false,
            "vmware_tools_status": "guestToolsRunning",
            "vmx_path": "VM2/VM2.vmx",
            "vvtd_enabled": false,
            "wait_for_guest_ip_timeout": 0,
            "wait_for_guest_net_routable": true,
            "wait_for_guest_net_timeout": 5
          },
          "sensitive_attributes": [],
          "private": "eyJzY2hlbWFfdmVyc2lvbiI6IjMifQ==",
          "dependencies": [
            "data.vsphere_compute_cluster.cluster",
            "data.vsphere_datastore.datastore",
            "data.vsphere_network.network",
            "data.vsphere_virtual_machine.template"
          ]
        },
        {
          "index_key": 2,
          "schema_version": 3,
          "attributes": {
            "alternate_guest_name": "",
            "annotation": "",
            "boot_delay": 0,
            "boot_retry_delay": 10000,
            "boot_retry_enabled": false,
            "cdrom": [],
            "change_version": "2024-07-21T03:03:36.823083Z",
            "clone": [
              {
                "customize": [
                  {
                    "dns_server_list": null,
                    "dns_suffix_list": null,
                    "ipv4_gateway": "172.28.112.1",
                    "ipv6_gateway": "",
                    "linux_options": [
                      {
                        "domain": "vsphere.local",
                        "host_name": "VM3",
                        "hw_clock_utc": true,
                        "time_zone": ""
                      }
                    ],
                    "network_interface": [
                      {
                        "dns_domain": "",
                        "dns_server_list": null,
                        "ipv4_address": "172.28.126.16",
                        "ipv4_netmask": 20,
                        "ipv6_address": "",
                        "ipv6_netmask": 0
                      }
                    ],
                    "timeout": 10,
                    "windows_options": [],
                    "windows_sysprep_text": ""
                  }
                ],
                "linked_clone": false,
                "ovf_network_map": null,
                "ovf_storage_map": null,
                "template_uuid": "423f7d97-c872-cf84-38fe-cd61d5d9e4fe",
                "timeout": 30
              }
            ],
            "cpu_hot_add_enabled": false,
            "cpu_hot_remove_enabled": false,
            "cpu_limit": -1,
            "cpu_performance_counters_enabled": false,
            "cpu_reservation": 0,
            "cpu_share_count": 2000,
            "cpu_share_level": "normal",
            "custom_attributes": null,
            "datacenter_id": null,
            "datastore_cluster_id": null,
            "datastore_id": "datastore-17",
            "default_ip_address": "172.28.122.138",
            "disk": [
              {
                "attach": false,
                "controller_type": "scsi",
                "datastore_id": "datastore-17",
                "device_address": "scsi:0:0",
                "disk_mode": "persistent",
                "disk_sharing": "sharingNone",
                "eagerly_scrub": false,
                "io_limit": -1,
                "io_reservation": 0,
                "io_share_count": 1000,
                "io_share_level": "normal",
                "keep_on_remove": false,
                "key": 2000,
                "label": "disk0",
                "path": "VM3/VM3.vmdk",
                "size": 20,
                "storage_policy_id": "",
                "thin_provisioned": false,
                "unit_number": 0,
                "uuid": "6000C293-a31d-9b07-4f08-0a00466d7a45",
                "write_through": false
              }
            ],
            "efi_secure_boot_enabled": false,
            "enable_disk_uuid": false,
            "enable_logging": false,
            "ept_rvi_mode": "",
            "extra_config": {
              "guestinfo.userdata": "I2Nsb3VkLWNvbmZpZwpob3N0bmFtZTogVk0zCmxvY2FsLWhvc3RuYW1lOiBWTTMKZnFkbjogVk0zLnZzcGhlcmUubG9jYWwKbWFuYWdlX2V0Y19ob3N0czogdHJ1ZQpwYWNrYWdlX3VwZ3JhZGU6IHRydWUKdXNlcnM6CiAgLSBkZWZhdWx0CiAgLSBuYW1lOiBlc2dpCiAgICBzdWRvOiBBTEw9KEFMTCkgTk9QQVNTV0Q6QUxMCiAgICBzc2hfYXV0aG9yaXplZF9rZXlzOgogICAgICAtIHNzaC1yc2EgQUFBQUIzTnphQzF5YzJFQUFBQURBUUFCQUFBQmdRRGlSR3lxczU5WGpPNk14Z080MFhrNmkvY2F0Q3k2ZmFCdlNzblBQMTRWdmJUNWhXM01MTVRpYktieXN5anVKWjV2Wk5teklKeG02Wm5LNExjamwxSmZteXh1M0kyYm03NlFnV3ExRVkyNElLa1JGb0lQZllmL0NjakJsQWNTcXVKVjNPUFBEUDZTZjZabG1HYlBGVlRHdzFxWWQ2VmhYeFBjVXRYZ2o5Vi95Nk5JaXg0NXlIMFNlbDlHMS9qTSt6OUI0QzQwdDZ3UGIxM20xcFhDWE5tNnlRcXRheE1FREFWdm9jY2g0RlNHK3lEVWtZOFRId3VtVkNWWE5hWW9wakxRUytlZ1lyQ1ZyaE1qTGVhUEIxWUFvcFNjcUFHZEdHRlBZdEdHTlJoZFozRDljcjlsZDFrUVB6enRlZEhMZDl6aG8wRU5xWTZUNHNUQWdleFBiWU5iRmJTYTdLeWs4S1pNK2JlUzBaTnBNQ2JRNDZHRjlnRnR4ay9BcjZtYUJtRjVuYW43STBhaVlUSTNsNldaYkFCN3hwUDF2eU1MUEJFcGJiS0d0b2tET1Y1bXo4amYwMTk2VmRKZkJhbGh0OTA1aVpEUUgydzJwOUpDU05VdFR5QzIzUzc1MTkrNTV2UllWRWpGMXNrTUg3T0hrN3REN0RHVGNOZ2pkTHpENFEwPSB0YWVrQERFU0tUT1AtNThHTUtGUAogICAgICAtIHNzaC1yc2EgQUFBQUIzTnphQzF5YzJFQUFBQURBUUFCQUFBQmdRQ3RqZWNkRTlHU1Jrd1c2M1NQT3ZZaW91dU84alZQY3ZGSDdlQ3ZxNDJsS2JaTk9ZUGw2ZVJoa3ZkWXhNNWZzd3h0VVg5STA3TkJLUU9KOFU1WXNES0t0OXBFTU9NZmRqRzhRNDNUNnVXRGxyTDBScEg5WFh0aUNpSU0vSzhiRHg2RTY3akJOekVZcVBOVGUzMTJPdjY0dHdHaXFicHJZYTZ6a0lESXpldnBjYzNUZ0dnNlU1ZDlLM1pKRzF4c1pCcjBHZFFLbkh0NjlZYkN1cjVyeGE2dmZ1c3Ruazdxa0VXdUpKZlNJU1FsK0drdlNVSlBuMjBuRFE4VWN5OVovMzJ6YWtFNHc5NVBlUWdON25SQm42Z3BsVGs0VWxBclZyMDFDYkpXRFhvZFJWVjRNU2VuOWtFVXRPUU5uRUYwOVNmV1FUY29SYVkrRExXQkdTSlhZdlhjbVUvSWV1TkkwOE9ESVVQWFRkUmZsNVdIUVplMGlUc2VZOUVYVTIzZ3pTdFBNVlFpRFlLRi9nVWlSZGdNT080a2pUOHNZd1YrZmJ2eHgvR2hqR29QNklwYWRzRnVITGMwZ1RWdnpjYTlsVEJWc3J4TmNoV1RKUmQ5YWk2alF3cDMrcFJLQXdsamhiWDZiL2ZvZHZKWU1FZ1dTeWhZdCtsTlordGZnMFVoNXVrPSB0YWVrQERFU0tUT1AtNThHTUtGUAogICAgcGFzc3dkOiBSb290MTIzKgpzc2hfcHdhdXRoOiBUcnVlCg==",
              "guestinfo.userdata.encoding": "base64"
            },
            "firmware": "bios",
            "folder": "",
            "force_power_off": true,
            "guest_id": "debian12_64Guest",
            "guest_ip_addresses": [
              "172.28.122.138",
              "172.28.126.13",
              "fe80::250:56ff:febf:f47a"
            ],
            "hardware_version": 20,
            "host_system_id": "host-14",
            "hv_mode": "",
            "id": "423fd25a-af61-3380-8247-acfd0d258944",
            "ide_controller_count": 2,
            "ignored_guest_ips": null,
            "imported": null,
            "latency_sensitivity": "normal",
            "memory": 2048,
            "memory_hot_add_enabled": false,
            "memory_limit": -1,
            "memory_reservation": 0,
            "memory_share_count": 20480,
            "memory_share_level": "normal",
            "migrate_wait_timeout": 30,
            "moid": "vm-1021",
            "name": "VM3",
            "nested_hv_enabled": false,
            "network_interface": [
              {
                "adapter_type": "vmxnet3",
                "bandwidth_limit": -1,
                "bandwidth_reservation": 0,
                "bandwidth_share_count": 50,
                "bandwidth_share_level": "normal",
                "device_address": "pci:0:7",
                "key": 4000,
                "mac_address": "00:50:56:bf:f4:7a",
                "network_id": "network-18",
                "ovf_mapping": "",
                "use_static_mac": false
              }
            ],
            "num_cores_per_socket": 1,
            "num_cpus": 2,
            "ovf_deploy": [],
            "pci_device_id": null,
            "power_state": "on",
            "poweron_timeout": 300,
            "reboot_required": false,
            "replace_trigger": null,
            "resource_pool_id": "resgroup-9",
            "run_tools_scripts_after_power_on": true,
            "run_tools_scripts_after_resume": true,
            "run_tools_scripts_before_guest_reboot": false,
            "run_tools_scripts_before_guest_shutdown": true,
            "run_tools_scripts_before_guest_standby": true,
            "sata_controller_count": 0,
            "scsi_bus_sharing": "noSharing",
            "scsi_controller_count": 1,
            "scsi_type": "pvscsi",
            "shutdown_wait_timeout": 3,
            "storage_policy_id": "",
            "swap_placement_policy": "inherit",
            "sync_time_with_host": false,
            "sync_time_with_host_periodically": false,
            "tags": null,
            "tools_upgrade_policy": "manual",
            "uuid": "423fd25a-af61-3380-8247-acfd0d258944",
            "vapp": [],
            "vapp_transport": [],
            "vbs_enabled": false,
            "vmware_tools_status": "guestToolsRunning",
            "vmx_path": "VM3/VM3.vmx",
            "vvtd_enabled": false,
            "wait_for_guest_ip_timeout": 0,
            "wait_for_guest_net_routable": true,
            "wait_for_guest_net_timeout": 5
          },
          "sensitive_attributes": [],
          "private": "eyJzY2hlbWFfdmVyc2lvbiI6IjMifQ==",
          "dependencies": [
            "data.vsphere_compute_cluster.cluster",
            "data.vsphere_datastore.datastore",
            "data.vsphere_network.network",
            "data.vsphere_virtual_machine.template"
          ]
        },
        {
          "index_key": 3,
          "schema_version": 3,
          "attributes": {
            "alternate_guest_name": "",
            "annotation": "",
            "boot_delay": 0,
            "boot_retry_delay": 10000,
            "boot_retry_enabled": false,
            "cdrom": [],
            "change_version": "2024-07-21T03:03:31.569934Z",
            "clone": [
              {
                "customize": [
                  {
                    "dns_server_list": null,
                    "dns_suffix_list": null,
                    "ipv4_gateway": "172.28.112.1",
                    "ipv6_gateway": "",
                    "linux_options": [
                      {
                        "domain": "vsphere.local",
                        "host_name": "VM4",
                        "hw_clock_utc": true,
                        "time_zone": ""
                      }
                    ],
                    "network_interface": [
                      {
                        "dns_domain": "",
                        "dns_server_list": null,
                        "ipv4_address": "172.28.126.17",
                        "ipv4_netmask": 20,
                        "ipv6_address": "",
                        "ipv6_netmask": 0
                      }
                    ],
                    "timeout": 10,
                    "windows_options": [],
                    "windows_sysprep_text": ""
                  }
                ],
                "linked_clone": false,
                "ovf_network_map": null,
                "ovf_storage_map": null,
                "template_uuid": "423f7d97-c872-cf84-38fe-cd61d5d9e4fe",
                "timeout": 30
              }
            ],
            "cpu_hot_add_enabled": false,
            "cpu_hot_remove_enabled": false,
            "cpu_limit": -1,
            "cpu_performance_counters_enabled": false,
            "cpu_reservation": 0,
            "cpu_share_count": 2000,
            "cpu_share_level": "normal",
            "custom_attributes": null,
            "datacenter_id": null,
            "datastore_cluster_id": null,
            "datastore_id": "datastore-17",
            "default_ip_address": "172.28.125.39",
            "disk": [
              {
                "attach": false,
                "controller_type": "scsi",
                "datastore_id": "datastore-17",
                "device_address": "scsi:0:0",
                "disk_mode": "persistent",
                "disk_sharing": "sharingNone",
                "eagerly_scrub": false,
                "io_limit": -1,
                "io_reservation": 0,
                "io_share_count": 1000,
                "io_share_level": "normal",
                "keep_on_remove": false,
                "key": 2000,
                "label": "disk0",
                "path": "VM4/VM4.vmdk",
                "size": 20,
                "storage_policy_id": "",
                "thin_provisioned": false,
                "unit_number": 0,
                "uuid": "6000C298-13e8-85dd-7bb0-afb20d8ef259",
                "write_through": false
              }
            ],
            "efi_secure_boot_enabled": false,
            "enable_disk_uuid": false,
            "enable_logging": false,
            "ept_rvi_mode": "",
            "extra_config": {
              "guestinfo.userdata": "I2Nsb3VkLWNvbmZpZwpob3N0bmFtZTogVk00CmxvY2FsLWhvc3RuYW1lOiBWTTQKZnFkbjogVk00LnZzcGhlcmUubG9jYWwKbWFuYWdlX2V0Y19ob3N0czogdHJ1ZQpwYWNrYWdlX3VwZ3JhZGU6IHRydWUKdXNlcnM6CiAgLSBkZWZhdWx0CiAgLSBuYW1lOiBlc2dpCiAgICBzdWRvOiBBTEw9KEFMTCkgTk9QQVNTV0Q6QUxMCiAgICBzc2hfYXV0aG9yaXplZF9rZXlzOgogICAgICAtIHNzaC1yc2EgQUFBQUIzTnphQzF5YzJFQUFBQURBUUFCQUFBQmdRRGlSR3lxczU5WGpPNk14Z080MFhrNmkvY2F0Q3k2ZmFCdlNzblBQMTRWdmJUNWhXM01MTVRpYktieXN5anVKWjV2Wk5teklKeG02Wm5LNExjamwxSmZteXh1M0kyYm03NlFnV3ExRVkyNElLa1JGb0lQZllmL0NjakJsQWNTcXVKVjNPUFBEUDZTZjZabG1HYlBGVlRHdzFxWWQ2VmhYeFBjVXRYZ2o5Vi95Nk5JaXg0NXlIMFNlbDlHMS9qTSt6OUI0QzQwdDZ3UGIxM20xcFhDWE5tNnlRcXRheE1FREFWdm9jY2g0RlNHK3lEVWtZOFRId3VtVkNWWE5hWW9wakxRUytlZ1lyQ1ZyaE1qTGVhUEIxWUFvcFNjcUFHZEdHRlBZdEdHTlJoZFozRDljcjlsZDFrUVB6enRlZEhMZDl6aG8wRU5xWTZUNHNUQWdleFBiWU5iRmJTYTdLeWs4S1pNK2JlUzBaTnBNQ2JRNDZHRjlnRnR4ay9BcjZtYUJtRjVuYW43STBhaVlUSTNsNldaYkFCN3hwUDF2eU1MUEJFcGJiS0d0b2tET1Y1bXo4amYwMTk2VmRKZkJhbGh0OTA1aVpEUUgydzJwOUpDU05VdFR5QzIzUzc1MTkrNTV2UllWRWpGMXNrTUg3T0hrN3REN0RHVGNOZ2pkTHpENFEwPSB0YWVrQERFU0tUT1AtNThHTUtGUAogICAgICAtIHNzaC1yc2EgQUFBQUIzTnphQzF5YzJFQUFBQURBUUFCQUFBQmdRQ3RqZWNkRTlHU1Jrd1c2M1NQT3ZZaW91dU84alZQY3ZGSDdlQ3ZxNDJsS2JaTk9ZUGw2ZVJoa3ZkWXhNNWZzd3h0VVg5STA3TkJLUU9KOFU1WXNES0t0OXBFTU9NZmRqRzhRNDNUNnVXRGxyTDBScEg5WFh0aUNpSU0vSzhiRHg2RTY3akJOekVZcVBOVGUzMTJPdjY0dHdHaXFicHJZYTZ6a0lESXpldnBjYzNUZ0dnNlU1ZDlLM1pKRzF4c1pCcjBHZFFLbkh0NjlZYkN1cjVyeGE2dmZ1c3Ruazdxa0VXdUpKZlNJU1FsK0drdlNVSlBuMjBuRFE4VWN5OVovMzJ6YWtFNHc5NVBlUWdON25SQm42Z3BsVGs0VWxBclZyMDFDYkpXRFhvZFJWVjRNU2VuOWtFVXRPUU5uRUYwOVNmV1FUY29SYVkrRExXQkdTSlhZdlhjbVUvSWV1TkkwOE9ESVVQWFRkUmZsNVdIUVplMGlUc2VZOUVYVTIzZ3pTdFBNVlFpRFlLRi9nVWlSZGdNT080a2pUOHNZd1YrZmJ2eHgvR2hqR29QNklwYWRzRnVITGMwZ1RWdnpjYTlsVEJWc3J4TmNoV1RKUmQ5YWk2alF3cDMrcFJLQXdsamhiWDZiL2ZvZHZKWU1FZ1dTeWhZdCtsTlordGZnMFVoNXVrPSB0YWVrQERFU0tUT1AtNThHTUtGUAogICAgcGFzc3dkOiBSb290MTIzKgpzc2hfcHdhdXRoOiBUcnVlCg==",
              "guestinfo.userdata.encoding": "base64"
            },
            "firmware": "bios",
            "folder": "",
            "force_power_off": true,
            "guest_id": "debian12_64Guest",
            "guest_ip_addresses": [
              "172.28.125.39",
              "172.28.126.13",
              "fe80::250:56ff:febf:7a48"
            ],
            "hardware_version": 20,
            "host_system_id": "host-14",
            "hv_mode": "",
            "id": "423fbeda-7f75-45d6-952c-01b7dcfe0eb8",
            "ide_controller_count": 2,
            "ignored_guest_ips": null,
            "imported": null,
            "latency_sensitivity": "normal",
            "memory": 2048,
            "memory_hot_add_enabled": false,
            "memory_limit": -1,
            "memory_reservation": 0,
            "memory_share_count": 20480,
            "memory_share_level": "normal",
            "migrate_wait_timeout": 30,
            "moid": "vm-1018",
            "name": "VM4",
            "nested_hv_enabled": false,
            "network_interface": [
              {
                "adapter_type": "vmxnet3",
                "bandwidth_limit": -1,
                "bandwidth_reservation": 0,
                "bandwidth_share_count": 50,
                "bandwidth_share_level": "normal",
                "device_address": "pci:0:7",
                "key": 4000,
                "mac_address": "00:50:56:bf:7a:48",
                "network_id": "network-18",
                "ovf_mapping": "",
                "use_static_mac": false
              }
            ],
            "num_cores_per_socket": 1,
            "num_cpus": 2,
            "ovf_deploy": [],
            "pci_device_id": null,
            "power_state": "on",
            "poweron_timeout": 300,
            "reboot_required": false,
            "replace_trigger": null,
            "resource_pool_id": "resgroup-9",
            "run_tools_scripts_after_power_on": true,
            "run_tools_scripts_after_resume": true,
            "run_tools_scripts_before_guest_reboot": false,
            "run_tools_scripts_before_guest_shutdown": true,
            "run_tools_scripts_before_guest_standby": true,
            "sata_controller_count": 0,
            "scsi_bus_sharing": "noSharing",
            "scsi_controller_count": 1,
            "scsi_type": "pvscsi",
            "shutdown_wait_timeout": 3,
            "storage_policy_id": "",
            "swap_placement_policy": "inherit",
            "sync_time_with_host": false,
            "sync_time_with_host_periodically": false,
            "tags": null,
            "tools_upgrade_policy": "manual",
            "uuid": "423fbeda-7f75-45d6-952c-01b7dcfe0eb8",
            "vapp": [],
            "vapp_transport": [],
            "vbs_enabled": false,
            "vmware_tools_status": "guestToolsRunning",
            "vmx_path": "VM4/VM4.vmx",
            "vvtd_enabled": false,
            "wait_for_guest_ip_timeout": 0,
            "wait_for_guest_net_routable": true,
            "wait_for_guest_net_timeout": 5
          },
          "sensitive_attributes": [],
          "private": "eyJzY2hlbWFfdmVyc2lvbiI6IjMifQ==",
          "dependencies": [
            "data.vsphere_compute_cluster.cluster",
            "data.vsphere_datastore.datastore",
            "data.vsphere_network.network",
            "data.vsphere_virtual_machine.template"
          ]
        },
        {
          "index_key": 4,
          "schema_version": 3,
          "attributes": {
            "alternate_guest_name": "",
            "annotation": "",
            "boot_delay": 0,
            "boot_retry_delay": 10000,
            "boot_retry_enabled": false,
            "cdrom": [],
            "change_version": "2024-07-21T03:03:36.61342Z",
            "clone": [
              {
                "customize": [
                  {
                    "dns_server_list": null,
                    "dns_suffix_list": null,
                    "ipv4_gateway": "172.28.112.1",
                    "ipv6_gateway": "",
                    "linux_options": [
                      {
                        "domain": "vsphere.local",
                        "host_name": "VM5",
                        "hw_clock_utc": true,
                        "time_zone": ""
                      }
                    ],
                    "network_interface": [
                      {
                        "dns_domain": "",
                        "dns_server_list": null,
                        "ipv4_address": "172.28.126.18",
                        "ipv4_netmask": 20,
                        "ipv6_address": "",
                        "ipv6_netmask": 0
                      }
                    ],
                    "timeout": 10,
                    "windows_options": [],
                    "windows_sysprep_text": ""
                  }
                ],
                "linked_clone": false,
                "ovf_network_map": null,
                "ovf_storage_map": null,
                "template_uuid": "423f7d97-c872-cf84-38fe-cd61d5d9e4fe",
                "timeout": 30
              }
            ],
            "cpu_hot_add_enabled": false,
            "cpu_hot_remove_enabled": false,
            "cpu_limit": -1,
            "cpu_performance_counters_enabled": false,
            "cpu_reservation": 0,
            "cpu_share_count": 2000,
            "cpu_share_level": "normal",
            "custom_attributes": null,
            "datacenter_id": null,
            "datastore_cluster_id": null,
            "datastore_id": "datastore-17",
            "default_ip_address": "172.28.114.87",
            "disk": [
              {
                "attach": false,
                "controller_type": "scsi",
                "datastore_id": "datastore-17",
                "device_address": "scsi:0:0",
                "disk_mode": "persistent",
                "disk_sharing": "sharingNone",
                "eagerly_scrub": false,
                "io_limit": -1,
                "io_reservation": 0,
                "io_share_count": 1000,
                "io_share_level": "normal",
                "keep_on_remove": false,
                "key": 2000,
                "label": "disk0",
                "path": "VM5/VM5.vmdk",
                "size": 20,
                "storage_policy_id": "",
                "thin_provisioned": false,
                "unit_number": 0,
                "uuid": "6000C29a-9943-61a3-c8cc-a07490b310f5",
                "write_through": false
              }
            ],
            "efi_secure_boot_enabled": false,
            "enable_disk_uuid": false,
            "enable_logging": false,
            "ept_rvi_mode": "",
            "extra_config": {
              "guestinfo.userdata": "I2Nsb3VkLWNvbmZpZwpob3N0bmFtZTogVk01CmxvY2FsLWhvc3RuYW1lOiBWTTUKZnFkbjogVk01LnZzcGhlcmUubG9jYWwKbWFuYWdlX2V0Y19ob3N0czogdHJ1ZQpwYWNrYWdlX3VwZ3JhZGU6IHRydWUKdXNlcnM6CiAgLSBkZWZhdWx0CiAgLSBuYW1lOiBlc2dpCiAgICBzdWRvOiBBTEw9KEFMTCkgTk9QQVNTV0Q6QUxMCiAgICBzc2hfYXV0aG9yaXplZF9rZXlzOgogICAgICAtIHNzaC1yc2EgQUFBQUIzTnphQzF5YzJFQUFBQURBUUFCQUFBQmdRRGlSR3lxczU5WGpPNk14Z080MFhrNmkvY2F0Q3k2ZmFCdlNzblBQMTRWdmJUNWhXM01MTVRpYktieXN5anVKWjV2Wk5teklKeG02Wm5LNExjamwxSmZteXh1M0kyYm03NlFnV3ExRVkyNElLa1JGb0lQZllmL0NjakJsQWNTcXVKVjNPUFBEUDZTZjZabG1HYlBGVlRHdzFxWWQ2VmhYeFBjVXRYZ2o5Vi95Nk5JaXg0NXlIMFNlbDlHMS9qTSt6OUI0QzQwdDZ3UGIxM20xcFhDWE5tNnlRcXRheE1FREFWdm9jY2g0RlNHK3lEVWtZOFRId3VtVkNWWE5hWW9wakxRUytlZ1lyQ1ZyaE1qTGVhUEIxWUFvcFNjcUFHZEdHRlBZdEdHTlJoZFozRDljcjlsZDFrUVB6enRlZEhMZDl6aG8wRU5xWTZUNHNUQWdleFBiWU5iRmJTYTdLeWs4S1pNK2JlUzBaTnBNQ2JRNDZHRjlnRnR4ay9BcjZtYUJtRjVuYW43STBhaVlUSTNsNldaYkFCN3hwUDF2eU1MUEJFcGJiS0d0b2tET1Y1bXo4amYwMTk2VmRKZkJhbGh0OTA1aVpEUUgydzJwOUpDU05VdFR5QzIzUzc1MTkrNTV2UllWRWpGMXNrTUg3T0hrN3REN0RHVGNOZ2pkTHpENFEwPSB0YWVrQERFU0tUT1AtNThHTUtGUAogICAgICAtIHNzaC1yc2EgQUFBQUIzTnphQzF5YzJFQUFBQURBUUFCQUFBQmdRQ3RqZWNkRTlHU1Jrd1c2M1NQT3ZZaW91dU84alZQY3ZGSDdlQ3ZxNDJsS2JaTk9ZUGw2ZVJoa3ZkWXhNNWZzd3h0VVg5STA3TkJLUU9KOFU1WXNES0t0OXBFTU9NZmRqRzhRNDNUNnVXRGxyTDBScEg5WFh0aUNpSU0vSzhiRHg2RTY3akJOekVZcVBOVGUzMTJPdjY0dHdHaXFicHJZYTZ6a0lESXpldnBjYzNUZ0dnNlU1ZDlLM1pKRzF4c1pCcjBHZFFLbkh0NjlZYkN1cjVyeGE2dmZ1c3Ruazdxa0VXdUpKZlNJU1FsK0drdlNVSlBuMjBuRFE4VWN5OVovMzJ6YWtFNHc5NVBlUWdON25SQm42Z3BsVGs0VWxBclZyMDFDYkpXRFhvZFJWVjRNU2VuOWtFVXRPUU5uRUYwOVNmV1FUY29SYVkrRExXQkdTSlhZdlhjbVUvSWV1TkkwOE9ESVVQWFRkUmZsNVdIUVplMGlUc2VZOUVYVTIzZ3pTdFBNVlFpRFlLRi9nVWlSZGdNT080a2pUOHNZd1YrZmJ2eHgvR2hqR29QNklwYWRzRnVITGMwZ1RWdnpjYTlsVEJWc3J4TmNoV1RKUmQ5YWk2alF3cDMrcFJLQXdsamhiWDZiL2ZvZHZKWU1FZ1dTeWhZdCtsTlordGZnMFVoNXVrPSB0YWVrQERFU0tUT1AtNThHTUtGUAogICAgcGFzc3dkOiBSb290MTIzKgpzc2hfcHdhdXRoOiBUcnVlCg==",
              "guestinfo.userdata.encoding": "base64"
            },
            "firmware": "bios",
            "folder": "",
            "force_power_off": true,
            "guest_id": "debian12_64Guest",
            "guest_ip_addresses": [
              "172.28.114.87",
              "172.28.126.13",
              "fe80::250:56ff:febf:b567"
            ],
            "hardware_version": 20,
            "host_system_id": "host-14",
            "hv_mode": "",
            "id": "423f6743-66d0-2e3d-486f-4165437eeab6",
            "ide_controller_count": 2,
            "ignored_guest_ips": null,
            "imported": null,
            "latency_sensitivity": "normal",
            "memory": 2048,
            "memory_hot_add_enabled": false,
            "memory_limit": -1,
            "memory_reservation": 0,
            "memory_share_count": 20480,
            "memory_share_level": "normal",
            "migrate_wait_timeout": 30,
            "moid": "vm-1019",
            "name": "VM5",
            "nested_hv_enabled": false,
            "network_interface": [
              {
                "adapter_type": "vmxnet3",
                "bandwidth_limit": -1,
                "bandwidth_reservation": 0,
                "bandwidth_share_count": 50,
                "bandwidth_share_level": "normal",
                "device_address": "pci:0:7",
                "key": 4000,
                "mac_address": "00:50:56:bf:b5:67",
                "network_id": "network-18",
                "ovf_mapping": "",
                "use_static_mac": false
              }
            ],
            "num_cores_per_socket": 1,
            "num_cpus": 2,
            "ovf_deploy": [],
            "pci_device_id": null,
            "power_state": "on",
            "poweron_timeout": 300,
            "reboot_required": false,
            "replace_trigger": null,
            "resource_pool_id": "resgroup-9",
            "run_tools_scripts_after_power_on": true,
            "run_tools_scripts_after_resume": true,
            "run_tools_scripts_before_guest_reboot": false,
            "run_tools_scripts_before_guest_shutdown": true,
            "run_tools_scripts_before_guest_standby": true,
            "sata_controller_count": 0,
            "scsi_bus_sharing": "noSharing",
            "scsi_controller_count": 1,
            "scsi_type": "pvscsi",
            "shutdown_wait_timeout": 3,
            "storage_policy_id": "",
            "swap_placement_policy": "inherit",
            "sync_time_with_host": false,
            "sync_time_with_host_periodically": false,
            "tags": null,
            "tools_upgrade_policy": "manual",
            "uuid": "423f6743-66d0-2e3d-486f-4165437eeab6",
            "vapp": [],
            "vapp_transport": [],
            "vbs_enabled": false,
            "vmware_tools_status": "guestToolsRunning",
            "vmx_path": "VM5/VM5.vmx",
            "vvtd_enabled": false,
            "wait_for_guest_ip_timeout": 0,
            "wait_for_guest_net_routable": true,
            "wait_for_guest_net_timeout": 5
          },
          "sensitive_attributes": [],
          "private": "eyJzY2hlbWFfdmVyc2lvbiI6IjMifQ==",
          "dependencies": [
            "data.vsphere_compute_cluster.cluster",
            "data.vsphere_datastore.datastore",
            "data.vsphere_network.network",
            "data.vsphere_virtual_machine.template"
          ]
        },
        {
          "index_key": 5,
          "schema_version": 3,
          "attributes": {
            "alternate_guest_name": "",
            "annotation": "",
            "boot_delay": 0,
            "boot_retry_delay": 10000,
            "boot_retry_enabled": false,
            "cdrom": [],
            "change_version": "2024-07-21T03:03:32.022646Z",
            "clone": [
              {
                "customize": [
                  {
                    "dns_server_list": null,
                    "dns_suffix_list": null,
                    "ipv4_gateway": "172.28.112.1",
                    "ipv6_gateway": "",
                    "linux_options": [
                      {
                        "domain": "vsphere.local",
                        "host_name": "VM6",
                        "hw_clock_utc": true,
                        "time_zone": ""
                      }
                    ],
                    "network_interface": [
                      {
                        "dns_domain": "",
                        "dns_server_list": null,
                        "ipv4_address": "172.28.126.19",
                        "ipv4_netmask": 20,
                        "ipv6_address": "",
                        "ipv6_netmask": 0
                      }
                    ],
                    "timeout": 10,
                    "windows_options": [],
                    "windows_sysprep_text": ""
                  }
                ],
                "linked_clone": false,
                "ovf_network_map": null,
                "ovf_storage_map": null,
                "template_uuid": "423f7d97-c872-cf84-38fe-cd61d5d9e4fe",
                "timeout": 30
              }
            ],
            "cpu_hot_add_enabled": false,
            "cpu_hot_remove_enabled": false,
            "cpu_limit": -1,
            "cpu_performance_counters_enabled": false,
            "cpu_reservation": 0,
            "cpu_share_count": 2000,
            "cpu_share_level": "normal",
            "custom_attributes": null,
            "datacenter_id": null,
            "datastore_cluster_id": null,
            "datastore_id": "datastore-17",
            "default_ip_address": "172.28.126.19",
            "disk": [
              {
                "attach": false,
                "controller_type": "scsi",
                "datastore_id": "datastore-17",
                "device_address": "scsi:0:0",
                "disk_mode": "persistent",
                "disk_sharing": "sharingNone",
                "eagerly_scrub": false,
                "io_limit": -1,
                "io_reservation": 0,
                "io_share_count": 1000,
                "io_share_level": "normal",
                "keep_on_remove": false,
                "key": 2000,
                "label": "disk0",
                "path": "VM6/VM6.vmdk",
                "size": 20,
                "storage_policy_id": "",
                "thin_provisioned": false,
                "unit_number": 0,
                "uuid": "6000C294-6436-f243-a0b0-6f18b30751ab",
                "write_through": false
              }
            ],
            "efi_secure_boot_enabled": false,
            "enable_disk_uuid": false,
            "enable_logging": false,
            "ept_rvi_mode": "",
            "extra_config": {
              "guestinfo.userdata": "I2Nsb3VkLWNvbmZpZwpob3N0bmFtZTogVk02CmxvY2FsLWhvc3RuYW1lOiBWTTYKZnFkbjogVk02LnZzcGhlcmUubG9jYWwKbWFuYWdlX2V0Y19ob3N0czogdHJ1ZQpwYWNrYWdlX3VwZ3JhZGU6IHRydWUKdXNlcnM6CiAgLSBkZWZhdWx0CiAgLSBuYW1lOiBlc2dpCiAgICBzdWRvOiBBTEw9KEFMTCkgTk9QQVNTV0Q6QUxMCiAgICBzc2hfYXV0aG9yaXplZF9rZXlzOgogICAgICAtIHNzaC1yc2EgQUFBQUIzTnphQzF5YzJFQUFBQURBUUFCQUFBQmdRRGlSR3lxczU5WGpPNk14Z080MFhrNmkvY2F0Q3k2ZmFCdlNzblBQMTRWdmJUNWhXM01MTVRpYktieXN5anVKWjV2Wk5teklKeG02Wm5LNExjamwxSmZteXh1M0kyYm03NlFnV3ExRVkyNElLa1JGb0lQZllmL0NjakJsQWNTcXVKVjNPUFBEUDZTZjZabG1HYlBGVlRHdzFxWWQ2VmhYeFBjVXRYZ2o5Vi95Nk5JaXg0NXlIMFNlbDlHMS9qTSt6OUI0QzQwdDZ3UGIxM20xcFhDWE5tNnlRcXRheE1FREFWdm9jY2g0RlNHK3lEVWtZOFRId3VtVkNWWE5hWW9wakxRUytlZ1lyQ1ZyaE1qTGVhUEIxWUFvcFNjcUFHZEdHRlBZdEdHTlJoZFozRDljcjlsZDFrUVB6enRlZEhMZDl6aG8wRU5xWTZUNHNUQWdleFBiWU5iRmJTYTdLeWs4S1pNK2JlUzBaTnBNQ2JRNDZHRjlnRnR4ay9BcjZtYUJtRjVuYW43STBhaVlUSTNsNldaYkFCN3hwUDF2eU1MUEJFcGJiS0d0b2tET1Y1bXo4amYwMTk2VmRKZkJhbGh0OTA1aVpEUUgydzJwOUpDU05VdFR5QzIzUzc1MTkrNTV2UllWRWpGMXNrTUg3T0hrN3REN0RHVGNOZ2pkTHpENFEwPSB0YWVrQERFU0tUT1AtNThHTUtGUAogICAgICAtIHNzaC1yc2EgQUFBQUIzTnphQzF5YzJFQUFBQURBUUFCQUFBQmdRQ3RqZWNkRTlHU1Jrd1c2M1NQT3ZZaW91dU84alZQY3ZGSDdlQ3ZxNDJsS2JaTk9ZUGw2ZVJoa3ZkWXhNNWZzd3h0VVg5STA3TkJLUU9KOFU1WXNES0t0OXBFTU9NZmRqRzhRNDNUNnVXRGxyTDBScEg5WFh0aUNpSU0vSzhiRHg2RTY3akJOekVZcVBOVGUzMTJPdjY0dHdHaXFicHJZYTZ6a0lESXpldnBjYzNUZ0dnNlU1ZDlLM1pKRzF4c1pCcjBHZFFLbkh0NjlZYkN1cjVyeGE2dmZ1c3Ruazdxa0VXdUpKZlNJU1FsK0drdlNVSlBuMjBuRFE4VWN5OVovMzJ6YWtFNHc5NVBlUWdON25SQm42Z3BsVGs0VWxBclZyMDFDYkpXRFhvZFJWVjRNU2VuOWtFVXRPUU5uRUYwOVNmV1FUY29SYVkrRExXQkdTSlhZdlhjbVUvSWV1TkkwOE9ESVVQWFRkUmZsNVdIUVplMGlUc2VZOUVYVTIzZ3pTdFBNVlFpRFlLRi9nVWlSZGdNT080a2pUOHNZd1YrZmJ2eHgvR2hqR29QNklwYWRzRnVITGMwZ1RWdnpjYTlsVEJWc3J4TmNoV1RKUmQ5YWk2alF3cDMrcFJLQXdsamhiWDZiL2ZvZHZKWU1FZ1dTeWhZdCtsTlordGZnMFVoNXVrPSB0YWVrQERFU0tUT1AtNThHTUtGUAogICAgcGFzc3dkOiBSb290MTIzKgpzc2hfcHdhdXRoOiBUcnVlCg==",
              "guestinfo.userdata.encoding": "base64"
            },
            "firmware": "bios",
            "folder": "",
            "force_power_off": true,
            "guest_id": "debian12_64Guest",
            "guest_ip_addresses": [
              "172.28.126.19",
              "fe80::250:56ff:febf:567d"
            ],
            "hardware_version": 20,
            "host_system_id": "host-14",
            "hv_mode": "",
            "id": "423fea78-b5ae-8392-218d-5f8bbf9b4c64",
            "ide_controller_count": 2,
            "ignored_guest_ips": null,
            "imported": null,
            "latency_sensitivity": "normal",
            "memory": 2048,
            "memory_hot_add_enabled": false,
            "memory_limit": -1,
            "memory_reservation": 0,
            "memory_share_count": 20480,
            "memory_share_level": "normal",
            "migrate_wait_timeout": 30,
            "moid": "vm-1013",
            "name": "VM6",
            "nested_hv_enabled": false,
            "network_interface": [
              {
                "adapter_type": "vmxnet3",
                "bandwidth_limit": -1,
                "bandwidth_reservation": 0,
                "bandwidth_share_count": 50,
                "bandwidth_share_level": "normal",
                "device_address": "pci:0:7",
                "key": 4000,
                "mac_address": "00:50:56:bf:56:7d",
                "network_id": "network-18",
                "ovf_mapping": "",
                "use_static_mac": false
              }
            ],
            "num_cores_per_socket": 1,
            "num_cpus": 2,
            "ovf_deploy": [],
            "pci_device_id": null,
            "power_state": "on",
            "poweron_timeout": 300,
            "reboot_required": false,
            "replace_trigger": null,
            "resource_pool_id": "resgroup-9",
            "run_tools_scripts_after_power_on": true,
            "run_tools_scripts_after_resume": true,
            "run_tools_scripts_before_guest_reboot": false,
            "run_tools_scripts_before_guest_shutdown": true,
            "run_tools_scripts_before_guest_standby": true,
            "sata_controller_count": 0,
            "scsi_bus_sharing": "noSharing",
            "scsi_controller_count": 1,
            "scsi_type": "pvscsi",
            "shutdown_wait_timeout": 3,
            "storage_policy_id": "",
            "swap_placement_policy": "inherit",
            "sync_time_with_host": false,
            "sync_time_with_host_periodically": false,
            "tags": null,
            "tools_upgrade_policy": "manual",
            "uuid": "423fea78-b5ae-8392-218d-5f8bbf9b4c64",
            "vapp": [],
            "vapp_transport": [],
            "vbs_enabled": false,
            "vmware_tools_status": "guestToolsRunning",
            "vmx_path": "VM6/VM6.vmx",
            "vvtd_enabled": false,
            "wait_for_guest_ip_timeout": 0,
            "wait_for_guest_net_routable": true,
            "wait_for_guest_net_timeout": 5
          },
          "sensitive_attributes": [],
          "private": "eyJzY2hlbWFfdmVyc2lvbiI6IjMifQ==",
          "dependencies": [
            "data.vsphere_compute_cluster.cluster",
            "data.vsphere_datastore.datastore",
            "data.vsphere_network.network",
            "data.vsphere_virtual_machine.template"
          ]
        },
        {
          "index_key": 6,
          "schema_version": 3,
          "attributes": {
            "alternate_guest_name": "",
            "annotation": "",
            "boot_delay": 0,
            "boot_retry_delay": 10000,
            "boot_retry_enabled": false,
            "cdrom": [],
            "change_version": "2024-07-21T03:03:27.348016Z",
            "clone": [
              {
                "customize": [
                  {
                    "dns_server_list": null,
                    "dns_suffix_list": null,
                    "ipv4_gateway": "172.28.112.1",
                    "ipv6_gateway": "",
                    "linux_options": [
                      {
                        "domain": "vsphere.local",
                        "host_name": "VM7",
                        "hw_clock_utc": true,
                        "time_zone": ""
                      }
                    ],
                    "network_interface": [
                      {
                        "dns_domain": "",
                        "dns_server_list": null,
                        "ipv4_address": "172.28.126.20",
                        "ipv4_netmask": 20,
                        "ipv6_address": "",
                        "ipv6_netmask": 0
                      }
                    ],
                    "timeout": 10,
                    "windows_options": [],
                    "windows_sysprep_text": ""
                  }
                ],
                "linked_clone": false,
                "ovf_network_map": null,
                "ovf_storage_map": null,
                "template_uuid": "423f7d97-c872-cf84-38fe-cd61d5d9e4fe",
                "timeout": 30
              }
            ],
            "cpu_hot_add_enabled": false,
            "cpu_hot_remove_enabled": false,
            "cpu_limit": -1,
            "cpu_performance_counters_enabled": false,
            "cpu_reservation": 0,
            "cpu_share_count": 2000,
            "cpu_share_level": "normal",
            "custom_attributes": null,
            "datacenter_id": null,
            "datastore_cluster_id": null,
            "datastore_id": "datastore-17",
            "default_ip_address": "172.28.126.20",
            "disk": [
              {
                "attach": false,
                "controller_type": "scsi",
                "datastore_id": "datastore-17",
                "device_address": "scsi:0:0",
                "disk_mode": "persistent",
                "disk_sharing": "sharingNone",
                "eagerly_scrub": false,
                "io_limit": -1,
                "io_reservation": 0,
                "io_share_count": 1000,
                "io_share_level": "normal",
                "keep_on_remove": false,
                "key": 2000,
                "label": "disk0",
                "path": "VM7/VM7.vmdk",
                "size": 20,
                "storage_policy_id": "",
                "thin_provisioned": false,
                "unit_number": 0,
                "uuid": "6000C297-1711-2d64-a6a7-6e480f38e1b2",
                "write_through": false
              }
            ],
            "efi_secure_boot_enabled": false,
            "enable_disk_uuid": false,
            "enable_logging": false,
            "ept_rvi_mode": "",
            "extra_config": {
              "guestinfo.userdata": "I2Nsb3VkLWNvbmZpZwpob3N0bmFtZTogVk03CmxvY2FsLWhvc3RuYW1lOiBWTTcKZnFkbjogVk03LnZzcGhlcmUubG9jYWwKbWFuYWdlX2V0Y19ob3N0czogdHJ1ZQpwYWNrYWdlX3VwZ3JhZGU6IHRydWUKdXNlcnM6CiAgLSBkZWZhdWx0CiAgLSBuYW1lOiBlc2dpCiAgICBzdWRvOiBBTEw9KEFMTCkgTk9QQVNTV0Q6QUxMCiAgICBzc2hfYXV0aG9yaXplZF9rZXlzOgogICAgICAtIHNzaC1yc2EgQUFBQUIzTnphQzF5YzJFQUFBQURBUUFCQUFBQmdRRGlSR3lxczU5WGpPNk14Z080MFhrNmkvY2F0Q3k2ZmFCdlNzblBQMTRWdmJUNWhXM01MTVRpYktieXN5anVKWjV2Wk5teklKeG02Wm5LNExjamwxSmZteXh1M0kyYm03NlFnV3ExRVkyNElLa1JGb0lQZllmL0NjakJsQWNTcXVKVjNPUFBEUDZTZjZabG1HYlBGVlRHdzFxWWQ2VmhYeFBjVXRYZ2o5Vi95Nk5JaXg0NXlIMFNlbDlHMS9qTSt6OUI0QzQwdDZ3UGIxM20xcFhDWE5tNnlRcXRheE1FREFWdm9jY2g0RlNHK3lEVWtZOFRId3VtVkNWWE5hWW9wakxRUytlZ1lyQ1ZyaE1qTGVhUEIxWUFvcFNjcUFHZEdHRlBZdEdHTlJoZFozRDljcjlsZDFrUVB6enRlZEhMZDl6aG8wRU5xWTZUNHNUQWdleFBiWU5iRmJTYTdLeWs4S1pNK2JlUzBaTnBNQ2JRNDZHRjlnRnR4ay9BcjZtYUJtRjVuYW43STBhaVlUSTNsNldaYkFCN3hwUDF2eU1MUEJFcGJiS0d0b2tET1Y1bXo4amYwMTk2VmRKZkJhbGh0OTA1aVpEUUgydzJwOUpDU05VdFR5QzIzUzc1MTkrNTV2UllWRWpGMXNrTUg3T0hrN3REN0RHVGNOZ2pkTHpENFEwPSB0YWVrQERFU0tUT1AtNThHTUtGUAogICAgICAtIHNzaC1yc2EgQUFBQUIzTnphQzF5YzJFQUFBQURBUUFCQUFBQmdRQ3RqZWNkRTlHU1Jrd1c2M1NQT3ZZaW91dU84alZQY3ZGSDdlQ3ZxNDJsS2JaTk9ZUGw2ZVJoa3ZkWXhNNWZzd3h0VVg5STA3TkJLUU9KOFU1WXNES0t0OXBFTU9NZmRqRzhRNDNUNnVXRGxyTDBScEg5WFh0aUNpSU0vSzhiRHg2RTY3akJOekVZcVBOVGUzMTJPdjY0dHdHaXFicHJZYTZ6a0lESXpldnBjYzNUZ0dnNlU1ZDlLM1pKRzF4c1pCcjBHZFFLbkh0NjlZYkN1cjVyeGE2dmZ1c3Ruazdxa0VXdUpKZlNJU1FsK0drdlNVSlBuMjBuRFE4VWN5OVovMzJ6YWtFNHc5NVBlUWdON25SQm42Z3BsVGs0VWxBclZyMDFDYkpXRFhvZFJWVjRNU2VuOWtFVXRPUU5uRUYwOVNmV1FUY29SYVkrRExXQkdTSlhZdlhjbVUvSWV1TkkwOE9ESVVQWFRkUmZsNVdIUVplMGlUc2VZOUVYVTIzZ3pTdFBNVlFpRFlLRi9nVWlSZGdNT080a2pUOHNZd1YrZmJ2eHgvR2hqR29QNklwYWRzRnVITGMwZ1RWdnpjYTlsVEJWc3J4TmNoV1RKUmQ5YWk2alF3cDMrcFJLQXdsamhiWDZiL2ZvZHZKWU1FZ1dTeWhZdCtsTlordGZnMFVoNXVrPSB0YWVrQERFU0tUT1AtNThHTUtGUAogICAgcGFzc3dkOiBSb290MTIzKgpzc2hfcHdhdXRoOiBUcnVlCg==",
              "guestinfo.userdata.encoding": "base64"
            },
            "firmware": "bios",
            "folder": "",
            "force_power_off": true,
            "guest_id": "debian12_64Guest",
            "guest_ip_addresses": [
              "172.28.126.20",
              "fe80::250:56ff:febf:e36e"
            ],
            "hardware_version": 20,
            "host_system_id": "host-14",
            "hv_mode": "",
            "id": "423f5074-c630-de03-83ed-2e89607736d4",
            "ide_controller_count": 2,
            "ignored_guest_ips": null,
            "imported": null,
            "latency_sensitivity": "normal",
            "memory": 2048,
            "memory_hot_add_enabled": false,
            "memory_limit": -1,
            "memory_reservation": 0,
            "memory_share_count": 20480,
            "memory_share_level": "normal",
            "migrate_wait_timeout": 30,
            "moid": "vm-1016",
            "name": "VM7",
            "nested_hv_enabled": false,
            "network_interface": [
              {
                "adapter_type": "vmxnet3",
                "bandwidth_limit": -1,
                "bandwidth_reservation": 0,
                "bandwidth_share_count": 50,
                "bandwidth_share_level": "normal",
                "device_address": "pci:0:7",
                "key": 4000,
                "mac_address": "00:50:56:bf:e3:6e",
                "network_id": "network-18",
                "ovf_mapping": "",
                "use_static_mac": false
              }
            ],
            "num_cores_per_socket": 1,
            "num_cpus": 2,
            "ovf_deploy": [],
            "pci_device_id": null,
            "power_state": "on",
            "poweron_timeout": 300,
            "reboot_required": false,
            "replace_trigger": null,
            "resource_pool_id": "resgroup-9",
            "run_tools_scripts_after_power_on": true,
            "run_tools_scripts_after_resume": true,
            "run_tools_scripts_before_guest_reboot": false,
            "run_tools_scripts_before_guest_shutdown": true,
            "run_tools_scripts_before_guest_standby": true,
            "sata_controller_count": 0,
            "scsi_bus_sharing": "noSharing",
            "scsi_controller_count": 1,
            "scsi_type": "pvscsi",
            "shutdown_wait_timeout": 3,
            "storage_policy_id": "",
            "swap_placement_policy": "inherit",
            "sync_time_with_host": false,
            "sync_time_with_host_periodically": false,
            "tags": null,
            "tools_upgrade_policy": "manual",
            "uuid": "423f5074-c630-de03-83ed-2e89607736d4",
            "vapp": [],
            "vapp_transport": [],
            "vbs_enabled": false,
            "vmware_tools_status": "guestToolsRunning",
            "vmx_path": "VM7/VM7.vmx",
            "vvtd_enabled": false,
            "wait_for_guest_ip_timeout": 0,
            "wait_for_guest_net_routable": true,
            "wait_for_guest_net_timeout": 5
          },
          "sensitive_attributes": [],
          "private": "eyJzY2hlbWFfdmVyc2lvbiI6IjMifQ==",
          "dependencies": [
            "data.vsphere_compute_cluster.cluster",
            "data.vsphere_datastore.datastore",
            "data.vsphere_network.network",
            "data.vsphere_virtual_machine.template"
          ]
        },
        {
          "index_key": 7,
          "schema_version": 3,
          "attributes": {
            "alternate_guest_name": "",
            "annotation": "",
            "boot_delay": 0,
            "boot_retry_delay": 10000,
            "boot_retry_enabled": false,
            "cdrom": [],
            "change_version": "2024-07-21T03:03:30.7308Z",
            "clone": [
              {
                "customize": [
                  {
                    "dns_server_list": null,
                    "dns_suffix_list": null,
                    "ipv4_gateway": "172.28.112.1",
                    "ipv6_gateway": "",
                    "linux_options": [
                      {
                        "domain": "vsphere.local",
                        "host_name": "VM8",
                        "hw_clock_utc": true,
                        "time_zone": ""
                      }
                    ],
                    "network_interface": [
                      {
                        "dns_domain": "",
                        "dns_server_list": null,
                        "ipv4_address": "172.28.126.21",
                        "ipv4_netmask": 20,
                        "ipv6_address": "",
                        "ipv6_netmask": 0
                      }
                    ],
                    "timeout": 10,
                    "windows_options": [],
                    "windows_sysprep_text": ""
                  }
                ],
                "linked_clone": false,
                "ovf_network_map": null,
                "ovf_storage_map": null,
                "template_uuid": "423f7d97-c872-cf84-38fe-cd61d5d9e4fe",
                "timeout": 30
              }
            ],
            "cpu_hot_add_enabled": false,
            "cpu_hot_remove_enabled": false,
            "cpu_limit": -1,
            "cpu_performance_counters_enabled": false,
            "cpu_reservation": 0,
            "cpu_share_count": 2000,
            "cpu_share_level": "normal",
            "custom_attributes": null,
            "datacenter_id": null,
            "datastore_cluster_id": null,
            "datastore_id": "datastore-17",
            "default_ip_address": "172.28.115.61",
            "disk": [
              {
                "attach": false,
                "controller_type": "scsi",
                "datastore_id": "datastore-17",
                "device_address": "scsi:0:0",
                "disk_mode": "persistent",
                "disk_sharing": "sharingNone",
                "eagerly_scrub": false,
                "io_limit": -1,
                "io_reservation": 0,
                "io_share_count": 1000,
                "io_share_level": "normal",
                "keep_on_remove": false,
                "key": 2000,
                "label": "disk0",
                "path": "VM8/VM8.vmdk",
                "size": 20,
                "storage_policy_id": "",
                "thin_provisioned": false,
                "unit_number": 0,
                "uuid": "6000C294-0a38-a267-9597-a4a044323f9c",
                "write_through": false
              }
            ],
            "efi_secure_boot_enabled": false,
            "enable_disk_uuid": false,
            "enable_logging": false,
            "ept_rvi_mode": "",
            "extra_config": {
              "guestinfo.userdata": "I2Nsb3VkLWNvbmZpZwpob3N0bmFtZTogVk04CmxvY2FsLWhvc3RuYW1lOiBWTTgKZnFkbjogVk04LnZzcGhlcmUubG9jYWwKbWFuYWdlX2V0Y19ob3N0czogdHJ1ZQpwYWNrYWdlX3VwZ3JhZGU6IHRydWUKdXNlcnM6CiAgLSBkZWZhdWx0CiAgLSBuYW1lOiBlc2dpCiAgICBzdWRvOiBBTEw9KEFMTCkgTk9QQVNTV0Q6QUxMCiAgICBzc2hfYXV0aG9yaXplZF9rZXlzOgogICAgICAtIHNzaC1yc2EgQUFBQUIzTnphQzF5YzJFQUFBQURBUUFCQUFBQmdRRGlSR3lxczU5WGpPNk14Z080MFhrNmkvY2F0Q3k2ZmFCdlNzblBQMTRWdmJUNWhXM01MTVRpYktieXN5anVKWjV2Wk5teklKeG02Wm5LNExjamwxSmZteXh1M0kyYm03NlFnV3ExRVkyNElLa1JGb0lQZllmL0NjakJsQWNTcXVKVjNPUFBEUDZTZjZabG1HYlBGVlRHdzFxWWQ2VmhYeFBjVXRYZ2o5Vi95Nk5JaXg0NXlIMFNlbDlHMS9qTSt6OUI0QzQwdDZ3UGIxM20xcFhDWE5tNnlRcXRheE1FREFWdm9jY2g0RlNHK3lEVWtZOFRId3VtVkNWWE5hWW9wakxRUytlZ1lyQ1ZyaE1qTGVhUEIxWUFvcFNjcUFHZEdHRlBZdEdHTlJoZFozRDljcjlsZDFrUVB6enRlZEhMZDl6aG8wRU5xWTZUNHNUQWdleFBiWU5iRmJTYTdLeWs4S1pNK2JlUzBaTnBNQ2JRNDZHRjlnRnR4ay9BcjZtYUJtRjVuYW43STBhaVlUSTNsNldaYkFCN3hwUDF2eU1MUEJFcGJiS0d0b2tET1Y1bXo4amYwMTk2VmRKZkJhbGh0OTA1aVpEUUgydzJwOUpDU05VdFR5QzIzUzc1MTkrNTV2UllWRWpGMXNrTUg3T0hrN3REN0RHVGNOZ2pkTHpENFEwPSB0YWVrQERFU0tUT1AtNThHTUtGUAogICAgICAtIHNzaC1yc2EgQUFBQUIzTnphQzF5YzJFQUFBQURBUUFCQUFBQmdRQ3RqZWNkRTlHU1Jrd1c2M1NQT3ZZaW91dU84alZQY3ZGSDdlQ3ZxNDJsS2JaTk9ZUGw2ZVJoa3ZkWXhNNWZzd3h0VVg5STA3TkJLUU9KOFU1WXNES0t0OXBFTU9NZmRqRzhRNDNUNnVXRGxyTDBScEg5WFh0aUNpSU0vSzhiRHg2RTY3akJOekVZcVBOVGUzMTJPdjY0dHdHaXFicHJZYTZ6a0lESXpldnBjYzNUZ0dnNlU1ZDlLM1pKRzF4c1pCcjBHZFFLbkh0NjlZYkN1cjVyeGE2dmZ1c3Ruazdxa0VXdUpKZlNJU1FsK0drdlNVSlBuMjBuRFE4VWN5OVovMzJ6YWtFNHc5NVBlUWdON25SQm42Z3BsVGs0VWxBclZyMDFDYkpXRFhvZFJWVjRNU2VuOWtFVXRPUU5uRUYwOVNmV1FUY29SYVkrRExXQkdTSlhZdlhjbVUvSWV1TkkwOE9ESVVQWFRkUmZsNVdIUVplMGlUc2VZOUVYVTIzZ3pTdFBNVlFpRFlLRi9nVWlSZGdNT080a2pUOHNZd1YrZmJ2eHgvR2hqR29QNklwYWRzRnVITGMwZ1RWdnpjYTlsVEJWc3J4TmNoV1RKUmQ5YWk2alF3cDMrcFJLQXdsamhiWDZiL2ZvZHZKWU1FZ1dTeWhZdCtsTlordGZnMFVoNXVrPSB0YWVrQERFU0tUT1AtNThHTUtGUAogICAgcGFzc3dkOiBSb290MTIzKgpzc2hfcHdhdXRoOiBUcnVlCg==",
              "guestinfo.userdata.encoding": "base64"
            },
            "firmware": "bios",
            "folder": "",
            "force_power_off": true,
            "guest_id": "debian12_64Guest",
            "guest_ip_addresses": [
              "172.28.115.61",
              "172.28.126.13",
              "fe80::250:56ff:febf:3277"
            ],
            "hardware_version": 20,
            "host_system_id": "host-14",
            "hv_mode": "",
            "id": "423f34bf-8638-ac96-f89a-1a3305babf6b",
            "ide_controller_count": 2,
            "ignored_guest_ips": null,
            "imported": null,
            "latency_sensitivity": "normal",
            "memory": 2048,
            "memory_hot_add_enabled": false,
            "memory_limit": -1,
            "memory_reservation": 0,
            "memory_share_count": 20480,
            "memory_share_level": "normal",
            "migrate_wait_timeout": 30,
            "moid": "vm-1014",
            "name": "VM8",
            "nested_hv_enabled": false,
            "network_interface": [
              {
                "adapter_type": "vmxnet3",
                "bandwidth_limit": -1,
                "bandwidth_reservation": 0,
                "bandwidth_share_count": 50,
                "bandwidth_share_level": "normal",
                "device_address": "pci:0:7",
                "key": 4000,
                "mac_address": "00:50:56:bf:32:77",
                "network_id": "network-18",
                "ovf_mapping": "",
                "use_static_mac": false
              }
            ],
            "num_cores_per_socket": 1,
            "num_cpus": 2,
            "ovf_deploy": [],
            "pci_device_id": null,
            "power_state": "on",
            "poweron_timeout": 300,
            "reboot_required": false,
            "replace_trigger": null,
            "resource_pool_id": "resgroup-9",
            "run_tools_scripts_after_power_on": true,
            "run_tools_scripts_after_resume": true,
            "run_tools_scripts_before_guest_reboot": false,
            "run_tools_scripts_before_guest_shutdown": true,
            "run_tools_scripts_before_guest_standby": true,
            "sata_controller_count": 0,
            "scsi_bus_sharing": "noSharing",
            "scsi_controller_count": 1,
            "scsi_type": "pvscsi",
            "shutdown_wait_timeout": 3,
            "storage_policy_id": "",
            "swap_placement_policy": "inherit",
            "sync_time_with_host": false,
            "sync_time_with_host_periodically": false,
            "tags": null,
            "tools_upgrade_policy": "manual",
            "uuid": "423f34bf-8638-ac96-f89a-1a3305babf6b",
            "vapp": [],
            "vapp_transport": [],
            "vbs_enabled": false,
            "vmware_tools_status": "guestToolsRunning",
            "vmx_path": "VM8/VM8.vmx",
            "vvtd_enabled": false,
            "wait_for_guest_ip_timeout": 0,
            "wait_for_guest_net_routable": true,
            "wait_for_guest_net_timeout": 5
          },
          "sensitive_attributes": [],
          "private": "eyJzY2hlbWFfdmVyc2lvbiI6IjMifQ==",
          "dependencies": [
            "data.vsphere_compute_cluster.cluster",
            "data.vsphere_datastore.datastore",
            "data.vsphere_network.network",
            "data.vsphere_virtual_machine.template"
          ]
        },
        {
          "index_key": 8,
          "schema_version": 3,
          "attributes": {
            "alternate_guest_name": "",
            "annotation": "",
            "boot_delay": 0,
            "boot_retry_delay": 10000,
            "boot_retry_enabled": false,
            "cdrom": [],
            "change_version": "2024-07-21T03:03:04.186168Z",
            "clone": [
              {
                "customize": [
                  {
                    "dns_server_list": null,
                    "dns_suffix_list": null,
                    "ipv4_gateway": "172.28.112.1",
                    "ipv6_gateway": "",
                    "linux_options": [
                      {
                        "domain": "vsphere.local",
                        "host_name": "VM9",
                        "hw_clock_utc": true,
                        "time_zone": ""
                      }
                    ],
                    "network_interface": [
                      {
                        "dns_domain": "",
                        "dns_server_list": null,
                        "ipv4_address": "172.28.126.22",
                        "ipv4_netmask": 20,
                        "ipv6_address": "",
                        "ipv6_netmask": 0
                      }
                    ],
                    "timeout": 10,
                    "windows_options": [],
                    "windows_sysprep_text": ""
                  }
                ],
                "linked_clone": false,
                "ovf_network_map": null,
                "ovf_storage_map": null,
                "template_uuid": "423f7d97-c872-cf84-38fe-cd61d5d9e4fe",
                "timeout": 30
              }
            ],
            "cpu_hot_add_enabled": false,
            "cpu_hot_remove_enabled": false,
            "cpu_limit": -1,
            "cpu_performance_counters_enabled": false,
            "cpu_reservation": 0,
            "cpu_share_count": 2000,
            "cpu_share_level": "normal",
            "custom_attributes": null,
            "datacenter_id": null,
            "datastore_cluster_id": null,
            "datastore_id": "datastore-17",
            "default_ip_address": "172.28.126.22",
            "disk": [
              {
                "attach": false,
                "controller_type": "scsi",
                "datastore_id": "datastore-17",
                "device_address": "scsi:0:0",
                "disk_mode": "persistent",
                "disk_sharing": "sharingNone",
                "eagerly_scrub": false,
                "io_limit": -1,
                "io_reservation": 0,
                "io_share_count": 1000,
                "io_share_level": "normal",
                "keep_on_remove": false,
                "key": 2000,
                "label": "disk0",
                "path": "VM9/VM9.vmdk",
                "size": 20,
                "storage_policy_id": "",
                "thin_provisioned": false,
                "unit_number": 0,
                "uuid": "6000C294-a1ba-7319-3642-91059225fc9e",
                "write_through": false
              }
            ],
            "efi_secure_boot_enabled": false,
            "enable_disk_uuid": false,
            "enable_logging": false,
            "ept_rvi_mode": "",
            "extra_config": {
              "guestinfo.userdata": "I2Nsb3VkLWNvbmZpZwpob3N0bmFtZTogVk05CmxvY2FsLWhvc3RuYW1lOiBWTTkKZnFkbjogVk05LnZzcGhlcmUubG9jYWwKbWFuYWdlX2V0Y19ob3N0czogdHJ1ZQpwYWNrYWdlX3VwZ3JhZGU6IHRydWUKdXNlcnM6CiAgLSBkZWZhdWx0CiAgLSBuYW1lOiBlc2dpCiAgICBzdWRvOiBBTEw9KEFMTCkgTk9QQVNTV0Q6QUxMCiAgICBzc2hfYXV0aG9yaXplZF9rZXlzOgogICAgICAtIHNzaC1yc2EgQUFBQUIzTnphQzF5YzJFQUFBQURBUUFCQUFBQmdRRGlSR3lxczU5WGpPNk14Z080MFhrNmkvY2F0Q3k2ZmFCdlNzblBQMTRWdmJUNWhXM01MTVRpYktieXN5anVKWjV2Wk5teklKeG02Wm5LNExjamwxSmZteXh1M0kyYm03NlFnV3ExRVkyNElLa1JGb0lQZllmL0NjakJsQWNTcXVKVjNPUFBEUDZTZjZabG1HYlBGVlRHdzFxWWQ2VmhYeFBjVXRYZ2o5Vi95Nk5JaXg0NXlIMFNlbDlHMS9qTSt6OUI0QzQwdDZ3UGIxM20xcFhDWE5tNnlRcXRheE1FREFWdm9jY2g0RlNHK3lEVWtZOFRId3VtVkNWWE5hWW9wakxRUytlZ1lyQ1ZyaE1qTGVhUEIxWUFvcFNjcUFHZEdHRlBZdEdHTlJoZFozRDljcjlsZDFrUVB6enRlZEhMZDl6aG8wRU5xWTZUNHNUQWdleFBiWU5iRmJTYTdLeWs4S1pNK2JlUzBaTnBNQ2JRNDZHRjlnRnR4ay9BcjZtYUJtRjVuYW43STBhaVlUSTNsNldaYkFCN3hwUDF2eU1MUEJFcGJiS0d0b2tET1Y1bXo4amYwMTk2VmRKZkJhbGh0OTA1aVpEUUgydzJwOUpDU05VdFR5QzIzUzc1MTkrNTV2UllWRWpGMXNrTUg3T0hrN3REN0RHVGNOZ2pkTHpENFEwPSB0YWVrQERFU0tUT1AtNThHTUtGUAogICAgICAtIHNzaC1yc2EgQUFBQUIzTnphQzF5YzJFQUFBQURBUUFCQUFBQmdRQ3RqZWNkRTlHU1Jrd1c2M1NQT3ZZaW91dU84alZQY3ZGSDdlQ3ZxNDJsS2JaTk9ZUGw2ZVJoa3ZkWXhNNWZzd3h0VVg5STA3TkJLUU9KOFU1WXNES0t0OXBFTU9NZmRqRzhRNDNUNnVXRGxyTDBScEg5WFh0aUNpSU0vSzhiRHg2RTY3akJOekVZcVBOVGUzMTJPdjY0dHdHaXFicHJZYTZ6a0lESXpldnBjYzNUZ0dnNlU1ZDlLM1pKRzF4c1pCcjBHZFFLbkh0NjlZYkN1cjVyeGE2dmZ1c3Ruazdxa0VXdUpKZlNJU1FsK0drdlNVSlBuMjBuRFE4VWN5OVovMzJ6YWtFNHc5NVBlUWdON25SQm42Z3BsVGs0VWxBclZyMDFDYkpXRFhvZFJWVjRNU2VuOWtFVXRPUU5uRUYwOVNmV1FUY29SYVkrRExXQkdTSlhZdlhjbVUvSWV1TkkwOE9ESVVQWFRkUmZsNVdIUVplMGlUc2VZOUVYVTIzZ3pTdFBNVlFpRFlLRi9nVWlSZGdNT080a2pUOHNZd1YrZmJ2eHgvR2hqR29QNklwYWRzRnVITGMwZ1RWdnpjYTlsVEJWc3J4TmNoV1RKUmQ5YWk2alF3cDMrcFJLQXdsamhiWDZiL2ZvZHZKWU1FZ1dTeWhZdCtsTlordGZnMFVoNXVrPSB0YWVrQERFU0tUT1AtNThHTUtGUAogICAgcGFzc3dkOiBSb290MTIzKgpzc2hfcHdhdXRoOiBUcnVlCg==",
              "guestinfo.userdata.encoding": "base64"
            },
            "firmware": "bios",
            "folder": "",
            "force_power_off": true,
            "guest_id": "debian12_64Guest",
            "guest_ip_addresses": [
              "172.28.126.22",
              "fe80::250:56ff:febf:8ab7"
            ],
            "hardware_version": 20,
            "host_system_id": "host-14",
            "hv_mode": "",
            "id": "423fa664-7cd1-b75c-7579-64d865472776",
            "ide_controller_count": 2,
            "ignored_guest_ips": null,
            "imported": null,
            "latency_sensitivity": "normal",
            "memory": 2048,
            "memory_hot_add_enabled": false,
            "memory_limit": -1,
            "memory_reservation": 0,
            "memory_share_count": 20480,
            "memory_share_level": "normal",
            "migrate_wait_timeout": 30,
            "moid": "vm-1015",
            "name": "VM9",
            "nested_hv_enabled": false,
            "network_interface": [
              {
                "adapter_type": "vmxnet3",
                "bandwidth_limit": -1,
                "bandwidth_reservation": 0,
                "bandwidth_share_count": 50,
                "bandwidth_share_level": "normal",
                "device_address": "pci:0:7",
                "key": 4000,
                "mac_address": "00:50:56:bf:8a:b7",
                "network_id": "network-18",
                "ovf_mapping": "",
                "use_static_mac": false
              }
            ],
            "num_cores_per_socket": 1,
            "num_cpus": 2,
            "ovf_deploy": [],
            "pci_device_id": null,
            "power_state": "on",
            "poweron_timeout": 300,
            "reboot_required": false,
            "replace_trigger": null,
            "resource_pool_id": "resgroup-9",
            "run_tools_scripts_after_power_on": true,
            "run_tools_scripts_after_resume": true,
            "run_tools_scripts_before_guest_reboot": false,
            "run_tools_scripts_before_guest_shutdown": true,
            "run_tools_scripts_before_guest_standby": true,
            "sata_controller_count": 0,
            "scsi_bus_sharing": "noSharing",
            "scsi_controller_count": 1,
            "scsi_type": "pvscsi",
            "shutdown_wait_timeout": 3,
            "storage_policy_id": "",
            "swap_placement_policy": "inherit",
            "sync_time_with_host": false,
            "sync_time_with_host_periodically": false,
            "tags": null,
            "tools_upgrade_policy": "manual",
            "uuid": "423fa664-7cd1-b75c-7579-64d865472776",
            "vapp": [],
            "vapp_transport": [],
            "vbs_enabled": false,
            "vmware_tools_status": "guestToolsRunning",
            "vmx_path": "VM9/VM9.vmx",
            "vvtd_enabled": false,
            "wait_for_guest_ip_timeout": 0,
            "wait_for_guest_net_routable": true,
            "wait_for_guest_net_timeout": 5
          },
          "sensitive_attributes": [],
          "private": "eyJzY2hlbWFfdmVyc2lvbiI6IjMifQ==",
          "dependencies": [
            "data.vsphere_compute_cluster.cluster",
            "data.vsphere_datastore.datastore",
            "data.vsphere_network.network",
            "data.vsphere_virtual_machine.template"
          ]
        }
      ]
    }
  ]
}
