{
  "version": 4,
  "terraform_version": "1.2.9",
  "serial": 10,
  "lineage": "1cfb19f1-dc43-7f9e-f632-1640de5de4ee",
  "outputs": {},
  "resources": [
    {
      "mode": "data",
      "type": "vsphere_compute_cluster",
      "name": "cluster",
      "provider": "provider[\"registry.terraform.io/hashicorp/vsphere\"]",
      "instances": [
        {
          "schema_version": 0,
          "attributes": {
            "datacenter_id": "datacenter-3",
            "id": "domain-c8",
            "name": "cluster-a",
            "resource_pool_id": "resgroup-9"
          },
          "sensitive_attributes": []
        }
      ]
    },
    {
      "mode": "data",
      "type": "vsphere_datacenter",
      "name": "dc",
      "provider": "provider[\"registry.terraform.io/hashicorp/vsphere\"]",
      "instances": [
        {
          "schema_version": 0,
          "attributes": {
            "id": "datacenter-3",
            "name": "DatacenterProjet"
          },
          "sensitive_attributes": []
        }
      ]
    },
    {
      "mode": "data",
      "type": "vsphere_datastore",
      "name": "datastore",
      "provider": "provider[\"registry.terraform.io/hashicorp/vsphere\"]",
      "instances": [
        {
          "schema_version": 0,
          "attributes": {
            "datacenter_id": "datacenter-3",
            "id": "datastore-17",
            "name": "datastorehost"
          },
          "sensitive_attributes": []
        }
      ]
    },
    {
      "mode": "data",
      "type": "vsphere_network",
      "name": "network",
      "provider": "provider[\"registry.terraform.io/hashicorp/vsphere\"]",
      "instances": [
        {
          "schema_version": 0,
          "attributes": {
            "datacenter_id": "datacenter-3",
            "distributed_virtual_switch_uuid": null,
            "id": "network-18",
            "name": "VM Network",
            "type": "Network"
          },
          "sensitive_attributes": []
        }
      ]
    },
    {
      "mode": "data",
      "type": "vsphere_virtual_machine",
      "name": "template",
      "provider": "provider[\"registry.terraform.io/hashicorp/vsphere\"]",
      "instances": [
        {
          "schema_version": 0,
          "attributes": {
            "alternate_guest_name": "",
            "annotation": "",
            "boot_delay": 0,
            "boot_retry_delay": 10000,
            "boot_retry_enabled": false,
            "change_version": "2024-07-21T02:51:34.567204Z",
            "cpu_hot_add_enabled": false,
            "cpu_hot_remove_enabled": false,
            "cpu_limit": -1,
            "cpu_performance_counters_enabled": false,
            "cpu_reservation": 0,
            "cpu_share_count": 1000,
            "cpu_share_level": "normal",
            "datacenter_id": "datacenter-3",
            "default_ip_address": "172.28.126.13",
            "disks": [
              {
                "eagerly_scrub": false,
                "label": "Hard disk 1",
                "size": 16,
                "thin_provisioned": false,
                "unit_number": 0
              }
            ],
            "efi_secure_boot_enabled": false,
            "enable_disk_uuid": false,
            "enable_logging": true,
            "ept_rvi_mode": "",
            "extra_config": {},
            "firmware": "bios",
            "guest_id": "debian12_64Guest",
            "guest_ip_addresses": [
              "172.28.126.13",
              "fe80::250:56ff:febf:76b0"
            ],
            "hardware_version": 20,
            "hv_mode": "",
            "id": "423f7d97-c872-cf84-38fe-cd61d5d9e4fe",
            "ide_controller_scan_count": 2,
            "latency_sensitivity": "normal",
            "memory": 2048,
            "memory_hot_add_enabled": false,
            "memory_limit": -1,
            "memory_reservation": 0,
            "memory_share_count": 20480,
            "memory_share_level": "normal",
            "name": "debian-template",
            "nested_hv_enabled": false,
            "network_interface_types": [
              "vmxnet3"
            ],
            "network_interfaces": [
              {
                "adapter_type": "vmxnet3",
                "bandwidth_limit": -1,
                "bandwidth_reservation": 0,
                "bandwidth_share_count": 50,
                "bandwidth_share_level": "normal",
                "mac_address": "00:50:56:bf:76:b0",
                "network_id": "network-18"
              }
            ],
            "num_cores_per_socket": 1,
            "num_cpus": 1,
            "replace_trigger": null,
            "run_tools_scripts_after_power_on": true,
            "run_tools_scripts_after_resume": true,
            "run_tools_scripts_before_guest_reboot": false,
            "run_tools_scripts_before_guest_shutdown": true,
            "run_tools_scripts_before_guest_standby": true,
            "sata_controller_scan_count": 0,
            "scsi_bus_sharing": "noSharing",
            "scsi_controller_scan_count": 1,
            "scsi_type": "pvscsi",
            "storage_policy_id": null,
            "swap_placement_policy": "inherit",
            "sync_time_with_host": true,
            "sync_time_with_host_periodically": false,
            "tools_upgrade_policy": "manual",
            "uuid": "423f7d97-c872-cf84-38fe-cd61d5d9e4fe",
            "vapp": null,
            "vapp_transport": [],
            "vbs_enabled": false,
            "vvtd_enabled": false
          },
          "sensitive_attributes": []
        }
      ]
    },
    {
      "mode": "managed",
      "type": "vsphere_virtual_machine",
      "name": "vm",
      "provider": "provider[\"registry.terraform.io/hashicorp/vsphere\"]",
      "instances": [
        {
          "index_key": 0,
          "status": "tainted",
          "schema_version": 3,
          "attributes": {
            "alternate_guest_name": null,
            "annotation": null,
            "boot_delay": null,
            "boot_retry_delay": 10000,
            "boot_retry_enabled": null,
            "cdrom": [],
            "change_version": null,
            "clone": [
              {
                "customize": [
                  {
                    "dns_server_list": null,
                    "dns_suffix_list": null,
                    "ipv4_gateway": "172.28.112.1",
                    "ipv6_gateway": "",
                    "linux_options": [
                      {
                        "domain": "vsphere.local",
                        "host_name": "VM1",
                        "hw_clock_utc": true,
                        "time_zone": ""
                      }
                    ],
                    "network_interface": [
                      {
                        "dns_domain": "",
                        "dns_server_list": null,
                        "ipv4_address": "172.28.126.14",
                        "ipv4_netmask": 20,
                        "ipv6_address": "",
                        "ipv6_netmask": 0
                      }
                    ],
                    "timeout": 10,
                    "windows_options": [],
                    "windows_sysprep_text": ""
                  }
                ],
                "linked_clone": false,
                "ovf_network_map": null,
                "ovf_storage_map": null,
                "template_uuid": "423f7d97-c872-cf84-38fe-cd61d5d9e4fe",
                "timeout": 30
              }
            ],
            "cpu_hot_add_enabled": null,
            "cpu_hot_remove_enabled": null,
            "cpu_limit": -1,
            "cpu_performance_counters_enabled": null,
            "cpu_reservation": null,
            "cpu_share_count": null,
            "cpu_share_level": "normal",
            "custom_attributes": null,
            "datacenter_id": null,
            "datastore_cluster_id": null,
            "datastore_id": "datastore-17",
            "default_ip_address": null,
            "disk": [
              {
                "attach": false,
                "controller_type": "scsi",
                "datastore_id": "datastore-17",
                "device_address": "scsi:0:0",
                "disk_mode": "persistent",
                "disk_sharing": "sharingNone",
                "eagerly_scrub": false,
                "io_limit": -1,
                "io_reservation": 0,
                "io_share_count": 1000,
                "io_share_level": "normal",
                "keep_on_remove": false,
                "key": 2000,
                "label": "disk0",
                "path": "VM1/VM1.vmdk",
                "size": 20,
                "storage_policy_id": "",
                "thin_provisioned": false,
                "unit_number": 0,
                "uuid": "6000C291-c129-c1f9-3eb8-d2de3ef5add8",
                "write_through": false
              }
            ],
            "efi_secure_boot_enabled": null,
            "enable_disk_uuid": null,
            "enable_logging": null,
            "ept_rvi_mode": "automatic",
            "extra_config": {
              "guestinfo.userdata": "I2Nsb3VkLWNvbmZpZwpob3N0bmFtZTogVk0xCmxvY2FsLWhvc3RuYW1lOiBWTTEKZnFkbjogVk0xLnZzcGhlcmUubG9jYWwKbWFuYWdlX2V0Y19ob3N0czogdHJ1ZQpwYWNrYWdlX3VwZ3JhZGU6IHRydWUKdXNlcnM6CiAgLSBkZWZhdWx0CiAgLSBuYW1lOiBlc2dpCiAgICBzdWRvOiBBTEw9KEFMTCkgTk9QQVNTV0Q6QUxMCiAgICBzc2hfYXV0aG9yaXplZF9rZXlzOgogICAgICAtIHNzaC1yc2EgQUFBQUIzTnphQzF5YzJFQUFBQURBUUFCQUFBQmdRRGlSR3lxczU5WGpPNk14Z080MFhrNmkvY2F0Q3k2ZmFCdlNzblBQMTRWdmJUNWhXM01MTVRpYktieXN5anVKWjV2Wk5teklKeG02Wm5LNExjamwxSmZteXh1M0kyYm03NlFnV3ExRVkyNElLa1JGb0lQZllmL0NjakJsQWNTcXVKVjNPUFBEUDZTZjZabG1HYlBGVlRHdzFxWWQ2VmhYeFBjVXRYZ2o5Vi95Nk5JaXg0NXlIMFNlbDlHMS9qTSt6OUI0QzQwdDZ3UGIxM20xcFhDWE5tNnlRcXRheE1FREFWdm9jY2g0RlNHK3lEVWtZOFRId3VtVkNWWE5hWW9wakxRUytlZ1lyQ1ZyaE1qTGVhUEIxWUFvcFNjcUFHZEdHRlBZdEdHTlJoZFozRDljcjlsZDFrUVB6enRlZEhMZDl6aG8wRU5xWTZUNHNUQWdleFBiWU5iRmJTYTdLeWs4S1pNK2JlUzBaTnBNQ2JRNDZHRjlnRnR4ay9BcjZtYUJtRjVuYW43STBhaVlUSTNsNldaYkFCN3hwUDF2eU1MUEJFcGJiS0d0b2tET1Y1bXo4amYwMTk2VmRKZkJhbGh0OTA1aVpEUUgydzJwOUpDU05VdFR5QzIzUzc1MTkrNTV2UllWRWpGMXNrTUg3T0hrN3REN0RHVGNOZ2pkTHpENFEwPSB0YWVrQERFU0tUT1AtNThHTUtGUAogICAgICAtIHNzaC1yc2EgQUFBQUIzTnphQzF5YzJFQUFBQURBUUFCQUFBQmdRQ3RqZWNkRTlHU1Jrd1c2M1NQT3ZZaW91dU84alZQY3ZGSDdlQ3ZxNDJsS2JaTk9ZUGw2ZVJoa3ZkWXhNNWZzd3h0VVg5STA3TkJLUU9KOFU1WXNES0t0OXBFTU9NZmRqRzhRNDNUNnVXRGxyTDBScEg5WFh0aUNpSU0vSzhiRHg2RTY3akJOekVZcVBOVGUzMTJPdjY0dHdHaXFicHJZYTZ6a0lESXpldnBjYzNUZ0dnNlU1ZDlLM1pKRzF4c1pCcjBHZFFLbkh0NjlZYkN1cjVyeGE2dmZ1c3Ruazdxa0VXdUpKZlNJU1FsK0drdlNVSlBuMjBuRFE4VWN5OVovMzJ6YWtFNHc5NVBlUWdON25SQm42Z3BsVGs0VWxBclZyMDFDYkpXRFhvZFJWVjRNU2VuOWtFVXRPUU5uRUYwOVNmV1FUY29SYVkrRExXQkdTSlhZdlhjbVUvSWV1TkkwOE9ESVVQWFRkUmZsNVdIUVplMGlUc2VZOUVYVTIzZ3pTdFBNVlFpRFlLRi9nVWlSZGdNT080a2pUOHNZd1YrZmJ2eHgvR2hqR29QNklwYWRzRnVITGMwZ1RWdnpjYTlsVEJWc3J4TmNoV1RKUmQ5YWk2alF3cDMrcFJLQXdsamhiWDZiL2ZvZHZKWU1FZ1dTeWhZdCtsTlordGZnMFVoNXVrPSB0YWVrQERFU0tUT1AtNThHTUtGUAogICAgcGFzc3dkOiBSb290MTIzKgpzc2hfcHdhdXRoOiBUcnVlCg==",
              "guestinfo.userdata.encoding": "base64"
            },
            "firmware": "bios",
            "folder": null,
            "force_power_off": true,
            "guest_id": "debian12_64Guest",
            "guest_ip_addresses": null,
            "hardware_version": null,
            "host_system_id": null,
            "hv_mode": "hvAuto",
            "id": "423f2e36-81f9-da2b-0207-44ea2bb5c832",
            "ide_controller_count": 2,
            "ignored_guest_ips": null,
            "imported": null,
            "latency_sensitivity": "normal",
            "memory": 2048,
            "memory_hot_add_enabled": null,
            "memory_limit": -1,
            "memory_reservation": null,
            "memory_share_count": null,
            "memory_share_level": "normal",
            "migrate_wait_timeout": 30,
            "moid": null,
            "name": "VM1",
            "nested_hv_enabled": null,
            "network_interface": [
              {
                "adapter_type": "vmxnet3",
                "bandwidth_limit": -1,
                "bandwidth_reservation": 0,
                "bandwidth_share_count": 0,
                "bandwidth_share_level": "normal",
                "device_address": "pci:0:7",
                "key": 4000,
                "mac_address": "",
                "network_id": "network-18",
                "ovf_mapping": "",
                "use_static_mac": false
              }
            ],
            "num_cores_per_socket": 1,
            "num_cpus": 2,
            "ovf_deploy": [],
            "pci_device_id": null,
            "power_state": null,
            "poweron_timeout": 300,
            "reboot_required": true,
            "replace_trigger": null,
            "resource_pool_id": "resgroup-9",
            "run_tools_scripts_after_power_on": true,
            "run_tools_scripts_after_resume": true,
            "run_tools_scripts_before_guest_reboot": null,
            "run_tools_scripts_before_guest_shutdown": true,
            "run_tools_scripts_before_guest_standby": true,
            "sata_controller_count": 0,
            "scsi_bus_sharing": "noSharing",
            "scsi_controller_count": 1,
            "scsi_type": "pvscsi",
            "shutdown_wait_timeout": 3,
            "storage_policy_id": null,
            "swap_placement_policy": "inherit",
            "sync_time_with_host": null,
            "sync_time_with_host_periodically": null,
            "tags": [
              "debian"
            ],
            "tools_upgrade_policy": "manual",
            "uuid": null,
            "vapp": [],
            "vapp_transport": null,
            "vbs_enabled": null,
            "vmware_tools_status": null,
            "vmx_path": null,
            "vvtd_enabled": null,
            "wait_for_guest_ip_timeout": 0,
            "wait_for_guest_net_routable": true,
            "wait_for_guest_net_timeout": 5
          },
          "sensitive_attributes": [],
          "private": "eyJzY2hlbWFfdmVyc2lvbiI6IjMifQ==",
          "dependencies": [
            "data.vsphere_compute_cluster.cluster",
            "data.vsphere_datastore.datastore",
            "data.vsphere_network.network",
            "data.vsphere_virtual_machine.template"
          ]
        },
        {
          "index_key": 1,
          "status": "tainted",
          "schema_version": 3,
          "attributes": {
            "alternate_guest_name": null,
            "annotation": null,
            "boot_delay": null,
            "boot_retry_delay": 10000,
            "boot_retry_enabled": null,
            "cdrom": [],
            "change_version": null,
            "clone": [
              {
                "customize": [
                  {
                    "dns_server_list": null,
                    "dns_suffix_list": null,
                    "ipv4_gateway": "172.28.112.1",
                    "ipv6_gateway": "",
                    "linux_options": [
                      {
                        "domain": "vsphere.local",
                        "host_name": "VM2",
                        "hw_clock_utc": true,
                        "time_zone": ""
                      }
                    ],
                    "network_interface": [
                      {
                        "dns_domain": "",
                        "dns_server_list": null,
                        "ipv4_address": "172.28.126.15",
                        "ipv4_netmask": 20,
                        "ipv6_address": "",
                        "ipv6_netmask": 0
                      }
                    ],
                    "timeout": 10,
                    "windows_options": [],
                    "windows_sysprep_text": ""
                  }
                ],
                "linked_clone": false,
                "ovf_network_map": null,
                "ovf_storage_map": null,
                "template_uuid": "423f7d97-c872-cf84-38fe-cd61d5d9e4fe",
                "timeout": 30
              }
            ],
            "cpu_hot_add_enabled": null,
            "cpu_hot_remove_enabled": null,
            "cpu_limit": -1,
            "cpu_performance_counters_enabled": null,
            "cpu_reservation": null,
            "cpu_share_count": null,
            "cpu_share_level": "normal",
            "custom_attributes": null,
            "datacenter_id": null,
            "datastore_cluster_id": null,
            "datastore_id": "datastore-17",
            "default_ip_address": null,
            "disk": [
              {
                "attach": false,
                "controller_type": "scsi",
                "datastore_id": "datastore-17",
                "device_address": "scsi:0:0",
                "disk_mode": "persistent",
                "disk_sharing": "sharingNone",
                "eagerly_scrub": false,
                "io_limit": -1,
                "io_reservation": 0,
                "io_share_count": 1000,
                "io_share_level": "normal",
                "keep_on_remove": false,
                "key": 2000,
                "label": "disk0",
                "path": "VM2/VM2.vmdk",
                "size": 20,
                "storage_policy_id": "",
                "thin_provisioned": false,
                "unit_number": 0,
                "uuid": "6000C298-3e33-29b6-a2dd-3c1e84a85d0f",
                "write_through": false
              }
            ],
            "efi_secure_boot_enabled": null,
            "enable_disk_uuid": null,
            "enable_logging": null,
            "ept_rvi_mode": "automatic",
            "extra_config": {
              "guestinfo.userdata": "I2Nsb3VkLWNvbmZpZwpob3N0bmFtZTogVk0yCmxvY2FsLWhvc3RuYW1lOiBWTTIKZnFkbjogVk0yLnZzcGhlcmUubG9jYWwKbWFuYWdlX2V0Y19ob3N0czogdHJ1ZQpwYWNrYWdlX3VwZ3JhZGU6IHRydWUKdXNlcnM6CiAgLSBkZWZhdWx0CiAgLSBuYW1lOiBlc2dpCiAgICBzdWRvOiBBTEw9KEFMTCkgTk9QQVNTV0Q6QUxMCiAgICBzc2hfYXV0aG9yaXplZF9rZXlzOgogICAgICAtIHNzaC1yc2EgQUFBQUIzTnphQzF5YzJFQUFBQURBUUFCQUFBQmdRRGlSR3lxczU5WGpPNk14Z080MFhrNmkvY2F0Q3k2ZmFCdlNzblBQMTRWdmJUNWhXM01MTVRpYktieXN5anVKWjV2Wk5teklKeG02Wm5LNExjamwxSmZteXh1M0kyYm03NlFnV3ExRVkyNElLa1JGb0lQZllmL0NjakJsQWNTcXVKVjNPUFBEUDZTZjZabG1HYlBGVlRHdzFxWWQ2VmhYeFBjVXRYZ2o5Vi95Nk5JaXg0NXlIMFNlbDlHMS9qTSt6OUI0QzQwdDZ3UGIxM20xcFhDWE5tNnlRcXRheE1FREFWdm9jY2g0RlNHK3lEVWtZOFRId3VtVkNWWE5hWW9wakxRUytlZ1lyQ1ZyaE1qTGVhUEIxWUFvcFNjcUFHZEdHRlBZdEdHTlJoZFozRDljcjlsZDFrUVB6enRlZEhMZDl6aG8wRU5xWTZUNHNUQWdleFBiWU5iRmJTYTdLeWs4S1pNK2JlUzBaTnBNQ2JRNDZHRjlnRnR4ay9BcjZtYUJtRjVuYW43STBhaVlUSTNsNldaYkFCN3hwUDF2eU1MUEJFcGJiS0d0b2tET1Y1bXo4amYwMTk2VmRKZkJhbGh0OTA1aVpEUUgydzJwOUpDU05VdFR5QzIzUzc1MTkrNTV2UllWRWpGMXNrTUg3T0hrN3REN0RHVGNOZ2pkTHpENFEwPSB0YWVrQERFU0tUT1AtNThHTUtGUAogICAgICAtIHNzaC1yc2EgQUFBQUIzTnphQzF5YzJFQUFBQURBUUFCQUFBQmdRQ3RqZWNkRTlHU1Jrd1c2M1NQT3ZZaW91dU84alZQY3ZGSDdlQ3ZxNDJsS2JaTk9ZUGw2ZVJoa3ZkWXhNNWZzd3h0VVg5STA3TkJLUU9KOFU1WXNES0t0OXBFTU9NZmRqRzhRNDNUNnVXRGxyTDBScEg5WFh0aUNpSU0vSzhiRHg2RTY3akJOekVZcVBOVGUzMTJPdjY0dHdHaXFicHJZYTZ6a0lESXpldnBjYzNUZ0dnNlU1ZDlLM1pKRzF4c1pCcjBHZFFLbkh0NjlZYkN1cjVyeGE2dmZ1c3Ruazdxa0VXdUpKZlNJU1FsK0drdlNVSlBuMjBuRFE4VWN5OVovMzJ6YWtFNHc5NVBlUWdON25SQm42Z3BsVGs0VWxBclZyMDFDYkpXRFhvZFJWVjRNU2VuOWtFVXRPUU5uRUYwOVNmV1FUY29SYVkrRExXQkdTSlhZdlhjbVUvSWV1TkkwOE9ESVVQWFRkUmZsNVdIUVplMGlUc2VZOUVYVTIzZ3pTdFBNVlFpRFlLRi9nVWlSZGdNT080a2pUOHNZd1YrZmJ2eHgvR2hqR29QNklwYWRzRnVITGMwZ1RWdnpjYTlsVEJWc3J4TmNoV1RKUmQ5YWk2alF3cDMrcFJLQXdsamhiWDZiL2ZvZHZKWU1FZ1dTeWhZdCtsTlordGZnMFVoNXVrPSB0YWVrQERFU0tUT1AtNThHTUtGUAogICAgcGFzc3dkOiBSb290MTIzKgpzc2hfcHdhdXRoOiBUcnVlCg==",
              "guestinfo.userdata.encoding": "base64"
            },
            "firmware": "bios",
            "folder": null,
            "force_power_off": true,
            "guest_id": "debian12_64Guest",
            "guest_ip_addresses": null,
            "hardware_version": null,
            "host_system_id": null,
            "hv_mode": "hvAuto",
            "id": "423fb2ac-5097-c40f-ae95-6f602c24a633",
            "ide_controller_count": 2,
            "ignored_guest_ips": null,
            "imported": null,
            "latency_sensitivity": "normal",
            "memory": 2048,
            "memory_hot_add_enabled": null,
            "memory_limit": -1,
            "memory_reservation": null,
            "memory_share_count": null,
            "memory_share_level": "normal",
            "migrate_wait_timeout": 30,
            "moid": null,
            "name": "VM2",
            "nested_hv_enabled": null,
            "network_interface": [
              {
                "adapter_type": "vmxnet3",
                "bandwidth_limit": -1,
                "bandwidth_reservation": 0,
                "bandwidth_share_count": 0,
                "bandwidth_share_level": "normal",
                "device_address": "pci:0:7",
                "key": 4000,
                "mac_address": "",
                "network_id": "network-18",
                "ovf_mapping": "",
                "use_static_mac": false
              }
            ],
            "num_cores_per_socket": 1,
            "num_cpus": 2,
            "ovf_deploy": [],
            "pci_device_id": null,
            "power_state": null,
            "poweron_timeout": 300,
            "reboot_required": true,
            "replace_trigger": null,
            "resource_pool_id": "resgroup-9",
            "run_tools_scripts_after_power_on": true,
            "run_tools_scripts_after_resume": true,
            "run_tools_scripts_before_guest_reboot": null,
            "run_tools_scripts_before_guest_shutdown": true,
            "run_tools_scripts_before_guest_standby": true,
            "sata_controller_count": 0,
            "scsi_bus_sharing": "noSharing",
            "scsi_controller_count": 1,
            "scsi_type": "pvscsi",
            "shutdown_wait_timeout": 3,
            "storage_policy_id": null,
            "swap_placement_policy": "inherit",
            "sync_time_with_host": null,
            "sync_time_with_host_periodically": null,
            "tags": [
              "debian"
            ],
            "tools_upgrade_policy": "manual",
            "uuid": null,
            "vapp": [],
            "vapp_transport": null,
            "vbs_enabled": null,
            "vmware_tools_status": null,
            "vmx_path": null,
            "vvtd_enabled": null,
            "wait_for_guest_ip_timeout": 0,
            "wait_for_guest_net_routable": true,
            "wait_for_guest_net_timeout": 5
          },
          "sensitive_attributes": [],
          "private": "eyJzY2hlbWFfdmVyc2lvbiI6IjMifQ==",
          "dependencies": [
            "data.vsphere_compute_cluster.cluster",
            "data.vsphere_datastore.datastore",
            "data.vsphere_network.network",
            "data.vsphere_virtual_machine.template"
          ]
        },
        {
          "index_key": 2,
          "status": "tainted",
          "schema_version": 3,
          "attributes": {
            "alternate_guest_name": null,
            "annotation": null,
            "boot_delay": null,
            "boot_retry_delay": 10000,
            "boot_retry_enabled": null,
            "cdrom": [],
            "change_version": null,
            "clone": [
              {
                "customize": [
                  {
                    "dns_server_list": null,
                    "dns_suffix_list": null,
                    "ipv4_gateway": "172.28.112.1",
                    "ipv6_gateway": "",
                    "linux_options": [
                      {
                        "domain": "vsphere.local",
                        "host_name": "VM3",
                        "hw_clock_utc": true,
                        "time_zone": ""
                      }
                    ],
                    "network_interface": [
                      {
                        "dns_domain": "",
                        "dns_server_list": null,
                        "ipv4_address": "172.28.126.16",
                        "ipv4_netmask": 20,
                        "ipv6_address": "",
                        "ipv6_netmask": 0
                      }
                    ],
                    "timeout": 10,
                    "windows_options": [],
                    "windows_sysprep_text": ""
                  }
                ],
                "linked_clone": false,
                "ovf_network_map": null,
                "ovf_storage_map": null,
                "template_uuid": "423f7d97-c872-cf84-38fe-cd61d5d9e4fe",
                "timeout": 30
              }
            ],
            "cpu_hot_add_enabled": null,
            "cpu_hot_remove_enabled": null,
            "cpu_limit": -1,
            "cpu_performance_counters_enabled": null,
            "cpu_reservation": null,
            "cpu_share_count": null,
            "cpu_share_level": "normal",
            "custom_attributes": null,
            "datacenter_id": null,
            "datastore_cluster_id": null,
            "datastore_id": "datastore-17",
            "default_ip_address": null,
            "disk": [
              {
                "attach": false,
                "controller_type": "scsi",
                "datastore_id": "datastore-17",
                "device_address": "scsi:0:0",
                "disk_mode": "persistent",
                "disk_sharing": "sharingNone",
                "eagerly_scrub": false,
                "io_limit": -1,
                "io_reservation": 0,
                "io_share_count": 1000,
                "io_share_level": "normal",
                "keep_on_remove": false,
                "key": 2000,
                "label": "disk0",
                "path": "VM3/VM3.vmdk",
                "size": 20,
                "storage_policy_id": "",
                "thin_provisioned": false,
                "unit_number": 0,
                "uuid": "6000C292-007c-6c95-a681-de702a166517",
                "write_through": false
              }
            ],
            "efi_secure_boot_enabled": null,
            "enable_disk_uuid": null,
            "enable_logging": null,
            "ept_rvi_mode": "automatic",
            "extra_config": {
              "guestinfo.userdata": "I2Nsb3VkLWNvbmZpZwpob3N0bmFtZTogVk0zCmxvY2FsLWhvc3RuYW1lOiBWTTMKZnFkbjogVk0zLnZzcGhlcmUubG9jYWwKbWFuYWdlX2V0Y19ob3N0czogdHJ1ZQpwYWNrYWdlX3VwZ3JhZGU6IHRydWUKdXNlcnM6CiAgLSBkZWZhdWx0CiAgLSBuYW1lOiBlc2dpCiAgICBzdWRvOiBBTEw9KEFMTCkgTk9QQVNTV0Q6QUxMCiAgICBzc2hfYXV0aG9yaXplZF9rZXlzOgogICAgICAtIHNzaC1yc2EgQUFBQUIzTnphQzF5YzJFQUFBQURBUUFCQUFBQmdRRGlSR3lxczU5WGpPNk14Z080MFhrNmkvY2F0Q3k2ZmFCdlNzblBQMTRWdmJUNWhXM01MTVRpYktieXN5anVKWjV2Wk5teklKeG02Wm5LNExjamwxSmZteXh1M0kyYm03NlFnV3ExRVkyNElLa1JGb0lQZllmL0NjakJsQWNTcXVKVjNPUFBEUDZTZjZabG1HYlBGVlRHdzFxWWQ2VmhYeFBjVXRYZ2o5Vi95Nk5JaXg0NXlIMFNlbDlHMS9qTSt6OUI0QzQwdDZ3UGIxM20xcFhDWE5tNnlRcXRheE1FREFWdm9jY2g0RlNHK3lEVWtZOFRId3VtVkNWWE5hWW9wakxRUytlZ1lyQ1ZyaE1qTGVhUEIxWUFvcFNjcUFHZEdHRlBZdEdHTlJoZFozRDljcjlsZDFrUVB6enRlZEhMZDl6aG8wRU5xWTZUNHNUQWdleFBiWU5iRmJTYTdLeWs4S1pNK2JlUzBaTnBNQ2JRNDZHRjlnRnR4ay9BcjZtYUJtRjVuYW43STBhaVlUSTNsNldaYkFCN3hwUDF2eU1MUEJFcGJiS0d0b2tET1Y1bXo4amYwMTk2VmRKZkJhbGh0OTA1aVpEUUgydzJwOUpDU05VdFR5QzIzUzc1MTkrNTV2UllWRWpGMXNrTUg3T0hrN3REN0RHVGNOZ2pkTHpENFEwPSB0YWVrQERFU0tUT1AtNThHTUtGUAogICAgICAtIHNzaC1yc2EgQUFBQUIzTnphQzF5YzJFQUFBQURBUUFCQUFBQmdRQ3RqZWNkRTlHU1Jrd1c2M1NQT3ZZaW91dU84alZQY3ZGSDdlQ3ZxNDJsS2JaTk9ZUGw2ZVJoa3ZkWXhNNWZzd3h0VVg5STA3TkJLUU9KOFU1WXNES0t0OXBFTU9NZmRqRzhRNDNUNnVXRGxyTDBScEg5WFh0aUNpSU0vSzhiRHg2RTY3akJOekVZcVBOVGUzMTJPdjY0dHdHaXFicHJZYTZ6a0lESXpldnBjYzNUZ0dnNlU1ZDlLM1pKRzF4c1pCcjBHZFFLbkh0NjlZYkN1cjVyeGE2dmZ1c3Ruazdxa0VXdUpKZlNJU1FsK0drdlNVSlBuMjBuRFE4VWN5OVovMzJ6YWtFNHc5NVBlUWdON25SQm42Z3BsVGs0VWxBclZyMDFDYkpXRFhvZFJWVjRNU2VuOWtFVXRPUU5uRUYwOVNmV1FUY29SYVkrRExXQkdTSlhZdlhjbVUvSWV1TkkwOE9ESVVQWFRkUmZsNVdIUVplMGlUc2VZOUVYVTIzZ3pTdFBNVlFpRFlLRi9nVWlSZGdNT080a2pUOHNZd1YrZmJ2eHgvR2hqR29QNklwYWRzRnVITGMwZ1RWdnpjYTlsVEJWc3J4TmNoV1RKUmQ5YWk2alF3cDMrcFJLQXdsamhiWDZiL2ZvZHZKWU1FZ1dTeWhZdCtsTlordGZnMFVoNXVrPSB0YWVrQERFU0tUT1AtNThHTUtGUAogICAgcGFzc3dkOiBSb290MTIzKgpzc2hfcHdhdXRoOiBUcnVlCg==",
              "guestinfo.userdata.encoding": "base64"
            },
            "firmware": "bios",
            "folder": null,
            "force_power_off": true,
            "guest_id": "debian12_64Guest",
            "guest_ip_addresses": null,
            "hardware_version": null,
            "host_system_id": null,
            "hv_mode": "hvAuto",
            "id": "423f4dd9-b67e-49c2-165b-c8cef2c0337f",
            "ide_controller_count": 2,
            "ignored_guest_ips": null,
            "imported": null,
            "latency_sensitivity": "normal",
            "memory": 2048,
            "memory_hot_add_enabled": null,
            "memory_limit": -1,
            "memory_reservation": null,
            "memory_share_count": null,
            "memory_share_level": "normal",
            "migrate_wait_timeout": 30,
            "moid": null,
            "name": "VM3",
            "nested_hv_enabled": null,
            "network_interface": [
              {
                "adapter_type": "vmxnet3",
                "bandwidth_limit": -1,
                "bandwidth_reservation": 0,
                "bandwidth_share_count": 0,
                "bandwidth_share_level": "normal",
                "device_address": "pci:0:7",
                "key": 4000,
                "mac_address": "",
                "network_id": "network-18",
                "ovf_mapping": "",
                "use_static_mac": false
              }
            ],
            "num_cores_per_socket": 1,
            "num_cpus": 2,
            "ovf_deploy": [],
            "pci_device_id": null,
            "power_state": null,
            "poweron_timeout": 300,
            "reboot_required": true,
            "replace_trigger": null,
            "resource_pool_id": "resgroup-9",
            "run_tools_scripts_after_power_on": true,
            "run_tools_scripts_after_resume": true,
            "run_tools_scripts_before_guest_reboot": null,
            "run_tools_scripts_before_guest_shutdown": true,
            "run_tools_scripts_before_guest_standby": true,
            "sata_controller_count": 0,
            "scsi_bus_sharing": "noSharing",
            "scsi_controller_count": 1,
            "scsi_type": "pvscsi",
            "shutdown_wait_timeout": 3,
            "storage_policy_id": null,
            "swap_placement_policy": "inherit",
            "sync_time_with_host": null,
            "sync_time_with_host_periodically": null,
            "tags": [
              "debian"
            ],
            "tools_upgrade_policy": "manual",
            "uuid": null,
            "vapp": [],
            "vapp_transport": null,
            "vbs_enabled": null,
            "vmware_tools_status": null,
            "vmx_path": null,
            "vvtd_enabled": null,
            "wait_for_guest_ip_timeout": 0,
            "wait_for_guest_net_routable": true,
            "wait_for_guest_net_timeout": 5
          },
          "sensitive_attributes": [],
          "private": "eyJzY2hlbWFfdmVyc2lvbiI6IjMifQ==",
          "dependencies": [
            "data.vsphere_compute_cluster.cluster",
            "data.vsphere_datastore.datastore",
            "data.vsphere_network.network",
            "data.vsphere_virtual_machine.template"
          ]
        },
        {
          "index_key": 3,
          "status": "tainted",
          "schema_version": 3,
          "attributes": {
            "alternate_guest_name": null,
            "annotation": null,
            "boot_delay": null,
            "boot_retry_delay": 10000,
            "boot_retry_enabled": null,
            "cdrom": [],
            "change_version": null,
            "clone": [
              {
                "customize": [
                  {
                    "dns_server_list": null,
                    "dns_suffix_list": null,
                    "ipv4_gateway": "172.28.112.1",
                    "ipv6_gateway": "",
                    "linux_options": [
                      {
                        "domain": "vsphere.local",
                        "host_name": "VM4",
                        "hw_clock_utc": true,
                        "time_zone": ""
                      }
                    ],
                    "network_interface": [
                      {
                        "dns_domain": "",
                        "dns_server_list": null,
                        "ipv4_address": "172.28.126.17",
                        "ipv4_netmask": 20,
                        "ipv6_address": "",
                        "ipv6_netmask": 0
                      }
                    ],
                    "timeout": 10,
                    "windows_options": [],
                    "windows_sysprep_text": ""
                  }
                ],
                "linked_clone": false,
                "ovf_network_map": null,
                "ovf_storage_map": null,
                "template_uuid": "423f7d97-c872-cf84-38fe-cd61d5d9e4fe",
                "timeout": 30
              }
            ],
            "cpu_hot_add_enabled": null,
            "cpu_hot_remove_enabled": null,
            "cpu_limit": -1,
            "cpu_performance_counters_enabled": null,
            "cpu_reservation": null,
            "cpu_share_count": null,
            "cpu_share_level": "normal",
            "custom_attributes": null,
            "datacenter_id": null,
            "datastore_cluster_id": null,
            "datastore_id": "datastore-17",
            "default_ip_address": null,
            "disk": [
              {
                "attach": false,
                "controller_type": "scsi",
                "datastore_id": "datastore-17",
                "device_address": "scsi:0:0",
                "disk_mode": "persistent",
                "disk_sharing": "sharingNone",
                "eagerly_scrub": false,
                "io_limit": -1,
                "io_reservation": 0,
                "io_share_count": 1000,
                "io_share_level": "normal",
                "keep_on_remove": false,
                "key": 2000,
                "label": "disk0",
                "path": "VM4/VM4.vmdk",
                "size": 20,
                "storage_policy_id": "",
                "thin_provisioned": false,
                "unit_number": 0,
                "uuid": "6000C291-ead8-983d-68ce-9c717795a513",
                "write_through": false
              }
            ],
            "efi_secure_boot_enabled": null,
            "enable_disk_uuid": null,
            "enable_logging": null,
            "ept_rvi_mode": "automatic",
            "extra_config": {
              "guestinfo.userdata": "I2Nsb3VkLWNvbmZpZwpob3N0bmFtZTogVk00CmxvY2FsLWhvc3RuYW1lOiBWTTQKZnFkbjogVk00LnZzcGhlcmUubG9jYWwKbWFuYWdlX2V0Y19ob3N0czogdHJ1ZQpwYWNrYWdlX3VwZ3JhZGU6IHRydWUKdXNlcnM6CiAgLSBkZWZhdWx0CiAgLSBuYW1lOiBlc2dpCiAgICBzdWRvOiBBTEw9KEFMTCkgTk9QQVNTV0Q6QUxMCiAgICBzc2hfYXV0aG9yaXplZF9rZXlzOgogICAgICAtIHNzaC1yc2EgQUFBQUIzTnphQzF5YzJFQUFBQURBUUFCQUFBQmdRRGlSR3lxczU5WGpPNk14Z080MFhrNmkvY2F0Q3k2ZmFCdlNzblBQMTRWdmJUNWhXM01MTVRpYktieXN5anVKWjV2Wk5teklKeG02Wm5LNExjamwxSmZteXh1M0kyYm03NlFnV3ExRVkyNElLa1JGb0lQZllmL0NjakJsQWNTcXVKVjNPUFBEUDZTZjZabG1HYlBGVlRHdzFxWWQ2VmhYeFBjVXRYZ2o5Vi95Nk5JaXg0NXlIMFNlbDlHMS9qTSt6OUI0QzQwdDZ3UGIxM20xcFhDWE5tNnlRcXRheE1FREFWdm9jY2g0RlNHK3lEVWtZOFRId3VtVkNWWE5hWW9wakxRUytlZ1lyQ1ZyaE1qTGVhUEIxWUFvcFNjcUFHZEdHRlBZdEdHTlJoZFozRDljcjlsZDFrUVB6enRlZEhMZDl6aG8wRU5xWTZUNHNUQWdleFBiWU5iRmJTYTdLeWs4S1pNK2JlUzBaTnBNQ2JRNDZHRjlnRnR4ay9BcjZtYUJtRjVuYW43STBhaVlUSTNsNldaYkFCN3hwUDF2eU1MUEJFcGJiS0d0b2tET1Y1bXo4amYwMTk2VmRKZkJhbGh0OTA1aVpEUUgydzJwOUpDU05VdFR5QzIzUzc1MTkrNTV2UllWRWpGMXNrTUg3T0hrN3REN0RHVGNOZ2pkTHpENFEwPSB0YWVrQERFU0tUT1AtNThHTUtGUAogICAgICAtIHNzaC1yc2EgQUFBQUIzTnphQzF5YzJFQUFBQURBUUFCQUFBQmdRQ3RqZWNkRTlHU1Jrd1c2M1NQT3ZZaW91dU84alZQY3ZGSDdlQ3ZxNDJsS2JaTk9ZUGw2ZVJoa3ZkWXhNNWZzd3h0VVg5STA3TkJLUU9KOFU1WXNES0t0OXBFTU9NZmRqRzhRNDNUNnVXRGxyTDBScEg5WFh0aUNpSU0vSzhiRHg2RTY3akJOekVZcVBOVGUzMTJPdjY0dHdHaXFicHJZYTZ6a0lESXpldnBjYzNUZ0dnNlU1ZDlLM1pKRzF4c1pCcjBHZFFLbkh0NjlZYkN1cjVyeGE2dmZ1c3Ruazdxa0VXdUpKZlNJU1FsK0drdlNVSlBuMjBuRFE4VWN5OVovMzJ6YWtFNHc5NVBlUWdON25SQm42Z3BsVGs0VWxBclZyMDFDYkpXRFhvZFJWVjRNU2VuOWtFVXRPUU5uRUYwOVNmV1FUY29SYVkrRExXQkdTSlhZdlhjbVUvSWV1TkkwOE9ESVVQWFRkUmZsNVdIUVplMGlUc2VZOUVYVTIzZ3pTdFBNVlFpRFlLRi9nVWlSZGdNT080a2pUOHNZd1YrZmJ2eHgvR2hqR29QNklwYWRzRnVITGMwZ1RWdnpjYTlsVEJWc3J4TmNoV1RKUmQ5YWk2alF3cDMrcFJLQXdsamhiWDZiL2ZvZHZKWU1FZ1dTeWhZdCtsTlordGZnMFVoNXVrPSB0YWVrQERFU0tUT1AtNThHTUtGUAogICAgcGFzc3dkOiBSb290MTIzKgpzc2hfcHdhdXRoOiBUcnVlCg==",
              "guestinfo.userdata.encoding": "base64"
            },
            "firmware": "bios",
            "folder": null,
            "force_power_off": true,
            "guest_id": "debian12_64Guest",
            "guest_ip_addresses": null,
            "hardware_version": null,
            "host_system_id": null,
            "hv_mode": "hvAuto",
            "id": "423f132d-3bd1-eeb6-0c56-267f972ffb63",
            "ide_controller_count": 2,
            "ignored_guest_ips": null,
            "imported": null,
            "latency_sensitivity": "normal",
            "memory": 2048,
            "memory_hot_add_enabled": null,
            "memory_limit": -1,
            "memory_reservation": null,
            "memory_share_count": null,
            "memory_share_level": "normal",
            "migrate_wait_timeout": 30,
            "moid": null,
            "name": "VM4",
            "nested_hv_enabled": null,
            "network_interface": [
              {
                "adapter_type": "vmxnet3",
                "bandwidth_limit": -1,
                "bandwidth_reservation": 0,
                "bandwidth_share_count": 0,
                "bandwidth_share_level": "normal",
                "device_address": "pci:0:7",
                "key": 4000,
                "mac_address": "",
                "network_id": "network-18",
                "ovf_mapping": "",
                "use_static_mac": false
              }
            ],
            "num_cores_per_socket": 1,
            "num_cpus": 2,
            "ovf_deploy": [],
            "pci_device_id": null,
            "power_state": null,
            "poweron_timeout": 300,
            "reboot_required": true,
            "replace_trigger": null,
            "resource_pool_id": "resgroup-9",
            "run_tools_scripts_after_power_on": true,
            "run_tools_scripts_after_resume": true,
            "run_tools_scripts_before_guest_reboot": null,
            "run_tools_scripts_before_guest_shutdown": true,
            "run_tools_scripts_before_guest_standby": true,
            "sata_controller_count": 0,
            "scsi_bus_sharing": "noSharing",
            "scsi_controller_count": 1,
            "scsi_type": "pvscsi",
            "shutdown_wait_timeout": 3,
            "storage_policy_id": null,
            "swap_placement_policy": "inherit",
            "sync_time_with_host": null,
            "sync_time_with_host_periodically": null,
            "tags": [
              "debian"
            ],
            "tools_upgrade_policy": "manual",
            "uuid": null,
            "vapp": [],
            "vapp_transport": null,
            "vbs_enabled": null,
            "vmware_tools_status": null,
            "vmx_path": null,
            "vvtd_enabled": null,
            "wait_for_guest_ip_timeout": 0,
            "wait_for_guest_net_routable": true,
            "wait_for_guest_net_timeout": 5
          },
          "sensitive_attributes": [],
          "private": "eyJzY2hlbWFfdmVyc2lvbiI6IjMifQ==",
          "dependencies": [
            "data.vsphere_compute_cluster.cluster",
            "data.vsphere_datastore.datastore",
            "data.vsphere_network.network",
            "data.vsphere_virtual_machine.template"
          ]
        },
        {
          "index_key": 4,
          "status": "tainted",
          "schema_version": 3,
          "attributes": {
            "alternate_guest_name": null,
            "annotation": null,
            "boot_delay": null,
            "boot_retry_delay": 10000,
            "boot_retry_enabled": null,
            "cdrom": [],
            "change_version": null,
            "clone": [
              {
                "customize": [
                  {
                    "dns_server_list": null,
                    "dns_suffix_list": null,
                    "ipv4_gateway": "172.28.112.1",
                    "ipv6_gateway": "",
                    "linux_options": [
                      {
                        "domain": "vsphere.local",
                        "host_name": "VM5",
                        "hw_clock_utc": true,
                        "time_zone": ""
                      }
                    ],
                    "network_interface": [
                      {
                        "dns_domain": "",
                        "dns_server_list": null,
                        "ipv4_address": "172.28.126.18",
                        "ipv4_netmask": 20,
                        "ipv6_address": "",
                        "ipv6_netmask": 0
                      }
                    ],
                    "timeout": 10,
                    "windows_options": [],
                    "windows_sysprep_text": ""
                  }
                ],
                "linked_clone": false,
                "ovf_network_map": null,
                "ovf_storage_map": null,
                "template_uuid": "423f7d97-c872-cf84-38fe-cd61d5d9e4fe",
                "timeout": 30
              }
            ],
            "cpu_hot_add_enabled": null,
            "cpu_hot_remove_enabled": null,
            "cpu_limit": -1,
            "cpu_performance_counters_enabled": null,
            "cpu_reservation": null,
            "cpu_share_count": null,
            "cpu_share_level": "normal",
            "custom_attributes": null,
            "datacenter_id": null,
            "datastore_cluster_id": null,
            "datastore_id": "datastore-17",
            "default_ip_address": null,
            "disk": [
              {
                "attach": false,
                "controller_type": "scsi",
                "datastore_id": "datastore-17",
                "device_address": "scsi:0:0",
                "disk_mode": "persistent",
                "disk_sharing": "sharingNone",
                "eagerly_scrub": false,
                "io_limit": -1,
                "io_reservation": 0,
                "io_share_count": 1000,
                "io_share_level": "normal",
                "keep_on_remove": false,
                "key": 2000,
                "label": "disk0",
                "path": "VM5/VM5.vmdk",
                "size": 20,
                "storage_policy_id": "",
                "thin_provisioned": false,
                "unit_number": 0,
                "uuid": "6000C29d-f44b-8988-4f42-3b92e5f9e61b",
                "write_through": false
              }
            ],
            "efi_secure_boot_enabled": null,
            "enable_disk_uuid": null,
            "enable_logging": null,
            "ept_rvi_mode": "automatic",
            "extra_config": {
              "guestinfo.userdata": "I2Nsb3VkLWNvbmZpZwpob3N0bmFtZTogVk01CmxvY2FsLWhvc3RuYW1lOiBWTTUKZnFkbjogVk01LnZzcGhlcmUubG9jYWwKbWFuYWdlX2V0Y19ob3N0czogdHJ1ZQpwYWNrYWdlX3VwZ3JhZGU6IHRydWUKdXNlcnM6CiAgLSBkZWZhdWx0CiAgLSBuYW1lOiBlc2dpCiAgICBzdWRvOiBBTEw9KEFMTCkgTk9QQVNTV0Q6QUxMCiAgICBzc2hfYXV0aG9yaXplZF9rZXlzOgogICAgICAtIHNzaC1yc2EgQUFBQUIzTnphQzF5YzJFQUFBQURBUUFCQUFBQmdRRGlSR3lxczU5WGpPNk14Z080MFhrNmkvY2F0Q3k2ZmFCdlNzblBQMTRWdmJUNWhXM01MTVRpYktieXN5anVKWjV2Wk5teklKeG02Wm5LNExjamwxSmZteXh1M0kyYm03NlFnV3ExRVkyNElLa1JGb0lQZllmL0NjakJsQWNTcXVKVjNPUFBEUDZTZjZabG1HYlBGVlRHdzFxWWQ2VmhYeFBjVXRYZ2o5Vi95Nk5JaXg0NXlIMFNlbDlHMS9qTSt6OUI0QzQwdDZ3UGIxM20xcFhDWE5tNnlRcXRheE1FREFWdm9jY2g0RlNHK3lEVWtZOFRId3VtVkNWWE5hWW9wakxRUytlZ1lyQ1ZyaE1qTGVhUEIxWUFvcFNjcUFHZEdHRlBZdEdHTlJoZFozRDljcjlsZDFrUVB6enRlZEhMZDl6aG8wRU5xWTZUNHNUQWdleFBiWU5iRmJTYTdLeWs4S1pNK2JlUzBaTnBNQ2JRNDZHRjlnRnR4ay9BcjZtYUJtRjVuYW43STBhaVlUSTNsNldaYkFCN3hwUDF2eU1MUEJFcGJiS0d0b2tET1Y1bXo4amYwMTk2VmRKZkJhbGh0OTA1aVpEUUgydzJwOUpDU05VdFR5QzIzUzc1MTkrNTV2UllWRWpGMXNrTUg3T0hrN3REN0RHVGNOZ2pkTHpENFEwPSB0YWVrQERFU0tUT1AtNThHTUtGUAogICAgICAtIHNzaC1yc2EgQUFBQUIzTnphQzF5YzJFQUFBQURBUUFCQUFBQmdRQ3RqZWNkRTlHU1Jrd1c2M1NQT3ZZaW91dU84alZQY3ZGSDdlQ3ZxNDJsS2JaTk9ZUGw2ZVJoa3ZkWXhNNWZzd3h0VVg5STA3TkJLUU9KOFU1WXNES0t0OXBFTU9NZmRqRzhRNDNUNnVXRGxyTDBScEg5WFh0aUNpSU0vSzhiRHg2RTY3akJOekVZcVBOVGUzMTJPdjY0dHdHaXFicHJZYTZ6a0lESXpldnBjYzNUZ0dnNlU1ZDlLM1pKRzF4c1pCcjBHZFFLbkh0NjlZYkN1cjVyeGE2dmZ1c3Ruazdxa0VXdUpKZlNJU1FsK0drdlNVSlBuMjBuRFE4VWN5OVovMzJ6YWtFNHc5NVBlUWdON25SQm42Z3BsVGs0VWxBclZyMDFDYkpXRFhvZFJWVjRNU2VuOWtFVXRPUU5uRUYwOVNmV1FUY29SYVkrRExXQkdTSlhZdlhjbVUvSWV1TkkwOE9ESVVQWFRkUmZsNVdIUVplMGlUc2VZOUVYVTIzZ3pTdFBNVlFpRFlLRi9nVWlSZGdNT080a2pUOHNZd1YrZmJ2eHgvR2hqR29QNklwYWRzRnVITGMwZ1RWdnpjYTlsVEJWc3J4TmNoV1RKUmQ5YWk2alF3cDMrcFJLQXdsamhiWDZiL2ZvZHZKWU1FZ1dTeWhZdCtsTlordGZnMFVoNXVrPSB0YWVrQERFU0tUT1AtNThHTUtGUAogICAgcGFzc3dkOiBSb290MTIzKgpzc2hfcHdhdXRoOiBUcnVlCg==",
              "guestinfo.userdata.encoding": "base64"
            },
            "firmware": "bios",
            "folder": null,
            "force_power_off": true,
            "guest_id": "debian12_64Guest",
            "guest_ip_addresses": null,
            "hardware_version": null,
            "host_system_id": null,
            "hv_mode": "hvAuto",
            "id": "423f795e-a21a-2f56-e552-bebf37928dbd",
            "ide_controller_count": 2,
            "ignored_guest_ips": null,
            "imported": null,
            "latency_sensitivity": "normal",
            "memory": 2048,
            "memory_hot_add_enabled": null,
            "memory_limit": -1,
            "memory_reservation": null,
            "memory_share_count": null,
            "memory_share_level": "normal",
            "migrate_wait_timeout": 30,
            "moid": null,
            "name": "VM5",
            "nested_hv_enabled": null,
            "network_interface": [
              {
                "adapter_type": "vmxnet3",
                "bandwidth_limit": -1,
                "bandwidth_reservation": 0,
                "bandwidth_share_count": 0,
                "bandwidth_share_level": "normal",
                "device_address": "pci:0:7",
                "key": 4000,
                "mac_address": "",
                "network_id": "network-18",
                "ovf_mapping": "",
                "use_static_mac": false
              }
            ],
            "num_cores_per_socket": 1,
            "num_cpus": 2,
            "ovf_deploy": [],
            "pci_device_id": null,
            "power_state": null,
            "poweron_timeout": 300,
            "reboot_required": true,
            "replace_trigger": null,
            "resource_pool_id": "resgroup-9",
            "run_tools_scripts_after_power_on": true,
            "run_tools_scripts_after_resume": true,
            "run_tools_scripts_before_guest_reboot": null,
            "run_tools_scripts_before_guest_shutdown": true,
            "run_tools_scripts_before_guest_standby": true,
            "sata_controller_count": 0,
            "scsi_bus_sharing": "noSharing",
            "scsi_controller_count": 1,
            "scsi_type": "pvscsi",
            "shutdown_wait_timeout": 3,
            "storage_policy_id": null,
            "swap_placement_policy": "inherit",
            "sync_time_with_host": null,
            "sync_time_with_host_periodically": null,
            "tags": [
              "debian"
            ],
            "tools_upgrade_policy": "manual",
            "uuid": null,
            "vapp": [],
            "vapp_transport": null,
            "vbs_enabled": null,
            "vmware_tools_status": null,
            "vmx_path": null,
            "vvtd_enabled": null,
            "wait_for_guest_ip_timeout": 0,
            "wait_for_guest_net_routable": true,
            "wait_for_guest_net_timeout": 5
          },
          "sensitive_attributes": [],
          "private": "eyJzY2hlbWFfdmVyc2lvbiI6IjMifQ==",
          "dependencies": [
            "data.vsphere_compute_cluster.cluster",
            "data.vsphere_datastore.datastore",
            "data.vsphere_network.network",
            "data.vsphere_virtual_machine.template"
          ]
        },
        {
          "index_key": 5,
          "status": "tainted",
          "schema_version": 3,
          "attributes": {
            "alternate_guest_name": null,
            "annotation": null,
            "boot_delay": null,
            "boot_retry_delay": 10000,
            "boot_retry_enabled": null,
            "cdrom": [],
            "change_version": null,
            "clone": [
              {
                "customize": [
                  {
                    "dns_server_list": null,
                    "dns_suffix_list": null,
                    "ipv4_gateway": "172.28.112.1",
                    "ipv6_gateway": "",
                    "linux_options": [
                      {
                        "domain": "vsphere.local",
                        "host_name": "VM6",
                        "hw_clock_utc": true,
                        "time_zone": ""
                      }
                    ],
                    "network_interface": [
                      {
                        "dns_domain": "",
                        "dns_server_list": null,
                        "ipv4_address": "172.28.126.19",
                        "ipv4_netmask": 20,
                        "ipv6_address": "",
                        "ipv6_netmask": 0
                      }
                    ],
                    "timeout": 10,
                    "windows_options": [],
                    "windows_sysprep_text": ""
                  }
                ],
                "linked_clone": false,
                "ovf_network_map": null,
                "ovf_storage_map": null,
                "template_uuid": "423f7d97-c872-cf84-38fe-cd61d5d9e4fe",
                "timeout": 30
              }
            ],
            "cpu_hot_add_enabled": null,
            "cpu_hot_remove_enabled": null,
            "cpu_limit": -1,
            "cpu_performance_counters_enabled": null,
            "cpu_reservation": null,
            "cpu_share_count": null,
            "cpu_share_level": "normal",
            "custom_attributes": null,
            "datacenter_id": null,
            "datastore_cluster_id": null,
            "datastore_id": "datastore-17",
            "default_ip_address": null,
            "disk": [
              {
                "attach": false,
                "controller_type": "scsi",
                "datastore_id": "datastore-17",
                "device_address": "scsi:0:0",
                "disk_mode": "persistent",
                "disk_sharing": "sharingNone",
                "eagerly_scrub": false,
                "io_limit": -1,
                "io_reservation": 0,
                "io_share_count": 1000,
                "io_share_level": "normal",
                "keep_on_remove": false,
                "key": 2000,
                "label": "disk0",
                "path": "VM6/VM6.vmdk",
                "size": 20,
                "storage_policy_id": "",
                "thin_provisioned": false,
                "unit_number": 0,
                "uuid": "6000C291-c779-92c5-3c4b-81393591f4a4",
                "write_through": false
              }
            ],
            "efi_secure_boot_enabled": null,
            "enable_disk_uuid": null,
            "enable_logging": null,
            "ept_rvi_mode": "automatic",
            "extra_config": {
              "guestinfo.userdata": "I2Nsb3VkLWNvbmZpZwpob3N0bmFtZTogVk02CmxvY2FsLWhvc3RuYW1lOiBWTTYKZnFkbjogVk02LnZzcGhlcmUubG9jYWwKbWFuYWdlX2V0Y19ob3N0czogdHJ1ZQpwYWNrYWdlX3VwZ3JhZGU6IHRydWUKdXNlcnM6CiAgLSBkZWZhdWx0CiAgLSBuYW1lOiBlc2dpCiAgICBzdWRvOiBBTEw9KEFMTCkgTk9QQVNTV0Q6QUxMCiAgICBzc2hfYXV0aG9yaXplZF9rZXlzOgogICAgICAtIHNzaC1yc2EgQUFBQUIzTnphQzF5YzJFQUFBQURBUUFCQUFBQmdRRGlSR3lxczU5WGpPNk14Z080MFhrNmkvY2F0Q3k2ZmFCdlNzblBQMTRWdmJUNWhXM01MTVRpYktieXN5anVKWjV2Wk5teklKeG02Wm5LNExjamwxSmZteXh1M0kyYm03NlFnV3ExRVkyNElLa1JGb0lQZllmL0NjakJsQWNTcXVKVjNPUFBEUDZTZjZabG1HYlBGVlRHdzFxWWQ2VmhYeFBjVXRYZ2o5Vi95Nk5JaXg0NXlIMFNlbDlHMS9qTSt6OUI0QzQwdDZ3UGIxM20xcFhDWE5tNnlRcXRheE1FREFWdm9jY2g0RlNHK3lEVWtZOFRId3VtVkNWWE5hWW9wakxRUytlZ1lyQ1ZyaE1qTGVhUEIxWUFvcFNjcUFHZEdHRlBZdEdHTlJoZFozRDljcjlsZDFrUVB6enRlZEhMZDl6aG8wRU5xWTZUNHNUQWdleFBiWU5iRmJTYTdLeWs4S1pNK2JlUzBaTnBNQ2JRNDZHRjlnRnR4ay9BcjZtYUJtRjVuYW43STBhaVlUSTNsNldaYkFCN3hwUDF2eU1MUEJFcGJiS0d0b2tET1Y1bXo4amYwMTk2VmRKZkJhbGh0OTA1aVpEUUgydzJwOUpDU05VdFR5QzIzUzc1MTkrNTV2UllWRWpGMXNrTUg3T0hrN3REN0RHVGNOZ2pkTHpENFEwPSB0YWVrQERFU0tUT1AtNThHTUtGUAogICAgICAtIHNzaC1yc2EgQUFBQUIzTnphQzF5YzJFQUFBQURBUUFCQUFBQmdRQ3RqZWNkRTlHU1Jrd1c2M1NQT3ZZaW91dU84alZQY3ZGSDdlQ3ZxNDJsS2JaTk9ZUGw2ZVJoa3ZkWXhNNWZzd3h0VVg5STA3TkJLUU9KOFU1WXNES0t0OXBFTU9NZmRqRzhRNDNUNnVXRGxyTDBScEg5WFh0aUNpSU0vSzhiRHg2RTY3akJOekVZcVBOVGUzMTJPdjY0dHdHaXFicHJZYTZ6a0lESXpldnBjYzNUZ0dnNlU1ZDlLM1pKRzF4c1pCcjBHZFFLbkh0NjlZYkN1cjVyeGE2dmZ1c3Ruazdxa0VXdUpKZlNJU1FsK0drdlNVSlBuMjBuRFE4VWN5OVovMzJ6YWtFNHc5NVBlUWdON25SQm42Z3BsVGs0VWxBclZyMDFDYkpXRFhvZFJWVjRNU2VuOWtFVXRPUU5uRUYwOVNmV1FUY29SYVkrRExXQkdTSlhZdlhjbVUvSWV1TkkwOE9ESVVQWFRkUmZsNVdIUVplMGlUc2VZOUVYVTIzZ3pTdFBNVlFpRFlLRi9nVWlSZGdNT080a2pUOHNZd1YrZmJ2eHgvR2hqR29QNklwYWRzRnVITGMwZ1RWdnpjYTlsVEJWc3J4TmNoV1RKUmQ5YWk2alF3cDMrcFJLQXdsamhiWDZiL2ZvZHZKWU1FZ1dTeWhZdCtsTlordGZnMFVoNXVrPSB0YWVrQERFU0tUT1AtNThHTUtGUAogICAgcGFzc3dkOiBSb290MTIzKgpzc2hfcHdhdXRoOiBUcnVlCg==",
              "guestinfo.userdata.encoding": "base64"
            },
            "firmware": "bios",
            "folder": null,
            "force_power_off": true,
            "guest_id": "debian12_64Guest",
            "guest_ip_addresses": null,
            "hardware_version": null,
            "host_system_id": null,
            "hv_mode": "hvAuto",
            "id": "423f4d9e-1c2e-e276-e0ba-262b86afe902",
            "ide_controller_count": 2,
            "ignored_guest_ips": null,
            "imported": null,
            "latency_sensitivity": "normal",
            "memory": 2048,
            "memory_hot_add_enabled": null,
            "memory_limit": -1,
            "memory_reservation": null,
            "memory_share_count": null,
            "memory_share_level": "normal",
            "migrate_wait_timeout": 30,
            "moid": null,
            "name": "VM6",
            "nested_hv_enabled": null,
            "network_interface": [
              {
                "adapter_type": "vmxnet3",
                "bandwidth_limit": -1,
                "bandwidth_reservation": 0,
                "bandwidth_share_count": 0,
                "bandwidth_share_level": "normal",
                "device_address": "pci:0:7",
                "key": 4000,
                "mac_address": "",
                "network_id": "network-18",
                "ovf_mapping": "",
                "use_static_mac": false
              }
            ],
            "num_cores_per_socket": 1,
            "num_cpus": 2,
            "ovf_deploy": [],
            "pci_device_id": null,
            "power_state": null,
            "poweron_timeout": 300,
            "reboot_required": true,
            "replace_trigger": null,
            "resource_pool_id": "resgroup-9",
            "run_tools_scripts_after_power_on": true,
            "run_tools_scripts_after_resume": true,
            "run_tools_scripts_before_guest_reboot": null,
            "run_tools_scripts_before_guest_shutdown": true,
            "run_tools_scripts_before_guest_standby": true,
            "sata_controller_count": 0,
            "scsi_bus_sharing": "noSharing",
            "scsi_controller_count": 1,
            "scsi_type": "pvscsi",
            "shutdown_wait_timeout": 3,
            "storage_policy_id": null,
            "swap_placement_policy": "inherit",
            "sync_time_with_host": null,
            "sync_time_with_host_periodically": null,
            "tags": [
              "debian"
            ],
            "tools_upgrade_policy": "manual",
            "uuid": null,
            "vapp": [],
            "vapp_transport": null,
            "vbs_enabled": null,
            "vmware_tools_status": null,
            "vmx_path": null,
            "vvtd_enabled": null,
            "wait_for_guest_ip_timeout": 0,
            "wait_for_guest_net_routable": true,
            "wait_for_guest_net_timeout": 5
          },
          "sensitive_attributes": [],
          "private": "eyJzY2hlbWFfdmVyc2lvbiI6IjMifQ==",
          "dependencies": [
            "data.vsphere_compute_cluster.cluster",
            "data.vsphere_datastore.datastore",
            "data.vsphere_network.network",
            "data.vsphere_virtual_machine.template"
          ]
        },
        {
          "index_key": 6,
          "status": "tainted",
          "schema_version": 3,
          "attributes": {
            "alternate_guest_name": null,
            "annotation": null,
            "boot_delay": null,
            "boot_retry_delay": 10000,
            "boot_retry_enabled": null,
            "cdrom": [],
            "change_version": null,
            "clone": [
              {
                "customize": [
                  {
                    "dns_server_list": null,
                    "dns_suffix_list": null,
                    "ipv4_gateway": "172.28.112.1",
                    "ipv6_gateway": "",
                    "linux_options": [
                      {
                        "domain": "vsphere.local",
                        "host_name": "VM7",
                        "hw_clock_utc": true,
                        "time_zone": ""
                      }
                    ],
                    "network_interface": [
                      {
                        "dns_domain": "",
                        "dns_server_list": null,
                        "ipv4_address": "172.28.126.20",
                        "ipv4_netmask": 20,
                        "ipv6_address": "",
                        "ipv6_netmask": 0
                      }
                    ],
                    "timeout": 10,
                    "windows_options": [],
                    "windows_sysprep_text": ""
                  }
                ],
                "linked_clone": false,
                "ovf_network_map": null,
                "ovf_storage_map": null,
                "template_uuid": "423f7d97-c872-cf84-38fe-cd61d5d9e4fe",
                "timeout": 30
              }
            ],
            "cpu_hot_add_enabled": null,
            "cpu_hot_remove_enabled": null,
            "cpu_limit": -1,
            "cpu_performance_counters_enabled": null,
            "cpu_reservation": null,
            "cpu_share_count": null,
            "cpu_share_level": "normal",
            "custom_attributes": null,
            "datacenter_id": null,
            "datastore_cluster_id": null,
            "datastore_id": "datastore-17",
            "default_ip_address": null,
            "disk": [
              {
                "attach": false,
                "controller_type": "scsi",
                "datastore_id": "datastore-17",
                "device_address": "scsi:0:0",
                "disk_mode": "persistent",
                "disk_sharing": "sharingNone",
                "eagerly_scrub": false,
                "io_limit": -1,
                "io_reservation": 0,
                "io_share_count": 1000,
                "io_share_level": "normal",
                "keep_on_remove": false,
                "key": 2000,
                "label": "disk0",
                "path": "VM7/VM7.vmdk",
                "size": 20,
                "storage_policy_id": "",
                "thin_provisioned": false,
                "unit_number": 0,
                "uuid": "6000C296-88d9-6f16-4032-14af2d5a8d39",
                "write_through": false
              }
            ],
            "efi_secure_boot_enabled": null,
            "enable_disk_uuid": null,
            "enable_logging": null,
            "ept_rvi_mode": "automatic",
            "extra_config": {
              "guestinfo.userdata": "I2Nsb3VkLWNvbmZpZwpob3N0bmFtZTogVk03CmxvY2FsLWhvc3RuYW1lOiBWTTcKZnFkbjogVk03LnZzcGhlcmUubG9jYWwKbWFuYWdlX2V0Y19ob3N0czogdHJ1ZQpwYWNrYWdlX3VwZ3JhZGU6IHRydWUKdXNlcnM6CiAgLSBkZWZhdWx0CiAgLSBuYW1lOiBlc2dpCiAgICBzdWRvOiBBTEw9KEFMTCkgTk9QQVNTV0Q6QUxMCiAgICBzc2hfYXV0aG9yaXplZF9rZXlzOgogICAgICAtIHNzaC1yc2EgQUFBQUIzTnphQzF5YzJFQUFBQURBUUFCQUFBQmdRRGlSR3lxczU5WGpPNk14Z080MFhrNmkvY2F0Q3k2ZmFCdlNzblBQMTRWdmJUNWhXM01MTVRpYktieXN5anVKWjV2Wk5teklKeG02Wm5LNExjamwxSmZteXh1M0kyYm03NlFnV3ExRVkyNElLa1JGb0lQZllmL0NjakJsQWNTcXVKVjNPUFBEUDZTZjZabG1HYlBGVlRHdzFxWWQ2VmhYeFBjVXRYZ2o5Vi95Nk5JaXg0NXlIMFNlbDlHMS9qTSt6OUI0QzQwdDZ3UGIxM20xcFhDWE5tNnlRcXRheE1FREFWdm9jY2g0RlNHK3lEVWtZOFRId3VtVkNWWE5hWW9wakxRUytlZ1lyQ1ZyaE1qTGVhUEIxWUFvcFNjcUFHZEdHRlBZdEdHTlJoZFozRDljcjlsZDFrUVB6enRlZEhMZDl6aG8wRU5xWTZUNHNUQWdleFBiWU5iRmJTYTdLeWs4S1pNK2JlUzBaTnBNQ2JRNDZHRjlnRnR4ay9BcjZtYUJtRjVuYW43STBhaVlUSTNsNldaYkFCN3hwUDF2eU1MUEJFcGJiS0d0b2tET1Y1bXo4amYwMTk2VmRKZkJhbGh0OTA1aVpEUUgydzJwOUpDU05VdFR5QzIzUzc1MTkrNTV2UllWRWpGMXNrTUg3T0hrN3REN0RHVGNOZ2pkTHpENFEwPSB0YWVrQERFU0tUT1AtNThHTUtGUAogICAgICAtIHNzaC1yc2EgQUFBQUIzTnphQzF5YzJFQUFBQURBUUFCQUFBQmdRQ3RqZWNkRTlHU1Jrd1c2M1NQT3ZZaW91dU84alZQY3ZGSDdlQ3ZxNDJsS2JaTk9ZUGw2ZVJoa3ZkWXhNNWZzd3h0VVg5STA3TkJLUU9KOFU1WXNES0t0OXBFTU9NZmRqRzhRNDNUNnVXRGxyTDBScEg5WFh0aUNpSU0vSzhiRHg2RTY3akJOekVZcVBOVGUzMTJPdjY0dHdHaXFicHJZYTZ6a0lESXpldnBjYzNUZ0dnNlU1ZDlLM1pKRzF4c1pCcjBHZFFLbkh0NjlZYkN1cjVyeGE2dmZ1c3Ruazdxa0VXdUpKZlNJU1FsK0drdlNVSlBuMjBuRFE4VWN5OVovMzJ6YWtFNHc5NVBlUWdON25SQm42Z3BsVGs0VWxBclZyMDFDYkpXRFhvZFJWVjRNU2VuOWtFVXRPUU5uRUYwOVNmV1FUY29SYVkrRExXQkdTSlhZdlhjbVUvSWV1TkkwOE9ESVVQWFRkUmZsNVdIUVplMGlUc2VZOUVYVTIzZ3pTdFBNVlFpRFlLRi9nVWlSZGdNT080a2pUOHNZd1YrZmJ2eHgvR2hqR29QNklwYWRzRnVITGMwZ1RWdnpjYTlsVEJWc3J4TmNoV1RKUmQ5YWk2alF3cDMrcFJLQXdsamhiWDZiL2ZvZHZKWU1FZ1dTeWhZdCtsTlordGZnMFVoNXVrPSB0YWVrQERFU0tUT1AtNThHTUtGUAogICAgcGFzc3dkOiBSb290MTIzKgpzc2hfcHdhdXRoOiBUcnVlCg==",
              "guestinfo.userdata.encoding": "base64"
            },
            "firmware": "bios",
            "folder": null,
            "force_power_off": true,
            "guest_id": "debian12_64Guest",
            "guest_ip_addresses": null,
            "hardware_version": null,
            "host_system_id": null,
            "hv_mode": "hvAuto",
            "id": "423fdbfa-369c-83b0-318f-32751b83aeb0",
            "ide_controller_count": 2,
            "ignored_guest_ips": null,
            "imported": null,
            "latency_sensitivity": "normal",
            "memory": 2048,
            "memory_hot_add_enabled": null,
            "memory_limit": -1,
            "memory_reservation": null,
            "memory_share_count": null,
            "memory_share_level": "normal",
            "migrate_wait_timeout": 30,
            "moid": null,
            "name": "VM7",
            "nested_hv_enabled": null,
            "network_interface": [
              {
                "adapter_type": "vmxnet3",
                "bandwidth_limit": -1,
                "bandwidth_reservation": 0,
                "bandwidth_share_count": 0,
                "bandwidth_share_level": "normal",
                "device_address": "pci:0:7",
                "key": 4000,
                "mac_address": "",
                "network_id": "network-18",
                "ovf_mapping": "",
                "use_static_mac": false
              }
            ],
            "num_cores_per_socket": 1,
            "num_cpus": 2,
            "ovf_deploy": [],
            "pci_device_id": null,
            "power_state": null,
            "poweron_timeout": 300,
            "reboot_required": true,
            "replace_trigger": null,
            "resource_pool_id": "resgroup-9",
            "run_tools_scripts_after_power_on": true,
            "run_tools_scripts_after_resume": true,
            "run_tools_scripts_before_guest_reboot": null,
            "run_tools_scripts_before_guest_shutdown": true,
            "run_tools_scripts_before_guest_standby": true,
            "sata_controller_count": 0,
            "scsi_bus_sharing": "noSharing",
            "scsi_controller_count": 1,
            "scsi_type": "pvscsi",
            "shutdown_wait_timeout": 3,
            "storage_policy_id": null,
            "swap_placement_policy": "inherit",
            "sync_time_with_host": null,
            "sync_time_with_host_periodically": null,
            "tags": [
              "debian"
            ],
            "tools_upgrade_policy": "manual",
            "uuid": null,
            "vapp": [],
            "vapp_transport": null,
            "vbs_enabled": null,
            "vmware_tools_status": null,
            "vmx_path": null,
            "vvtd_enabled": null,
            "wait_for_guest_ip_timeout": 0,
            "wait_for_guest_net_routable": true,
            "wait_for_guest_net_timeout": 5
          },
          "sensitive_attributes": [],
          "private": "eyJzY2hlbWFfdmVyc2lvbiI6IjMifQ==",
          "dependencies": [
            "data.vsphere_compute_cluster.cluster",
            "data.vsphere_datastore.datastore",
            "data.vsphere_network.network",
            "data.vsphere_virtual_machine.template"
          ]
        },
        {
          "index_key": 7,
          "status": "tainted",
          "schema_version": 3,
          "attributes": {
            "alternate_guest_name": null,
            "annotation": null,
            "boot_delay": null,
            "boot_retry_delay": 10000,
            "boot_retry_enabled": null,
            "cdrom": [],
            "change_version": null,
            "clone": [
              {
                "customize": [
                  {
                    "dns_server_list": null,
                    "dns_suffix_list": null,
                    "ipv4_gateway": "172.28.112.1",
                    "ipv6_gateway": "",
                    "linux_options": [
                      {
                        "domain": "vsphere.local",
                        "host_name": "VM8",
                        "hw_clock_utc": true,
                        "time_zone": ""
                      }
                    ],
                    "network_interface": [
                      {
                        "dns_domain": "",
                        "dns_server_list": null,
                        "ipv4_address": "172.28.126.21",
                        "ipv4_netmask": 20,
                        "ipv6_address": "",
                        "ipv6_netmask": 0
                      }
                    ],
                    "timeout": 10,
                    "windows_options": [],
                    "windows_sysprep_text": ""
                  }
                ],
                "linked_clone": false,
                "ovf_network_map": null,
                "ovf_storage_map": null,
                "template_uuid": "423f7d97-c872-cf84-38fe-cd61d5d9e4fe",
                "timeout": 30
              }
            ],
            "cpu_hot_add_enabled": null,
            "cpu_hot_remove_enabled": null,
            "cpu_limit": -1,
            "cpu_performance_counters_enabled": null,
            "cpu_reservation": null,
            "cpu_share_count": null,
            "cpu_share_level": "normal",
            "custom_attributes": null,
            "datacenter_id": null,
            "datastore_cluster_id": null,
            "datastore_id": "datastore-17",
            "default_ip_address": null,
            "disk": [
              {
                "attach": false,
                "controller_type": "scsi",
                "datastore_id": "datastore-17",
                "device_address": "scsi:0:0",
                "disk_mode": "persistent",
                "disk_sharing": "sharingNone",
                "eagerly_scrub": false,
                "io_limit": -1,
                "io_reservation": 0,
                "io_share_count": 1000,
                "io_share_level": "normal",
                "keep_on_remove": false,
                "key": 2000,
                "label": "disk0",
                "path": "VM8/VM8.vmdk",
                "size": 20,
                "storage_policy_id": "",
                "thin_provisioned": false,
                "unit_number": 0,
                "uuid": "6000C295-4a28-45c5-ea18-8f074c7d0487",
                "write_through": false
              }
            ],
            "efi_secure_boot_enabled": null,
            "enable_disk_uuid": null,
            "enable_logging": null,
            "ept_rvi_mode": "automatic",
            "extra_config": {
              "guestinfo.userdata": "I2Nsb3VkLWNvbmZpZwpob3N0bmFtZTogVk04CmxvY2FsLWhvc3RuYW1lOiBWTTgKZnFkbjogVk04LnZzcGhlcmUubG9jYWwKbWFuYWdlX2V0Y19ob3N0czogdHJ1ZQpwYWNrYWdlX3VwZ3JhZGU6IHRydWUKdXNlcnM6CiAgLSBkZWZhdWx0CiAgLSBuYW1lOiBlc2dpCiAgICBzdWRvOiBBTEw9KEFMTCkgTk9QQVNTV0Q6QUxMCiAgICBzc2hfYXV0aG9yaXplZF9rZXlzOgogICAgICAtIHNzaC1yc2EgQUFBQUIzTnphQzF5YzJFQUFBQURBUUFCQUFBQmdRRGlSR3lxczU5WGpPNk14Z080MFhrNmkvY2F0Q3k2ZmFCdlNzblBQMTRWdmJUNWhXM01MTVRpYktieXN5anVKWjV2Wk5teklKeG02Wm5LNExjamwxSmZteXh1M0kyYm03NlFnV3ExRVkyNElLa1JGb0lQZllmL0NjakJsQWNTcXVKVjNPUFBEUDZTZjZabG1HYlBGVlRHdzFxWWQ2VmhYeFBjVXRYZ2o5Vi95Nk5JaXg0NXlIMFNlbDlHMS9qTSt6OUI0QzQwdDZ3UGIxM20xcFhDWE5tNnlRcXRheE1FREFWdm9jY2g0RlNHK3lEVWtZOFRId3VtVkNWWE5hWW9wakxRUytlZ1lyQ1ZyaE1qTGVhUEIxWUFvcFNjcUFHZEdHRlBZdEdHTlJoZFozRDljcjlsZDFrUVB6enRlZEhMZDl6aG8wRU5xWTZUNHNUQWdleFBiWU5iRmJTYTdLeWs4S1pNK2JlUzBaTnBNQ2JRNDZHRjlnRnR4ay9BcjZtYUJtRjVuYW43STBhaVlUSTNsNldaYkFCN3hwUDF2eU1MUEJFcGJiS0d0b2tET1Y1bXo4amYwMTk2VmRKZkJhbGh0OTA1aVpEUUgydzJwOUpDU05VdFR5QzIzUzc1MTkrNTV2UllWRWpGMXNrTUg3T0hrN3REN0RHVGNOZ2pkTHpENFEwPSB0YWVrQERFU0tUT1AtNThHTUtGUAogICAgICAtIHNzaC1yc2EgQUFBQUIzTnphQzF5YzJFQUFBQURBUUFCQUFBQmdRQ3RqZWNkRTlHU1Jrd1c2M1NQT3ZZaW91dU84alZQY3ZGSDdlQ3ZxNDJsS2JaTk9ZUGw2ZVJoa3ZkWXhNNWZzd3h0VVg5STA3TkJLUU9KOFU1WXNES0t0OXBFTU9NZmRqRzhRNDNUNnVXRGxyTDBScEg5WFh0aUNpSU0vSzhiRHg2RTY3akJOekVZcVBOVGUzMTJPdjY0dHdHaXFicHJZYTZ6a0lESXpldnBjYzNUZ0dnNlU1ZDlLM1pKRzF4c1pCcjBHZFFLbkh0NjlZYkN1cjVyeGE2dmZ1c3Ruazdxa0VXdUpKZlNJU1FsK0drdlNVSlBuMjBuRFE4VWN5OVovMzJ6YWtFNHc5NVBlUWdON25SQm42Z3BsVGs0VWxBclZyMDFDYkpXRFhvZFJWVjRNU2VuOWtFVXRPUU5uRUYwOVNmV1FUY29SYVkrRExXQkdTSlhZdlhjbVUvSWV1TkkwOE9ESVVQWFRkUmZsNVdIUVplMGlUc2VZOUVYVTIzZ3pTdFBNVlFpRFlLRi9nVWlSZGdNT080a2pUOHNZd1YrZmJ2eHgvR2hqR29QNklwYWRzRnVITGMwZ1RWdnpjYTlsVEJWc3J4TmNoV1RKUmQ5YWk2alF3cDMrcFJLQXdsamhiWDZiL2ZvZHZKWU1FZ1dTeWhZdCtsTlordGZnMFVoNXVrPSB0YWVrQERFU0tUT1AtNThHTUtGUAogICAgcGFzc3dkOiBSb290MTIzKgpzc2hfcHdhdXRoOiBUcnVlCg==",
              "guestinfo.userdata.encoding": "base64"
            },
            "firmware": "bios",
            "folder": null,
            "force_power_off": true,
            "guest_id": "debian12_64Guest",
            "guest_ip_addresses": null,
            "hardware_version": null,
            "host_system_id": null,
            "hv_mode": "hvAuto",
            "id": "423f6fcd-026b-9d83-a9ed-0cc1dcba35df",
            "ide_controller_count": 2,
            "ignored_guest_ips": null,
            "imported": null,
            "latency_sensitivity": "normal",
            "memory": 2048,
            "memory_hot_add_enabled": null,
            "memory_limit": -1,
            "memory_reservation": null,
            "memory_share_count": null,
            "memory_share_level": "normal",
            "migrate_wait_timeout": 30,
            "moid": null,
            "name": "VM8",
            "nested_hv_enabled": null,
            "network_interface": [
              {
                "adapter_type": "vmxnet3",
                "bandwidth_limit": -1,
                "bandwidth_reservation": 0,
                "bandwidth_share_count": 0,
                "bandwidth_share_level": "normal",
                "device_address": "pci:0:7",
                "key": 4000,
                "mac_address": "",
                "network_id": "network-18",
                "ovf_mapping": "",
                "use_static_mac": false
              }
            ],
            "num_cores_per_socket": 1,
            "num_cpus": 2,
            "ovf_deploy": [],
            "pci_device_id": null,
            "power_state": null,
            "poweron_timeout": 300,
            "reboot_required": true,
            "replace_trigger": null,
            "resource_pool_id": "resgroup-9",
            "run_tools_scripts_after_power_on": true,
            "run_tools_scripts_after_resume": true,
            "run_tools_scripts_before_guest_reboot": null,
            "run_tools_scripts_before_guest_shutdown": true,
            "run_tools_scripts_before_guest_standby": true,
            "sata_controller_count": 0,
            "scsi_bus_sharing": "noSharing",
            "scsi_controller_count": 1,
            "scsi_type": "pvscsi",
            "shutdown_wait_timeout": 3,
            "storage_policy_id": null,
            "swap_placement_policy": "inherit",
            "sync_time_with_host": null,
            "sync_time_with_host_periodically": null,
            "tags": [
              "debian"
            ],
            "tools_upgrade_policy": "manual",
            "uuid": null,
            "vapp": [],
            "vapp_transport": null,
            "vbs_enabled": null,
            "vmware_tools_status": null,
            "vmx_path": null,
            "vvtd_enabled": null,
            "wait_for_guest_ip_timeout": 0,
            "wait_for_guest_net_routable": true,
            "wait_for_guest_net_timeout": 5
          },
          "sensitive_attributes": [],
          "private": "eyJzY2hlbWFfdmVyc2lvbiI6IjMifQ==",
          "dependencies": [
            "data.vsphere_compute_cluster.cluster",
            "data.vsphere_datastore.datastore",
            "data.vsphere_network.network",
            "data.vsphere_virtual_machine.template"
          ]
        },
        {
          "index_key": 8,
          "status": "tainted",
          "schema_version": 3,
          "attributes": {
            "alternate_guest_name": null,
            "annotation": null,
            "boot_delay": null,
            "boot_retry_delay": 10000,
            "boot_retry_enabled": null,
            "cdrom": [],
            "change_version": null,
            "clone": [
              {
                "customize": [
                  {
                    "dns_server_list": null,
                    "dns_suffix_list": null,
                    "ipv4_gateway": "172.28.112.1",
                    "ipv6_gateway": "",
                    "linux_options": [
                      {
                        "domain": "vsphere.local",
                        "host_name": "VM9",
                        "hw_clock_utc": true,
                        "time_zone": ""
                      }
                    ],
                    "network_interface": [
                      {
                        "dns_domain": "",
                        "dns_server_list": null,
                        "ipv4_address": "172.28.126.22",
                        "ipv4_netmask": 20,
                        "ipv6_address": "",
                        "ipv6_netmask": 0
                      }
                    ],
                    "timeout": 10,
                    "windows_options": [],
                    "windows_sysprep_text": ""
                  }
                ],
                "linked_clone": false,
                "ovf_network_map": null,
                "ovf_storage_map": null,
                "template_uuid": "423f7d97-c872-cf84-38fe-cd61d5d9e4fe",
                "timeout": 30
              }
            ],
            "cpu_hot_add_enabled": null,
            "cpu_hot_remove_enabled": null,
            "cpu_limit": -1,
            "cpu_performance_counters_enabled": null,
            "cpu_reservation": null,
            "cpu_share_count": null,
            "cpu_share_level": "normal",
            "custom_attributes": null,
            "datacenter_id": null,
            "datastore_cluster_id": null,
            "datastore_id": "datastore-17",
            "default_ip_address": null,
            "disk": [
              {
                "attach": false,
                "controller_type": "scsi",
                "datastore_id": "datastore-17",
                "device_address": "scsi:0:0",
                "disk_mode": "persistent",
                "disk_sharing": "sharingNone",
                "eagerly_scrub": false,
                "io_limit": -1,
                "io_reservation": 0,
                "io_share_count": 1000,
                "io_share_level": "normal",
                "keep_on_remove": false,
                "key": 2000,
                "label": "disk0",
                "path": "VM9/VM9.vmdk",
                "size": 20,
                "storage_policy_id": "",
                "thin_provisioned": false,
                "unit_number": 0,
                "uuid": "6000C295-8805-e1e7-5d9a-47e94868200a",
                "write_through": false
              }
            ],
            "efi_secure_boot_enabled": null,
            "enable_disk_uuid": null,
            "enable_logging": null,
            "ept_rvi_mode": "automatic",
            "extra_config": {
              "guestinfo.userdata": "I2Nsb3VkLWNvbmZpZwpob3N0bmFtZTogVk05CmxvY2FsLWhvc3RuYW1lOiBWTTkKZnFkbjogVk05LnZzcGhlcmUubG9jYWwKbWFuYWdlX2V0Y19ob3N0czogdHJ1ZQpwYWNrYWdlX3VwZ3JhZGU6IHRydWUKdXNlcnM6CiAgLSBkZWZhdWx0CiAgLSBuYW1lOiBlc2dpCiAgICBzdWRvOiBBTEw9KEFMTCkgTk9QQVNTV0Q6QUxMCiAgICBzc2hfYXV0aG9yaXplZF9rZXlzOgogICAgICAtIHNzaC1yc2EgQUFBQUIzTnphQzF5YzJFQUFBQURBUUFCQUFBQmdRRGlSR3lxczU5WGpPNk14Z080MFhrNmkvY2F0Q3k2ZmFCdlNzblBQMTRWdmJUNWhXM01MTVRpYktieXN5anVKWjV2Wk5teklKeG02Wm5LNExjamwxSmZteXh1M0kyYm03NlFnV3ExRVkyNElLa1JGb0lQZllmL0NjakJsQWNTcXVKVjNPUFBEUDZTZjZabG1HYlBGVlRHdzFxWWQ2VmhYeFBjVXRYZ2o5Vi95Nk5JaXg0NXlIMFNlbDlHMS9qTSt6OUI0QzQwdDZ3UGIxM20xcFhDWE5tNnlRcXRheE1FREFWdm9jY2g0RlNHK3lEVWtZOFRId3VtVkNWWE5hWW9wakxRUytlZ1lyQ1ZyaE1qTGVhUEIxWUFvcFNjcUFHZEdHRlBZdEdHTlJoZFozRDljcjlsZDFrUVB6enRlZEhMZDl6aG8wRU5xWTZUNHNUQWdleFBiWU5iRmJTYTdLeWs4S1pNK2JlUzBaTnBNQ2JRNDZHRjlnRnR4ay9BcjZtYUJtRjVuYW43STBhaVlUSTNsNldaYkFCN3hwUDF2eU1MUEJFcGJiS0d0b2tET1Y1bXo4amYwMTk2VmRKZkJhbGh0OTA1aVpEUUgydzJwOUpDU05VdFR5QzIzUzc1MTkrNTV2UllWRWpGMXNrTUg3T0hrN3REN0RHVGNOZ2pkTHpENFEwPSB0YWVrQERFU0tUT1AtNThHTUtGUAogICAgICAtIHNzaC1yc2EgQUFBQUIzTnphQzF5YzJFQUFBQURBUUFCQUFBQmdRQ3RqZWNkRTlHU1Jrd1c2M1NQT3ZZaW91dU84alZQY3ZGSDdlQ3ZxNDJsS2JaTk9ZUGw2ZVJoa3ZkWXhNNWZzd3h0VVg5STA3TkJLUU9KOFU1WXNES0t0OXBFTU9NZmRqRzhRNDNUNnVXRGxyTDBScEg5WFh0aUNpSU0vSzhiRHg2RTY3akJOekVZcVBOVGUzMTJPdjY0dHdHaXFicHJZYTZ6a0lESXpldnBjYzNUZ0dnNlU1ZDlLM1pKRzF4c1pCcjBHZFFLbkh0NjlZYkN1cjVyeGE2dmZ1c3Ruazdxa0VXdUpKZlNJU1FsK0drdlNVSlBuMjBuRFE4VWN5OVovMzJ6YWtFNHc5NVBlUWdON25SQm42Z3BsVGs0VWxBclZyMDFDYkpXRFhvZFJWVjRNU2VuOWtFVXRPUU5uRUYwOVNmV1FUY29SYVkrRExXQkdTSlhZdlhjbVUvSWV1TkkwOE9ESVVQWFRkUmZsNVdIUVplMGlUc2VZOUVYVTIzZ3pTdFBNVlFpRFlLRi9nVWlSZGdNT080a2pUOHNZd1YrZmJ2eHgvR2hqR29QNklwYWRzRnVITGMwZ1RWdnpjYTlsVEJWc3J4TmNoV1RKUmQ5YWk2alF3cDMrcFJLQXdsamhiWDZiL2ZvZHZKWU1FZ1dTeWhZdCtsTlordGZnMFVoNXVrPSB0YWVrQERFU0tUT1AtNThHTUtGUAogICAgcGFzc3dkOiBSb290MTIzKgpzc2hfcHdhdXRoOiBUcnVlCg==",
              "guestinfo.userdata.encoding": "base64"
            },
            "firmware": "bios",
            "folder": null,
            "force_power_off": true,
            "guest_id": "debian12_64Guest",
            "guest_ip_addresses": null,
            "hardware_version": null,
            "host_system_id": null,
            "hv_mode": "hvAuto",
            "id": "423fd7a6-3aa6-6c0a-62e7-7c40d67d4a50",
            "ide_controller_count": 2,
            "ignored_guest_ips": null,
            "imported": null,
            "latency_sensitivity": "normal",
            "memory": 2048,
            "memory_hot_add_enabled": null,
            "memory_limit": -1,
            "memory_reservation": null,
            "memory_share_count": null,
            "memory_share_level": "normal",
            "migrate_wait_timeout": 30,
            "moid": null,
            "name": "VM9",
            "nested_hv_enabled": null,
            "network_interface": [
              {
                "adapter_type": "vmxnet3",
                "bandwidth_limit": -1,
                "bandwidth_reservation": 0,
                "bandwidth_share_count": 0,
                "bandwidth_share_level": "normal",
                "device_address": "pci:0:7",
                "key": 4000,
                "mac_address": "",
                "network_id": "network-18",
                "ovf_mapping": "",
                "use_static_mac": false
              }
            ],
            "num_cores_per_socket": 1,
            "num_cpus": 2,
            "ovf_deploy": [],
            "pci_device_id": null,
            "power_state": null,
            "poweron_timeout": 300,
            "reboot_required": true,
            "replace_trigger": null,
            "resource_pool_id": "resgroup-9",
            "run_tools_scripts_after_power_on": true,
            "run_tools_scripts_after_resume": true,
            "run_tools_scripts_before_guest_reboot": null,
            "run_tools_scripts_before_guest_shutdown": true,
            "run_tools_scripts_before_guest_standby": true,
            "sata_controller_count": 0,
            "scsi_bus_sharing": "noSharing",
            "scsi_controller_count": 1,
            "scsi_type": "pvscsi",
            "shutdown_wait_timeout": 3,
            "storage_policy_id": null,
            "swap_placement_policy": "inherit",
            "sync_time_with_host": null,
            "sync_time_with_host_periodically": null,
            "tags": [
              "debian"
            ],
            "tools_upgrade_policy": "manual",
            "uuid": null,
            "vapp": [],
            "vapp_transport": null,
            "vbs_enabled": null,
            "vmware_tools_status": null,
            "vmx_path": null,
            "vvtd_enabled": null,
            "wait_for_guest_ip_timeout": 0,
            "wait_for_guest_net_routable": true,
            "wait_for_guest_net_timeout": 5
          },
          "sensitive_attributes": [],
          "private": "eyJzY2hlbWFfdmVyc2lvbiI6IjMifQ==",
          "dependencies": [
            "data.vsphere_compute_cluster.cluster",
            "data.vsphere_datastore.datastore",
            "data.vsphere_network.network",
            "data.vsphere_virtual_machine.template"
          ]
        }
      ]
    }
  ]
}
